
Microsoft Visual Studio Solution File, Format Version 12.00
# Visual Studio 14
VisualStudioVersion = 14.0.25420.1
MinimumVisualStudioVersion = 10.0.40219.1
Project("{FAE04EC0-301F-11D3-BF4B-00C04F79EFBC}") = "WB.WebInterview.Stress", "WB.WebInterview.Stress.csproj", "{B4D268F5-2C84-4E9D-AFB7-21E371E3FF67}"
EndProject
Global
	GlobalSection(SolutionConfigurationPlatforms) = preSolution
		Debug|Any CPU = Debug|Any CPU
		Release|Any CPU = Release|Any CPU
	EndGlobalSection
	GlobalSection(ProjectConfigurationPlatforms) = postSolution
		{B4D268F5-2C84-4E9D-AFB7-21E371E3FF67}.Debug|Any CPU.ActiveCfg = Debug|Any CPU
		{B4D268F5-2C84-4E9D-AFB7-21E371E3FF67}.Debug|Any CPU.Build.0 = Debug|Any CPU
		{B4D268F5-2C84-4E9D-AFB7-21E371E3FF67}.Release|Any CPU.ActiveCfg = Release|Any CPU
		{B4D268F5-2C84-4E9D-AFB7-21E371E3FF67}.Release|Any CPU.Build.0 = Release|Any CPU
	EndGlobalSection
	GlobalSection(SolutionProperties) = preSolution
		HideSolutionNode = FALSE
	EndGlobalSection
EndGlobal
