
Microsoft Visual Studio Solution File, Format Version 11.00
# Visual Studio 2010
Project("{2150E333-8FDC-42A3-9474-1A3956D46DE8}") = "Core", "Core", "{3C4BD159-B434-41EB-90DC-4284533D5D5F}"
EndProject
Project("{2150E333-8FDC-42A3-9474-1A3956D46DE8}") = "Client", "Client", "{465C567D-1668-48AD-B2EC-5BEEF27DD329}"
EndProject
Project("{2150E333-8FDC-42A3-9474-1A3956D46DE8}") = "Awesomium.NET  - README", "Awesomium.NET  - README", "{7CE9C960-AE9D-40EA-9FA8-A62158EDDE64}"
	ProjectSection(SolutionItems) = preProject
		README.txt = README.txt
	EndProjectSection
EndProject
Project("{2150E333-8FDC-42A3-9474-1A3956D46DE8}") = "C", "C", "{3A48D819-0341-4643-8125-5412B3B08874}"
EndProject
Project("{8BC9CEB8-8B4A-11D0-8D11-00A0C91BC942}") = "Awesomium", "Core\C\Awesomium\Awesomium.vcxproj", "{844AF18A-53EA-4038-A240-F4BC3CCEFC95}"
EndProject
Project("{FAE04EC0-301F-11D3-BF4B-00C04F79EFBC}") = "ClientsUsbExport", "Client\ClientsUsbExport.csproj", "{233E6FAF-9130-45A8-A199-2DFFDC76EABD}"
EndProject
Project("{FAE04EC0-301F-11D3-BF4B-00C04F79EFBC}") = "Synchronization.Core", "Synchronization.Core\Synchronization.Core.csproj", "{C51F08B6-C30E-4BBC-8291-BA1A60F4EB9C}"
EndProject
Project("{FAE04EC0-301F-11D3-BF4B-00C04F79EFBC}") = "Synchronization.Core.Tests", "Synchronization.Core.Tests\Synchronization.Core.Tests.csproj", "{E236D683-1934-4AEC-AC01-6F4026AB6BC3}"
EndProject
Project("{2150E333-8FDC-42A3-9474-1A3956D46DE8}") = "Solution Items", "Solution Items", "{909BB739-A0F7-4F79-BD54-698EEB959B7E}"
	ProjectSection(SolutionItems) = preProject
		Awesomium.NET CAPI Browser.vsmdi = Awesomium.NET CAPI Browser.vsmdi
		Local.testsettings = Local.testsettings
		TraceAndTestImpact.testsettings = TraceAndTestImpact.testsettings
	EndProjectSection
EndProject
Global
	GlobalSection(TestCaseManagementSettings) = postSolution
		CategoryFile = Awesomium.NET CAPI Browser.vsmdi
	EndGlobalSection
	GlobalSection(SolutionConfigurationPlatforms) = preSolution
		Debug|Any CPU = Debug|Any CPU
		Debug|Mixed Platforms = Debug|Mixed Platforms
		Debug|Win32 = Debug|Win32
		Debug|x86 = Debug|x86
		Release (Packed)|Any CPU = Release (Packed)|Any CPU
		Release (Packed)|Mixed Platforms = Release (Packed)|Mixed Platforms
		Release (Packed)|Win32 = Release (Packed)|Win32
		Release (Packed)|x86 = Release (Packed)|x86
		Release|Any CPU = Release|Any CPU
		Release|Mixed Platforms = Release|Mixed Platforms
		Release|Win32 = Release|Win32
		Release|x86 = Release|x86
	EndGlobalSection
	GlobalSection(ProjectConfigurationPlatforms) = postSolution
		{844AF18A-53EA-4038-A240-F4BC3CCEFC95}.Debug|Any CPU.ActiveCfg = Debug|Win32
		{844AF18A-53EA-4038-A240-F4BC3CCEFC95}.Debug|Mixed Platforms.ActiveCfg = Debug|Win32
		{844AF18A-53EA-4038-A240-F4BC3CCEFC95}.Debug|Mixed Platforms.Build.0 = Debug|Win32
		{844AF18A-53EA-4038-A240-F4BC3CCEFC95}.Debug|Win32.ActiveCfg = Debug|Win32
		{844AF18A-53EA-4038-A240-F4BC3CCEFC95}.Debug|Win32.Build.0 = Debug|Win32
		{844AF18A-53EA-4038-A240-F4BC3CCEFC95}.Debug|x86.ActiveCfg = Debug|Win32
		{844AF18A-53EA-4038-A240-F4BC3CCEFC95}.Release (Packed)|Any CPU.ActiveCfg = Release|Win32
		{844AF18A-53EA-4038-A240-F4BC3CCEFC95}.Release (Packed)|Mixed Platforms.ActiveCfg = Release|Win32
		{844AF18A-53EA-4038-A240-F4BC3CCEFC95}.Release (Packed)|Mixed Platforms.Build.0 = Release|Win32
		{844AF18A-53EA-4038-A240-F4BC3CCEFC95}.Release (Packed)|Win32.ActiveCfg = Release|Win32
		{844AF18A-53EA-4038-A240-F4BC3CCEFC95}.Release (Packed)|Win32.Build.0 = Release|Win32
		{844AF18A-53EA-4038-A240-F4BC3CCEFC95}.Release (Packed)|x86.ActiveCfg = Release|Win32
		{844AF18A-53EA-4038-A240-F4BC3CCEFC95}.Release|Any CPU.ActiveCfg = Release|Win32
		{844AF18A-53EA-4038-A240-F4BC3CCEFC95}.Release|Mixed Platforms.ActiveCfg = Release|Win32
		{844AF18A-53EA-4038-A240-F4BC3CCEFC95}.Release|Mixed Platforms.Build.0 = Release|Win32
		{844AF18A-53EA-4038-A240-F4BC3CCEFC95}.Release|Win32.ActiveCfg = Release|Win32
		{844AF18A-53EA-4038-A240-F4BC3CCEFC95}.Release|Win32.Build.0 = Release|Win32
		{844AF18A-53EA-4038-A240-F4BC3CCEFC95}.Release|x86.ActiveCfg = Release|Win32
		{233E6FAF-9130-45A8-A199-2DFFDC76EABD}.Debug|Any CPU.ActiveCfg = Debug|x86
		{233E6FAF-9130-45A8-A199-2DFFDC76EABD}.Debug|Mixed Platforms.ActiveCfg = Debug|x86
		{233E6FAF-9130-45A8-A199-2DFFDC76EABD}.Debug|Mixed Platforms.Build.0 = Debug|x86
		{233E6FAF-9130-45A8-A199-2DFFDC76EABD}.Debug|Win32.ActiveCfg = Debug|x86
		{233E6FAF-9130-45A8-A199-2DFFDC76EABD}.Debug|x86.ActiveCfg = Debug|x86
		{233E6FAF-9130-45A8-A199-2DFFDC76EABD}.Debug|x86.Build.0 = Debug|x86
		{233E6FAF-9130-45A8-A199-2DFFDC76EABD}.Release (Packed)|Any CPU.ActiveCfg = Release (Packed)|x86
		{233E6FAF-9130-45A8-A199-2DFFDC76EABD}.Release (Packed)|Mixed Platforms.ActiveCfg = Release (Packed)|x86
		{233E6FAF-9130-45A8-A199-2DFFDC76EABD}.Release (Packed)|Mixed Platforms.Build.0 = Release (Packed)|x86
		{233E6FAF-9130-45A8-A199-2DFFDC76EABD}.Release (Packed)|Win32.ActiveCfg = Release (Packed)|x86
		{233E6FAF-9130-45A8-A199-2DFFDC76EABD}.Release (Packed)|x86.ActiveCfg = Release (Packed)|x86
		{233E6FAF-9130-45A8-A199-2DFFDC76EABD}.Release (Packed)|x86.Build.0 = Release (Packed)|x86
		{233E6FAF-9130-45A8-A199-2DFFDC76EABD}.Release|Any CPU.ActiveCfg = Release|x86
		{233E6FAF-9130-45A8-A199-2DFFDC76EABD}.Release|Mixed Platforms.ActiveCfg = Release|x86
		{233E6FAF-9130-45A8-A199-2DFFDC76EABD}.Release|Mixed Platforms.Build.0 = Release|x86
		{233E6FAF-9130-45A8-A199-2DFFDC76EABD}.Release|Win32.ActiveCfg = Release|x86
		{233E6FAF-9130-45A8-A199-2DFFDC76EABD}.Release|x86.ActiveCfg = Release|x86
		{233E6FAF-9130-45A8-A199-2DFFDC76EABD}.Release|x86.Build.0 = Release|x86
		{C51F08B6-C30E-4BBC-8291-BA1A60F4EB9C}.Debug|Any CPU.ActiveCfg = Debug|Any CPU
		{C51F08B6-C30E-4BBC-8291-BA1A60F4EB9C}.Debug|Any CPU.Build.0 = Debug|Any CPU
		{C51F08B6-C30E-4BBC-8291-BA1A60F4EB9C}.Debug|Mixed Platforms.ActiveCfg = Debug|Any CPU
		{C51F08B6-C30E-4BBC-8291-BA1A60F4EB9C}.Debug|Mixed Platforms.Build.0 = Debug|Any CPU
		{C51F08B6-C30E-4BBC-8291-BA1A60F4EB9C}.Debug|Win32.ActiveCfg = Debug|Any CPU
		{C51F08B6-C30E-4BBC-8291-BA1A60F4EB9C}.Debug|x86.ActiveCfg = Debug|Any CPU
		{C51F08B6-C30E-4BBC-8291-BA1A60F4EB9C}.Release (Packed)|Any CPU.ActiveCfg = Release|Any CPU
		{C51F08B6-C30E-4BBC-8291-BA1A60F4EB9C}.Release (Packed)|Any CPU.Build.0 = Release|Any CPU
		{C51F08B6-C30E-4BBC-8291-BA1A60F4EB9C}.Release (Packed)|Mixed Platforms.ActiveCfg = Release|Any CPU
		{C51F08B6-C30E-4BBC-8291-BA1A60F4EB9C}.Release (Packed)|Mixed Platforms.Build.0 = Release|Any CPU
		{C51F08B6-C30E-4BBC-8291-BA1A60F4EB9C}.Release (Packed)|Win32.ActiveCfg = Release|Any CPU
		{C51F08B6-C30E-4BBC-8291-BA1A60F4EB9C}.Release (Packed)|x86.ActiveCfg = Release|Any CPU
		{C51F08B6-C30E-4BBC-8291-BA1A60F4EB9C}.Release|Any CPU.ActiveCfg = Release|Any CPU
		{C51F08B6-C30E-4BBC-8291-BA1A60F4EB9C}.Release|Any CPU.Build.0 = Release|Any CPU
		{C51F08B6-C30E-4BBC-8291-BA1A60F4EB9C}.Release|Mixed Platforms.ActiveCfg = Release|Any CPU
		{C51F08B6-C30E-4BBC-8291-BA1A60F4EB9C}.Release|Mixed Platforms.Build.0 = Release|Any CPU
		{C51F08B6-C30E-4BBC-8291-BA1A60F4EB9C}.Release|Win32.ActiveCfg = Release|Any CPU
		{C51F08B6-C30E-4BBC-8291-BA1A60F4EB9C}.Release|x86.ActiveCfg = Release|Any CPU
		{E236D683-1934-4AEC-AC01-6F4026AB6BC3}.Debug|Any CPU.ActiveCfg = Debug|Any CPU
		{E236D683-1934-4AEC-AC01-6F4026AB6BC3}.Debug|Any CPU.Build.0 = Debug|Any CPU
		{E236D683-1934-4AEC-AC01-6F4026AB6BC3}.Debug|Mixed Platforms.ActiveCfg = Debug|Any CPU
		{E236D683-1934-4AEC-AC01-6F4026AB6BC3}.Debug|Mixed Platforms.Build.0 = Debug|Any CPU
		{E236D683-1934-4AEC-AC01-6F4026AB6BC3}.Debug|Win32.ActiveCfg = Debug|Any CPU
		{E236D683-1934-4AEC-AC01-6F4026AB6BC3}.Debug|x86.ActiveCfg = Debug|Any CPU
		{E236D683-1934-4AEC-AC01-6F4026AB6BC3}.Release (Packed)|Any CPU.ActiveCfg = Release|Any CPU
		{E236D683-1934-4AEC-AC01-6F4026AB6BC3}.Release (Packed)|Any CPU.Build.0 = Release|Any CPU
		{E236D683-1934-4AEC-AC01-6F4026AB6BC3}.Release (Packed)|Mixed Platforms.ActiveCfg = Release|Any CPU
		{E236D683-1934-4AEC-AC01-6F4026AB6BC3}.Release (Packed)|Mixed Platforms.Build.0 = Release|Any CPU
		{E236D683-1934-4AEC-AC01-6F4026AB6BC3}.Release (Packed)|Win32.ActiveCfg = Release|Any CPU
		{E236D683-1934-4AEC-AC01-6F4026AB6BC3}.Release (Packed)|x86.ActiveCfg = Release|Any CPU
		{E236D683-1934-4AEC-AC01-6F4026AB6BC3}.Release|Any CPU.ActiveCfg = Release|Any CPU
		{E236D683-1934-4AEC-AC01-6F4026AB6BC3}.Release|Any CPU.Build.0 = Release|Any CPU
		{E236D683-1934-4AEC-AC01-6F4026AB6BC3}.Release|Mixed Platforms.ActiveCfg = Release|Any CPU
		{E236D683-1934-4AEC-AC01-6F4026AB6BC3}.Release|Mixed Platforms.Build.0 = Release|Any CPU
		{E236D683-1934-4AEC-AC01-6F4026AB6BC3}.Release|Win32.ActiveCfg = Release|Any CPU
		{E236D683-1934-4AEC-AC01-6F4026AB6BC3}.Release|x86.ActiveCfg = Release|Any CPU
	EndGlobalSection
	GlobalSection(SolutionProperties) = preSolution
		HideSolutionNode = FALSE
	EndGlobalSection
	GlobalSection(NestedProjects) = preSolution
		{3A48D819-0341-4643-8125-5412B3B08874} = {3C4BD159-B434-41EB-90DC-4284533D5D5F}
		{233E6FAF-9130-45A8-A199-2DFFDC76EABD} = {465C567D-1668-48AD-B2EC-5BEEF27DD329}
		{C51F08B6-C30E-4BBC-8291-BA1A60F4EB9C} = {465C567D-1668-48AD-B2EC-5BEEF27DD329}
		{E236D683-1934-4AEC-AC01-6F4026AB6BC3} = {465C567D-1668-48AD-B2EC-5BEEF27DD329}
		{909BB739-A0F7-4F79-BD54-698EEB959B7E} = {465C567D-1668-48AD-B2EC-5BEEF27DD329}
		{844AF18A-53EA-4038-A240-F4BC3CCEFC95} = {3A48D819-0341-4643-8125-5412B3B08874}
	EndGlobalSection
EndGlobal
