
Microsoft Visual Studio Solution File, Format Version 12.00
# Visual Studio 2012
Project("{2150E333-8FDC-42A3-9474-1A3956D46DE8}") = ".nuget", ".nuget", "{A4CA0519-D99D-4DD6-9A2F-7D5DC94F93DD}"
	ProjectSection(SolutionItems) = preProject
		.nuget\packages.config = .nuget\packages.config
	EndProjectSection
EndProject
Project("{2150E333-8FDC-42A3-9474-1A3956D46DE8}") = "Core", "Core", "{FA69E7EF-5908-4DE9-AD6D-38873DDFA913}"
EndProject
Project("{2150E333-8FDC-42A3-9474-1A3956D46DE8}") = "UI", "UI", "{36E42755-9E5D-46B4-B0EF-3EB34D665FF3}"
EndProject
Project("{2150E333-8FDC-42A3-9474-1A3956D46DE8}") = "Τests", "Τests", "{3069914E-CFA0-45D6-80A2-A1B81CC28F8B}"
EndProject
Project("{2150E333-8FDC-42A3-9474-1A3956D46DE8}") = "Designer", "Designer", "{0E5AEA30-7117-4EE6-8E28-BE37DBF579D3}"
EndProject
Project("{FAE04EC0-301F-11D3-BF4B-00C04F79EFBC}") = "WB.UI.Designer.Providers.CQRS", "UI\Designer\WB.UI.Designer.Providers.CQRS\WB.UI.Designer.Providers.CQRS.csproj", "{400CDE74-7407-4388-8D57-BF429E7C508D}"
EndProject
Project("{FAE04EC0-301F-11D3-BF4B-00C04F79EFBC}") = "WB.UI.Designer", "UI\Designer\WB.UI.Designer\WB.UI.Designer.csproj", "{3464F3AE-094C-4DEC-8725-59506328E597}"
EndProject
Project("{FAE04EC0-301F-11D3-BF4B-00C04F79EFBC}") = "WB.UI.Designer.Tests", "Tests\WB.UI.Designer.Tests\WB.UI.Designer.Tests.csproj", "{5177AFE4-E047-4F57-AB4D-84911D16F818}"
EndProject
Project("{FAE04EC0-301F-11D3-BF4B-00C04F79EFBC}") = "Main.Core", "..\RavenQuestionnaire.Web\Main.Core\Main.Core.csproj", "{8332BCD2-DC58-466E-8D80-5BCB1FACCD6C}"
EndProject
Project("{FAE04EC0-301F-11D3-BF4B-00C04F79EFBC}") = "Main.DenormalizerStorage", "..\RavenQuestionnaire.Web\Main.DenormalizerStorage\Main.DenormalizerStorage.csproj", "{51825D6C-4A28-4C33-8598-004462023A27}"
EndProject
Project("{FAE04EC0-301F-11D3-BF4B-00C04F79EFBC}") = "Main.Core.Tests", "..\RavenQuestionnaire.Web\Main.Core.Tests\Main.Core.Tests.csproj", "{ABD380D9-B4F3-410F-AF37-3635B6C5449C}"
EndProject
Project("{2150E333-8FDC-42A3-9474-1A3956D46DE8}") = "Externals", "Externals", "{D702EE71-9956-47FE-A4A1-2FD7C23A81CB}"
EndProject
Project("{FAE04EC0-301F-11D3-BF4B-00C04F79EFBC}") = "Ncqrs", "..\Externals\Framework\src\Ncqrs\Ncqrs.csproj", "{01F84441-80D3-49B4-AB18-96894ACB2F90}"
EndProject
Project("{FAE04EC0-301F-11D3-BF4B-00C04F79EFBC}") = "Ncqrs.Tests", "..\Externals\Framework\src\Ncqrs.Tests\Ncqrs.Tests.csproj", "{50E98525-806C-41E3-9366-D36B1CD936D0}"
EndProject
Project("{FAE04EC0-301F-11D3-BF4B-00C04F79EFBC}") = "Ncqrs.Spec", "..\Externals\Framework\src\Ncqrs.Spec\Ncqrs.Spec.csproj", "{AA90754B-CA47-429E-BDC8-2A83E94179B7}"
EndProject
Project("{FAE04EC0-301F-11D3-BF4B-00C04F79EFBC}") = "NCalc", "..\ExpressionEvaluator\Evaluant.Calculator\NCalc.csproj", "{5F014003-50D8-49E0-8AFE-91D38DCCC97C}"
EndProject
Project("{FAE04EC0-301F-11D3-BF4B-00C04F79EFBC}") = "NCalc.Tests", "..\ExpressionEvaluator\Evaluant.Calculator.Tests\NCalc.Tests.csproj", "{F8E5E800-F842-4F84-A0C6-B3E1E5DB2BB4}"
EndProject
Project("{2150E333-8FDC-42A3-9474-1A3956D46DE8}") = "Extensions", "Extensions", "{80AB5395-9F3B-403B-A6DD-2EA19FAE3D40}"
EndProject
Project("{FAE04EC0-301F-11D3-BF4B-00C04F79EFBC}") = "Ncqrs.Eventing.Storage.RavenDB", "..\Externals\Extentions\Ncqrs.Eventing.Storage.RavenDB\Ncqrs.Eventing.Storage.RavenDB.csproj", "{EA93A91D-7BC9-4EC0-8A22-8A772AFD76C3}"
EndProject
Project("{FAE04EC0-301F-11D3-BF4B-00C04F79EFBC}") = "Ncqrs.Eventing.Storage.RavenDB.Tests", "..\Externals\Extentions\Ncqrs.Eventing.Storage.RavenDB.Tests\Ncqrs.Eventing.Storage.RavenDB.Tests.csproj", "{7714E2D3-372D-4B0A-9393-F7A0EDA331F5}"
EndProject
Project("{FAE04EC0-301F-11D3-BF4B-00C04F79EFBC}") = "WB.UI.Designer.Views", "UI\Designer\WB.UI.Designer.Views\WB.UI.Designer.Views.csproj", "{4489F996-D379-43D1-8932-3C48D59D9AB5}"
EndProject
Project("{FAE04EC0-301F-11D3-BF4B-00C04F79EFBC}") = "WB.UI.Designer.Views.Tests", "Tests\WB.UI.Designer.Views.Tests\WB.UI.Designer.Views.Tests.csproj", "{A2E08879-319F-4CAC-85ED-EF62DE05536C}"
EndProject
Project("{FAE04EC0-301F-11D3-BF4B-00C04F79EFBC}") = "Ncqrs.Portable", "..\Externals\Framework\src\Ncqrs.Portable\Ncqrs.Portable.csproj", "{A6164AE1-61B3-453B-89A5-F813CC1F809B}"
EndProject
Project("{2150E333-8FDC-42A3-9474-1A3956D46DE8}") = "Shared", "Shared", "{AA1E5C4D-BACE-4A2D-907A-6A94070C3BF7}"
EndProject
Project("{2150E333-8FDC-42A3-9474-1A3956D46DE8}") = "SharedKernel", "SharedKernel", "{8DABC0D4-6EEC-48C8-B1BF-C13BE0AA35A6}"
EndProject
Project("{FAE04EC0-301F-11D3-BF4B-00C04F79EFBC}") = "WB.UI.Shared.Web", "UI\Shared\WB.UI.Shared.Web\WB.UI.Shared.Web.csproj", "{75470164-4087-4E9B-845A-5400C038A499}"
EndProject
Project("{FAE04EC0-301F-11D3-BF4B-00C04F79EFBC}") = "WB.Core.SharedKernel.Structures", "Core\SharedKernel\WB.Core.SharedKernel.Structures\WB.Core.SharedKernel.Structures.csproj", "{C96EA28A-CDC4-468B-B111-D54B4C6C00C1}"
EndProject
Project("{FAE04EC0-301F-11D3-BF4B-00C04F79EFBC}") = "WB.UI.Designer.WebServices", "UI\Designer\WB.UI.Designer.WebServices\WB.UI.Designer.WebServices.csproj", "{8263CA84-BFB5-4A7B-AE31-F5FC5B05E7C1}"
EndProject
Project("{FAE04EC0-301F-11D3-BF4B-00C04F79EFBC}") = "WB.Core.GenericSubdomains.Logging", "Core\GenericSubdomains\Logging\WB.Core.GenericSubdomains.Logging\WB.Core.GenericSubdomains.Logging.csproj", "{AE5B9E45-0758-47AA-AFB4-E2795F09F850}"
EndProject
Project("{FAE04EC0-301F-11D3-BF4B-00C04F79EFBC}") = "WB.Core.SharedKernel.Utils", "Core\SharedKernel\WB.Core.SharedKernel.Utils\WB.Core.SharedKernel.Utils.csproj", "{39AEBC09-5A81-47C8-B68D-4984199AE1FE}"
EndProject
Project("{2150E333-8FDC-42A3-9474-1A3956D46DE8}") = "Infrastructure", "Infrastructure", "{DB4E58AD-78DA-4826-97B5-A54E9BC5711E}"
EndProject
Project("{FAE04EC0-301F-11D3-BF4B-00C04F79EFBC}") = "WB.Core.Infrastructure", "Core\Infrastructure\WB.Core.Infrastructure\WB.Core.Infrastructure.csproj", "{44762E2D-1380-441B-B924-7CAEAFAF5955}"
EndProject
Project("{2150E333-8FDC-42A3-9474-1A3956D46DE8}") = "_ (not under src folder)", "_ (not under src folder)", "{65E1EA7B-1A50-4951-9483-22A687F1D30D}"
EndProject
Project("{2150E333-8FDC-42A3-9474-1A3956D46DE8}") = "Internals", "Internals", "{33AC43D6-AC5C-49E2-AF48-BFABE34C94EF}"
EndProject
Project("{2150E333-8FDC-42A3-9474-1A3956D46DE8}") = "GenericSubdomains", "GenericSubdomains", "{043241D7-4AF8-463A-B0FC-51E164C07B76}"
EndProject
Project("{2150E333-8FDC-42A3-9474-1A3956D46DE8}") = "Logging", "Logging", "{552819D5-606C-4183-86A8-4923FA62EB1B}"
EndProject
Project("{FAE04EC0-301F-11D3-BF4B-00C04F79EFBC}") = "WB.Core.GenericSubdomains.Logging.NLog", "Core\GenericSubdomains\Logging\WB.Core.GenericSubdomains.Logging.NLog\WB.Core.GenericSubdomains.Logging.NLog.csproj", "{AFED8C20-0E91-4605-ADB5-35A7F0C0DD0A}"
EndProject
Project("{2150E333-8FDC-42A3-9474-1A3956D46DE8}") = "BoundedContexts", "BoundedContexts", "{39B6CB26-DC70-4E0B-9C7A-6B19265C7FA1}"
EndProject
Project("{2150E333-8FDC-42A3-9474-1A3956D46DE8}") = "Designer", "Designer", "{17245B3B-353D-4A86-A572-407BFF97FC05}"
EndProject
Project("{FAE04EC0-301F-11D3-BF4B-00C04F79EFBC}") = "WB.Core.BoundedContexts.Designer", "Core\BoundedContexts\Designer\WB.Core.BoundedContexts.Designer\WB.Core.BoundedContexts.Designer.csproj", "{DCBFC3F0-8E8C-4529-B474-B6A79225450E}"
EndProject
Project("{FAE04EC0-301F-11D3-BF4B-00C04F79EFBC}") = "WB.Core.BoundedContexts.Designer.Tests", "Tests\WB.Core.BoundedContexts.Designer.Tests\WB.Core.BoundedContexts.Designer.Tests.csproj", "{AF08CFAE-53CF-46DC-BA3D-11DB7F62D755}"
EndProject
Project("{FAE04EC0-301F-11D3-BF4B-00C04F79EFBC}") = "WB.Core.Infrastructure.Raven", "Core\Infrastructure\WB.Core.Infrastructure.Raven\WB.Core.Infrastructure.Raven.csproj", "{0F67084B-3ECB-4F88-BA20-5A6C7ACC35BF}"
EndProject
Global
	GlobalSection(SolutionConfigurationPlatforms) = preSolution
		Debug|Any CPU = Debug|Any CPU
		Deploy-dev|Any CPU = Deploy-dev|Any CPU
		Release|Any CPU = Release|Any CPU
	EndGlobalSection
	GlobalSection(ProjectConfigurationPlatforms) = postSolution
		{400CDE74-7407-4388-8D57-BF429E7C508D}.Debug|Any CPU.ActiveCfg = Debug|Any CPU
		{400CDE74-7407-4388-8D57-BF429E7C508D}.Debug|Any CPU.Build.0 = Debug|Any CPU
		{400CDE74-7407-4388-8D57-BF429E7C508D}.Deploy-dev|Any CPU.ActiveCfg = Debug|Any CPU
		{400CDE74-7407-4388-8D57-BF429E7C508D}.Deploy-dev|Any CPU.Build.0 = Debug|Any CPU
		{400CDE74-7407-4388-8D57-BF429E7C508D}.Release|Any CPU.ActiveCfg = Release|Any CPU
		{400CDE74-7407-4388-8D57-BF429E7C508D}.Release|Any CPU.Build.0 = Release|Any CPU
		{3464F3AE-094C-4DEC-8725-59506328E597}.Debug|Any CPU.ActiveCfg = Debug|Any CPU
		{3464F3AE-094C-4DEC-8725-59506328E597}.Debug|Any CPU.Build.0 = Debug|Any CPU
		{3464F3AE-094C-4DEC-8725-59506328E597}.Deploy-dev|Any CPU.ActiveCfg = Debug|Any CPU
		{3464F3AE-094C-4DEC-8725-59506328E597}.Deploy-dev|Any CPU.Build.0 = Debug|Any CPU
		{3464F3AE-094C-4DEC-8725-59506328E597}.Release|Any CPU.ActiveCfg = Release|Any CPU
		{3464F3AE-094C-4DEC-8725-59506328E597}.Release|Any CPU.Build.0 = Release|Any CPU
		{5177AFE4-E047-4F57-AB4D-84911D16F818}.Debug|Any CPU.ActiveCfg = Debug|Any CPU
		{5177AFE4-E047-4F57-AB4D-84911D16F818}.Debug|Any CPU.Build.0 = Debug|Any CPU
		{5177AFE4-E047-4F57-AB4D-84911D16F818}.Deploy-dev|Any CPU.ActiveCfg = Debug|Any CPU
		{5177AFE4-E047-4F57-AB4D-84911D16F818}.Deploy-dev|Any CPU.Build.0 = Debug|Any CPU
		{5177AFE4-E047-4F57-AB4D-84911D16F818}.Release|Any CPU.ActiveCfg = Release|Any CPU
		{5177AFE4-E047-4F57-AB4D-84911D16F818}.Release|Any CPU.Build.0 = Release|Any CPU
		{8332BCD2-DC58-466E-8D80-5BCB1FACCD6C}.Debug|Any CPU.ActiveCfg = Debug|Any CPU
		{8332BCD2-DC58-466E-8D80-5BCB1FACCD6C}.Debug|Any CPU.Build.0 = Debug|Any CPU
		{8332BCD2-DC58-466E-8D80-5BCB1FACCD6C}.Deploy-dev|Any CPU.ActiveCfg = Deploy-dev|Any CPU
		{8332BCD2-DC58-466E-8D80-5BCB1FACCD6C}.Deploy-dev|Any CPU.Build.0 = Deploy-dev|Any CPU
		{8332BCD2-DC58-466E-8D80-5BCB1FACCD6C}.Release|Any CPU.ActiveCfg = Release|Any CPU
		{8332BCD2-DC58-466E-8D80-5BCB1FACCD6C}.Release|Any CPU.Build.0 = Release|Any CPU
		{51825D6C-4A28-4C33-8598-004462023A27}.Debug|Any CPU.ActiveCfg = Debug|Any CPU
		{51825D6C-4A28-4C33-8598-004462023A27}.Debug|Any CPU.Build.0 = Debug|Any CPU
		{51825D6C-4A28-4C33-8598-004462023A27}.Deploy-dev|Any CPU.ActiveCfg = Debug|Any CPU
		{51825D6C-4A28-4C33-8598-004462023A27}.Deploy-dev|Any CPU.Build.0 = Debug|Any CPU
		{51825D6C-4A28-4C33-8598-004462023A27}.Release|Any CPU.ActiveCfg = Release|Any CPU
		{51825D6C-4A28-4C33-8598-004462023A27}.Release|Any CPU.Build.0 = Release|Any CPU
		{ABD380D9-B4F3-410F-AF37-3635B6C5449C}.Debug|Any CPU.ActiveCfg = Debug|Any CPU
		{ABD380D9-B4F3-410F-AF37-3635B6C5449C}.Debug|Any CPU.Build.0 = Debug|Any CPU
		{ABD380D9-B4F3-410F-AF37-3635B6C5449C}.Deploy-dev|Any CPU.ActiveCfg = Debug|Any CPU
		{ABD380D9-B4F3-410F-AF37-3635B6C5449C}.Deploy-dev|Any CPU.Build.0 = Debug|Any CPU
		{ABD380D9-B4F3-410F-AF37-3635B6C5449C}.Release|Any CPU.ActiveCfg = Release|Any CPU
		{ABD380D9-B4F3-410F-AF37-3635B6C5449C}.Release|Any CPU.Build.0 = Release|Any CPU
		{01F84441-80D3-49B4-AB18-96894ACB2F90}.Debug|Any CPU.ActiveCfg = Debug|Any CPU
		{01F84441-80D3-49B4-AB18-96894ACB2F90}.Debug|Any CPU.Build.0 = Debug|Any CPU
		{01F84441-80D3-49B4-AB18-96894ACB2F90}.Deploy-dev|Any CPU.ActiveCfg = Debug|Any CPU
		{01F84441-80D3-49B4-AB18-96894ACB2F90}.Deploy-dev|Any CPU.Build.0 = Debug|Any CPU
		{01F84441-80D3-49B4-AB18-96894ACB2F90}.Release|Any CPU.ActiveCfg = Release|Any CPU
		{01F84441-80D3-49B4-AB18-96894ACB2F90}.Release|Any CPU.Build.0 = Release|Any CPU
		{50E98525-806C-41E3-9366-D36B1CD936D0}.Debug|Any CPU.ActiveCfg = Debug|Any CPU
		{50E98525-806C-41E3-9366-D36B1CD936D0}.Debug|Any CPU.Build.0 = Debug|Any CPU
		{50E98525-806C-41E3-9366-D36B1CD936D0}.Deploy-dev|Any CPU.ActiveCfg = Debug|Any CPU
		{50E98525-806C-41E3-9366-D36B1CD936D0}.Deploy-dev|Any CPU.Build.0 = Debug|Any CPU
		{50E98525-806C-41E3-9366-D36B1CD936D0}.Release|Any CPU.ActiveCfg = Release|Any CPU
		{50E98525-806C-41E3-9366-D36B1CD936D0}.Release|Any CPU.Build.0 = Release|Any CPU
		{AA90754B-CA47-429E-BDC8-2A83E94179B7}.Debug|Any CPU.ActiveCfg = Debug|Any CPU
		{AA90754B-CA47-429E-BDC8-2A83E94179B7}.Debug|Any CPU.Build.0 = Debug|Any CPU
		{AA90754B-CA47-429E-BDC8-2A83E94179B7}.Deploy-dev|Any CPU.ActiveCfg = Debug|Any CPU
		{AA90754B-CA47-429E-BDC8-2A83E94179B7}.Deploy-dev|Any CPU.Build.0 = Debug|Any CPU
		{AA90754B-CA47-429E-BDC8-2A83E94179B7}.Release|Any CPU.ActiveCfg = Release|Any CPU
		{AA90754B-CA47-429E-BDC8-2A83E94179B7}.Release|Any CPU.Build.0 = Release|Any CPU
		{5F014003-50D8-49E0-8AFE-91D38DCCC97C}.Debug|Any CPU.ActiveCfg = Debug|Any CPU
		{5F014003-50D8-49E0-8AFE-91D38DCCC97C}.Debug|Any CPU.Build.0 = Debug|Any CPU
		{5F014003-50D8-49E0-8AFE-91D38DCCC97C}.Deploy-dev|Any CPU.ActiveCfg = Deploy-dev|Any CPU
		{5F014003-50D8-49E0-8AFE-91D38DCCC97C}.Deploy-dev|Any CPU.Build.0 = Deploy-dev|Any CPU
		{5F014003-50D8-49E0-8AFE-91D38DCCC97C}.Release|Any CPU.ActiveCfg = Release|Any CPU
		{5F014003-50D8-49E0-8AFE-91D38DCCC97C}.Release|Any CPU.Build.0 = Release|Any CPU
		{F8E5E800-F842-4F84-A0C6-B3E1E5DB2BB4}.Debug|Any CPU.ActiveCfg = Debug|Any CPU
		{F8E5E800-F842-4F84-A0C6-B3E1E5DB2BB4}.Debug|Any CPU.Build.0 = Debug|Any CPU
		{F8E5E800-F842-4F84-A0C6-B3E1E5DB2BB4}.Deploy-dev|Any CPU.ActiveCfg = Debug|Any CPU
		{F8E5E800-F842-4F84-A0C6-B3E1E5DB2BB4}.Deploy-dev|Any CPU.Build.0 = Debug|Any CPU
		{F8E5E800-F842-4F84-A0C6-B3E1E5DB2BB4}.Release|Any CPU.ActiveCfg = Release|Any CPU
		{F8E5E800-F842-4F84-A0C6-B3E1E5DB2BB4}.Release|Any CPU.Build.0 = Release|Any CPU
		{EA93A91D-7BC9-4EC0-8A22-8A772AFD76C3}.Debug|Any CPU.ActiveCfg = Debug|Any CPU
		{EA93A91D-7BC9-4EC0-8A22-8A772AFD76C3}.Debug|Any CPU.Build.0 = Debug|Any CPU
		{EA93A91D-7BC9-4EC0-8A22-8A772AFD76C3}.Deploy-dev|Any CPU.ActiveCfg = Debug|Any CPU
		{EA93A91D-7BC9-4EC0-8A22-8A772AFD76C3}.Deploy-dev|Any CPU.Build.0 = Debug|Any CPU
		{EA93A91D-7BC9-4EC0-8A22-8A772AFD76C3}.Release|Any CPU.ActiveCfg = Release|Any CPU
		{EA93A91D-7BC9-4EC0-8A22-8A772AFD76C3}.Release|Any CPU.Build.0 = Release|Any CPU
		{7714E2D3-372D-4B0A-9393-F7A0EDA331F5}.Debug|Any CPU.ActiveCfg = Debug|Any CPU
		{7714E2D3-372D-4B0A-9393-F7A0EDA331F5}.Debug|Any CPU.Build.0 = Debug|Any CPU
		{7714E2D3-372D-4B0A-9393-F7A0EDA331F5}.Deploy-dev|Any CPU.ActiveCfg = Debug|Any CPU
		{7714E2D3-372D-4B0A-9393-F7A0EDA331F5}.Deploy-dev|Any CPU.Build.0 = Debug|Any CPU
		{7714E2D3-372D-4B0A-9393-F7A0EDA331F5}.Release|Any CPU.ActiveCfg = Release|Any CPU
		{7714E2D3-372D-4B0A-9393-F7A0EDA331F5}.Release|Any CPU.Build.0 = Release|Any CPU
		{4489F996-D379-43D1-8932-3C48D59D9AB5}.Debug|Any CPU.ActiveCfg = Debug|Any CPU
		{4489F996-D379-43D1-8932-3C48D59D9AB5}.Debug|Any CPU.Build.0 = Debug|Any CPU
		{4489F996-D379-43D1-8932-3C48D59D9AB5}.Deploy-dev|Any CPU.ActiveCfg = Debug|Any CPU
		{4489F996-D379-43D1-8932-3C48D59D9AB5}.Deploy-dev|Any CPU.Build.0 = Debug|Any CPU
		{4489F996-D379-43D1-8932-3C48D59D9AB5}.Release|Any CPU.ActiveCfg = Release|Any CPU
		{4489F996-D379-43D1-8932-3C48D59D9AB5}.Release|Any CPU.Build.0 = Release|Any CPU
		{A2E08879-319F-4CAC-85ED-EF62DE05536C}.Debug|Any CPU.ActiveCfg = Debug|Any CPU
		{A2E08879-319F-4CAC-85ED-EF62DE05536C}.Debug|Any CPU.Build.0 = Debug|Any CPU
		{A2E08879-319F-4CAC-85ED-EF62DE05536C}.Deploy-dev|Any CPU.ActiveCfg = Debug|Any CPU
		{A2E08879-319F-4CAC-85ED-EF62DE05536C}.Deploy-dev|Any CPU.Build.0 = Debug|Any CPU
		{A2E08879-319F-4CAC-85ED-EF62DE05536C}.Release|Any CPU.ActiveCfg = Release|Any CPU
		{A2E08879-319F-4CAC-85ED-EF62DE05536C}.Release|Any CPU.Build.0 = Release|Any CPU
		{A6164AE1-61B3-453B-89A5-F813CC1F809B}.Debug|Any CPU.ActiveCfg = Debug|Any CPU
		{A6164AE1-61B3-453B-89A5-F813CC1F809B}.Debug|Any CPU.Build.0 = Debug|Any CPU
		{A6164AE1-61B3-453B-89A5-F813CC1F809B}.Deploy-dev|Any CPU.ActiveCfg = Debug|Any CPU
		{A6164AE1-61B3-453B-89A5-F813CC1F809B}.Deploy-dev|Any CPU.Build.0 = Debug|Any CPU
		{A6164AE1-61B3-453B-89A5-F813CC1F809B}.Release|Any CPU.ActiveCfg = Release|Any CPU
		{A6164AE1-61B3-453B-89A5-F813CC1F809B}.Release|Any CPU.Build.0 = Release|Any CPU
		{75470164-4087-4E9B-845A-5400C038A499}.Debug|Any CPU.ActiveCfg = Debug|Any CPU
		{75470164-4087-4E9B-845A-5400C038A499}.Debug|Any CPU.Build.0 = Debug|Any CPU
		{75470164-4087-4E9B-845A-5400C038A499}.Deploy-dev|Any CPU.ActiveCfg = Debug|Any CPU
		{75470164-4087-4E9B-845A-5400C038A499}.Deploy-dev|Any CPU.Build.0 = Debug|Any CPU
		{75470164-4087-4E9B-845A-5400C038A499}.Release|Any CPU.ActiveCfg = Release|Any CPU
		{75470164-4087-4E9B-845A-5400C038A499}.Release|Any CPU.Build.0 = Release|Any CPU
		{C96EA28A-CDC4-468B-B111-D54B4C6C00C1}.Debug|Any CPU.ActiveCfg = Debug|Any CPU
		{C96EA28A-CDC4-468B-B111-D54B4C6C00C1}.Debug|Any CPU.Build.0 = Debug|Any CPU
		{C96EA28A-CDC4-468B-B111-D54B4C6C00C1}.Deploy-dev|Any CPU.ActiveCfg = Debug|Any CPU
		{C96EA28A-CDC4-468B-B111-D54B4C6C00C1}.Deploy-dev|Any CPU.Build.0 = Debug|Any CPU
		{C96EA28A-CDC4-468B-B111-D54B4C6C00C1}.Release|Any CPU.ActiveCfg = Release|Any CPU
		{C96EA28A-CDC4-468B-B111-D54B4C6C00C1}.Release|Any CPU.Build.0 = Release|Any CPU
		{8263CA84-BFB5-4A7B-AE31-F5FC5B05E7C1}.Debug|Any CPU.ActiveCfg = Debug|Any CPU
		{8263CA84-BFB5-4A7B-AE31-F5FC5B05E7C1}.Debug|Any CPU.Build.0 = Debug|Any CPU
		{8263CA84-BFB5-4A7B-AE31-F5FC5B05E7C1}.Deploy-dev|Any CPU.ActiveCfg = Debug|Any CPU
		{8263CA84-BFB5-4A7B-AE31-F5FC5B05E7C1}.Deploy-dev|Any CPU.Build.0 = Debug|Any CPU
		{8263CA84-BFB5-4A7B-AE31-F5FC5B05E7C1}.Release|Any CPU.ActiveCfg = Release|Any CPU
		{8263CA84-BFB5-4A7B-AE31-F5FC5B05E7C1}.Release|Any CPU.Build.0 = Release|Any CPU
		{AE5B9E45-0758-47AA-AFB4-E2795F09F850}.Debug|Any CPU.ActiveCfg = Debug|Any CPU
		{AE5B9E45-0758-47AA-AFB4-E2795F09F850}.Debug|Any CPU.Build.0 = Debug|Any CPU
		{AE5B9E45-0758-47AA-AFB4-E2795F09F850}.Deploy-dev|Any CPU.ActiveCfg = Debug|Any CPU
		{AE5B9E45-0758-47AA-AFB4-E2795F09F850}.Deploy-dev|Any CPU.Build.0 = Debug|Any CPU
		{AE5B9E45-0758-47AA-AFB4-E2795F09F850}.Release|Any CPU.ActiveCfg = Release|Any CPU
		{AE5B9E45-0758-47AA-AFB4-E2795F09F850}.Release|Any CPU.Build.0 = Release|Any CPU
		{39AEBC09-5A81-47C8-B68D-4984199AE1FE}.Debug|Any CPU.ActiveCfg = Debug|Any CPU
		{39AEBC09-5A81-47C8-B68D-4984199AE1FE}.Debug|Any CPU.Build.0 = Debug|Any CPU
		{39AEBC09-5A81-47C8-B68D-4984199AE1FE}.Deploy-dev|Any CPU.ActiveCfg = Debug|Any CPU
		{39AEBC09-5A81-47C8-B68D-4984199AE1FE}.Deploy-dev|Any CPU.Build.0 = Debug|Any CPU
		{39AEBC09-5A81-47C8-B68D-4984199AE1FE}.Release|Any CPU.ActiveCfg = Release|Any CPU
		{39AEBC09-5A81-47C8-B68D-4984199AE1FE}.Release|Any CPU.Build.0 = Release|Any CPU
		{44762E2D-1380-441B-B924-7CAEAFAF5955}.Debug|Any CPU.ActiveCfg = Debug|Any CPU
		{44762E2D-1380-441B-B924-7CAEAFAF5955}.Debug|Any CPU.Build.0 = Debug|Any CPU
		{44762E2D-1380-441B-B924-7CAEAFAF5955}.Deploy-dev|Any CPU.ActiveCfg = Debug|Any CPU
		{44762E2D-1380-441B-B924-7CAEAFAF5955}.Deploy-dev|Any CPU.Build.0 = Debug|Any CPU
		{44762E2D-1380-441B-B924-7CAEAFAF5955}.Release|Any CPU.ActiveCfg = Release|Any CPU
		{44762E2D-1380-441B-B924-7CAEAFAF5955}.Release|Any CPU.Build.0 = Release|Any CPU
		{AFED8C20-0E91-4605-ADB5-35A7F0C0DD0A}.Debug|Any CPU.ActiveCfg = Debug|Any CPU
		{AFED8C20-0E91-4605-ADB5-35A7F0C0DD0A}.Debug|Any CPU.Build.0 = Debug|Any CPU
		{AFED8C20-0E91-4605-ADB5-35A7F0C0DD0A}.Deploy-dev|Any CPU.ActiveCfg = Debug|Any CPU
		{AFED8C20-0E91-4605-ADB5-35A7F0C0DD0A}.Deploy-dev|Any CPU.Build.0 = Debug|Any CPU
		{AFED8C20-0E91-4605-ADB5-35A7F0C0DD0A}.Release|Any CPU.ActiveCfg = Release|Any CPU
		{AFED8C20-0E91-4605-ADB5-35A7F0C0DD0A}.Release|Any CPU.Build.0 = Release|Any CPU
		{DCBFC3F0-8E8C-4529-B474-B6A79225450E}.Debug|Any CPU.ActiveCfg = Debug|Any CPU
		{DCBFC3F0-8E8C-4529-B474-B6A79225450E}.Debug|Any CPU.Build.0 = Debug|Any CPU
		{DCBFC3F0-8E8C-4529-B474-B6A79225450E}.Deploy-dev|Any CPU.ActiveCfg = Debug|Any CPU
		{DCBFC3F0-8E8C-4529-B474-B6A79225450E}.Deploy-dev|Any CPU.Build.0 = Debug|Any CPU
		{DCBFC3F0-8E8C-4529-B474-B6A79225450E}.Release|Any CPU.ActiveCfg = Release|Any CPU
		{DCBFC3F0-8E8C-4529-B474-B6A79225450E}.Release|Any CPU.Build.0 = Release|Any CPU
		{AF08CFAE-53CF-46DC-BA3D-11DB7F62D755}.Debug|Any CPU.ActiveCfg = Debug|Any CPU
		{AF08CFAE-53CF-46DC-BA3D-11DB7F62D755}.Debug|Any CPU.Build.0 = Debug|Any CPU
		{AF08CFAE-53CF-46DC-BA3D-11DB7F62D755}.Deploy-dev|Any CPU.ActiveCfg = Debug|Any CPU
		{AF08CFAE-53CF-46DC-BA3D-11DB7F62D755}.Deploy-dev|Any CPU.Build.0 = Debug|Any CPU
		{AF08CFAE-53CF-46DC-BA3D-11DB7F62D755}.Release|Any CPU.ActiveCfg = Release|Any CPU
		{AF08CFAE-53CF-46DC-BA3D-11DB7F62D755}.Release|Any CPU.Build.0 = Release|Any CPU
		{0F67084B-3ECB-4F88-BA20-5A6C7ACC35BF}.Debug|Any CPU.ActiveCfg = Debug|Any CPU
		{0F67084B-3ECB-4F88-BA20-5A6C7ACC35BF}.Debug|Any CPU.Build.0 = Debug|Any CPU
		{0F67084B-3ECB-4F88-BA20-5A6C7ACC35BF}.Deploy-dev|Any CPU.ActiveCfg = Debug|Any CPU
		{0F67084B-3ECB-4F88-BA20-5A6C7ACC35BF}.Deploy-dev|Any CPU.Build.0 = Debug|Any CPU
		{0F67084B-3ECB-4F88-BA20-5A6C7ACC35BF}.Release|Any CPU.ActiveCfg = Release|Any CPU
		{0F67084B-3ECB-4F88-BA20-5A6C7ACC35BF}.Release|Any CPU.Build.0 = Release|Any CPU
	EndGlobalSection
	GlobalSection(SolutionProperties) = preSolution
		HideSolutionNode = FALSE
	EndGlobalSection
	GlobalSection(NestedProjects) = preSolution
		{8DABC0D4-6EEC-48C8-B1BF-C13BE0AA35A6} = {FA69E7EF-5908-4DE9-AD6D-38873DDFA913}
		{043241D7-4AF8-463A-B0FC-51E164C07B76} = {FA69E7EF-5908-4DE9-AD6D-38873DDFA913}
		{DB4E58AD-78DA-4826-97B5-A54E9BC5711E} = {FA69E7EF-5908-4DE9-AD6D-38873DDFA913}
		{39B6CB26-DC70-4E0B-9C7A-6B19265C7FA1} = {FA69E7EF-5908-4DE9-AD6D-38873DDFA913}
		{0E5AEA30-7117-4EE6-8E28-BE37DBF579D3} = {36E42755-9E5D-46B4-B0EF-3EB34D665FF3}
		{AA1E5C4D-BACE-4A2D-907A-6A94070C3BF7} = {36E42755-9E5D-46B4-B0EF-3EB34D665FF3}
		{5177AFE4-E047-4F57-AB4D-84911D16F818} = {3069914E-CFA0-45D6-80A2-A1B81CC28F8B}
		{ABD380D9-B4F3-410F-AF37-3635B6C5449C} = {3069914E-CFA0-45D6-80A2-A1B81CC28F8B}
		{50E98525-806C-41E3-9366-D36B1CD936D0} = {3069914E-CFA0-45D6-80A2-A1B81CC28F8B}
		{AA90754B-CA47-429E-BDC8-2A83E94179B7} = {3069914E-CFA0-45D6-80A2-A1B81CC28F8B}
		{F8E5E800-F842-4F84-A0C6-B3E1E5DB2BB4} = {3069914E-CFA0-45D6-80A2-A1B81CC28F8B}
		{7714E2D3-372D-4B0A-9393-F7A0EDA331F5} = {3069914E-CFA0-45D6-80A2-A1B81CC28F8B}
		{A2E08879-319F-4CAC-85ED-EF62DE05536C} = {3069914E-CFA0-45D6-80A2-A1B81CC28F8B}
		{AF08CFAE-53CF-46DC-BA3D-11DB7F62D755} = {3069914E-CFA0-45D6-80A2-A1B81CC28F8B}
		{400CDE74-7407-4388-8D57-BF429E7C508D} = {0E5AEA30-7117-4EE6-8E28-BE37DBF579D3}
		{3464F3AE-094C-4DEC-8725-59506328E597} = {0E5AEA30-7117-4EE6-8E28-BE37DBF579D3}
		{4489F996-D379-43D1-8932-3C48D59D9AB5} = {0E5AEA30-7117-4EE6-8E28-BE37DBF579D3}
		{8263CA84-BFB5-4A7B-AE31-F5FC5B05E7C1} = {0E5AEA30-7117-4EE6-8E28-BE37DBF579D3}
		{33AC43D6-AC5C-49E2-AF48-BFABE34C94EF} = {65E1EA7B-1A50-4951-9483-22A687F1D30D}
		{D702EE71-9956-47FE-A4A1-2FD7C23A81CB} = {65E1EA7B-1A50-4951-9483-22A687F1D30D}
		{8332BCD2-DC58-466E-8D80-5BCB1FACCD6C} = {33AC43D6-AC5C-49E2-AF48-BFABE34C94EF}
		{51825D6C-4A28-4C33-8598-004462023A27} = {33AC43D6-AC5C-49E2-AF48-BFABE34C94EF}
		{01F84441-80D3-49B4-AB18-96894ACB2F90} = {D702EE71-9956-47FE-A4A1-2FD7C23A81CB}
		{5F014003-50D8-49E0-8AFE-91D38DCCC97C} = {D702EE71-9956-47FE-A4A1-2FD7C23A81CB}
		{80AB5395-9F3B-403B-A6DD-2EA19FAE3D40} = {D702EE71-9956-47FE-A4A1-2FD7C23A81CB}
		{A6164AE1-61B3-453B-89A5-F813CC1F809B} = {D702EE71-9956-47FE-A4A1-2FD7C23A81CB}
		{EA93A91D-7BC9-4EC0-8A22-8A772AFD76C3} = {80AB5395-9F3B-403B-A6DD-2EA19FAE3D40}
		{75470164-4087-4E9B-845A-5400C038A499} = {AA1E5C4D-BACE-4A2D-907A-6A94070C3BF7}
		{C96EA28A-CDC4-468B-B111-D54B4C6C00C1} = {8DABC0D4-6EEC-48C8-B1BF-C13BE0AA35A6}
		{39AEBC09-5A81-47C8-B68D-4984199AE1FE} = {8DABC0D4-6EEC-48C8-B1BF-C13BE0AA35A6}
		{552819D5-606C-4183-86A8-4923FA62EB1B} = {043241D7-4AF8-463A-B0FC-51E164C07B76}
		{44762E2D-1380-441B-B924-7CAEAFAF5955} = {DB4E58AD-78DA-4826-97B5-A54E9BC5711E}
		{0F67084B-3ECB-4F88-BA20-5A6C7ACC35BF} = {DB4E58AD-78DA-4826-97B5-A54E9BC5711E}
		{AE5B9E45-0758-47AA-AFB4-E2795F09F850} = {552819D5-606C-4183-86A8-4923FA62EB1B}
		{AFED8C20-0E91-4605-ADB5-35A7F0C0DD0A} = {552819D5-606C-4183-86A8-4923FA62EB1B}
		{17245B3B-353D-4A86-A572-407BFF97FC05} = {39B6CB26-DC70-4E0B-9C7A-6B19265C7FA1}
		{DCBFC3F0-8E8C-4529-B474-B6A79225450E} = {17245B3B-353D-4A86-A572-407BFF97FC05}
	EndGlobalSection
EndGlobal
