
Microsoft Visual Studio Solution File, Format Version 12.00
# Visual Studio 2012
Project("{2150E333-8FDC-42A3-9474-1A3956D46DE8}") = ".nuget", ".nuget", "{AD7E0C01-7CD9-46FD-9DD7-3BC8A5C10ECF}"
	ProjectSection(SolutionItems) = preProject
		.nuget\packages.config = .nuget\packages.config
	EndProjectSection
EndProject
Project("{2150E333-8FDC-42A3-9474-1A3956D46DE8}") = "Core", "Core", "{6B97CFA4-4A98-412B-80E8-10511E781DCE}"
EndProject
Project("{2150E333-8FDC-42A3-9474-1A3956D46DE8}") = "UI", "UI", "{04266C1B-4C1A-4FF3-8CC8-7823A3E92200}"
EndProject
Project("{2150E333-8FDC-42A3-9474-1A3956D46DE8}") = "Τools", "Τools", "{B7280D2A-26B0-466E-8DFB-C1642E2B7E1F}"
EndProject
Project("{2150E333-8FDC-42A3-9474-1A3956D46DE8}") = "Τests", "Τests", "{D24FEFE4-20B4-41B5-BB49-E5EFE58E6D53}"
EndProject
Project("{2150E333-8FDC-42A3-9474-1A3956D46DE8}") = "Designer", "Designer", "{805098EC-6BA3-43EB-9A2F-9640E641E2F9}"
EndProject
Project("{FAE04EC0-301F-11D3-BF4B-00C04F79EFBC}") = "WB.UI.Designer", "UI\Designer\WB.UI.Designer\WB.UI.Designer.csproj", "{3464F3AE-094C-4DEC-8725-59506328E597}"
EndProject
Project("{FAE04EC0-301F-11D3-BF4B-00C04F79EFBC}") = "WB.UI.Designer.Providers.CQRS", "UI\Designer\WB.UI.Designer.Providers.CQRS\WB.UI.Designer.Providers.CQRS.csproj", "{400CDE74-7407-4388-8D57-BF429E7C508D}"
EndProject
Project("{FAE04EC0-301F-11D3-BF4B-00C04F79EFBC}") = "WB.UI.Designer.Views", "UI\Designer\WB.UI.Designer.Views\WB.UI.Designer.Views.csproj", "{4489F996-D379-43D1-8932-3C48D59D9AB5}"
EndProject
Project("{FAE04EC0-301F-11D3-BF4B-00C04F79EFBC}") = "WB.UI.Designer.WebServices", "UI\Designer\WB.UI.Designer.WebServices\WB.UI.Designer.WebServices.csproj", "{8263CA84-BFB5-4A7B-AE31-F5FC5B05E7C1}"
EndProject
Project("{2150E333-8FDC-42A3-9474-1A3956D46DE8}") = "Shared", "Shared", "{4810E77C-357A-48F8-BEF7-1D0A5C3423E9}"
EndProject
Project("{FAE04EC0-301F-11D3-BF4B-00C04F79EFBC}") = "WB.UI.Shared.Web", "UI\Shared\WB.UI.Shared.Web\WB.UI.Shared.Web.csproj", "{75470164-4087-4E9B-845A-5400C038A499}"
EndProject
Project("{2150E333-8FDC-42A3-9474-1A3956D46DE8}") = "SharedKernel", "SharedKernel", "{665BFDF8-E00D-4102-960A-49585D972FB7}"
EndProject
Project("{2150E333-8FDC-42A3-9474-1A3956D46DE8}") = "Headquarter", "Headquarter", "{5588B946-9AB7-4D72-9932-790ECB71BC36}"
EndProject
Project("{FAE04EC0-301F-11D3-BF4B-00C04F79EFBC}") = "WB.UI.Headquarter", "UI\Headquarter\WB.UI.Headquarter\WB.UI.Headquarter.csproj", "{12F3621B-9D36-4CFD-B797-69B52D5973C9}"
EndProject
Project("{FAE04EC0-301F-11D3-BF4B-00C04F79EFBC}") = "LoadTestDataGenerator", "Tools\LoadTestDataGenerator\LoadTestDataGenerator.csproj", "{C29EBFC8-DD61-4048-A2A9-97FE7D636F70}"
EndProject
Project("{FAE04EC0-301F-11D3-BF4B-00C04F79EFBC}") = "WB.Tools.StorageAnalyzer", "Tools\StorageAnalyzer\WB.Tools.StorageAnalyzer.csproj", "{4BBDA879-33EC-4D79-8548-AD3A8824906D}"
EndProject
Project("{FAE04EC0-301F-11D3-BF4B-00C04F79EFBC}") = "WB.Core.Questionnaire.Tests", "Tests\WB.Core.Questionnaire.Tests\WB.Core.Questionnaire.Tests.csproj", "{3E34927E-F47E-4351-896B-03C7BE7A353E}"
EndProject
Project("{FAE04EC0-301F-11D3-BF4B-00C04F79EFBC}") = "WB.UI.Designer.Tests", "Tests\WB.UI.Designer.Tests\WB.UI.Designer.Tests.csproj", "{5177AFE4-E047-4F57-AB4D-84911D16F818}"
EndProject
Project("{FAE04EC0-301F-11D3-BF4B-00C04F79EFBC}") = "WB.UI.Designer.Views.Tests", "Tests\WB.UI.Designer.Views.Tests\WB.UI.Designer.Views.Tests.csproj", "{A2E08879-319F-4CAC-85ED-EF62DE05536C}"
EndProject
Project("{2150E333-8FDC-42A3-9474-1A3956D46DE8}") = "Questionnaire", "Questionnaire", "{493155D3-84FF-4047-9114-DE622DE5C3E9}"
EndProject
Project("{2150E333-8FDC-42A3-9474-1A3956D46DE8}") = "Infrastructure", "Infrastructure", "{CA9E537B-E2ED-4A63-B936-834C9A8C194B}"
EndProject
Project("{FAE04EC0-301F-11D3-BF4B-00C04F79EFBC}") = "WB.Core.Infrastructure", "Core\Infrastructure\WB.Core.Infrastructure\WB.Core.Infrastructure.csproj", "{44762E2D-1380-441B-B924-7CAEAFAF5955}"
EndProject
Project("{FAE04EC0-301F-11D3-BF4B-00C04F79EFBC}") = "WB.Core.Infrastructure.Raven", "Core\Infrastructure\WB.Core.Infrastructure.Raven\WB.Core.Infrastructure.Raven.csproj", "{0F67084B-3ECB-4F88-BA20-5A6C7ACC35BF}"
EndProject
Project("{FAE04EC0-301F-11D3-BF4B-00C04F79EFBC}") = "WB.Core.Questionnaire", "Core\Questionnaire\WB.Core.Questionnaire\WB.Core.Questionnaire.csproj", "{DEDC7ECF-21F8-4D39-81C4-5DBE2E8B9D5D}"
EndProject
Project("{FAE04EC0-301F-11D3-BF4B-00C04F79EFBC}") = "WB.Core.Questionnaire.Events", "Core\Questionnaire\WB.Core.Questionnaire.Events\WB.Core.Questionnaire.Events.csproj", "{E188A976-E54A-412B-B7B3-3B28E688D4C7}"
EndProject
Project("{FAE04EC0-301F-11D3-BF4B-00C04F79EFBC}") = "WB.Core.SharedKernel.Logger", "Core\SharedKernel\WB.Core.SharedKernel.Logger\WB.Core.SharedKernel.Logger.csproj", "{AE5B9E45-0758-47AA-AFB4-E2795F09F850}"
EndProject
Project("{FAE04EC0-301F-11D3-BF4B-00C04F79EFBC}") = "WB.Core.SharedKernel.Structures", "Core\SharedKernel\WB.Core.SharedKernel.Structures\WB.Core.SharedKernel.Structures.csproj", "{C96EA28A-CDC4-468B-B111-D54B4C6C00C1}"
EndProject
Project("{FAE04EC0-301F-11D3-BF4B-00C04F79EFBC}") = "WB.Core.SharedKernel.Utils", "Core\SharedKernel\WB.Core.SharedKernel.Utils\WB.Core.SharedKernel.Utils.csproj", "{39AEBC09-5A81-47C8-B68D-4984199AE1FE}"
EndProject
Project("{FAE04EC0-301F-11D3-BF4B-00C04F79EFBC}") = "StreamTransformer", "..\StreamTransformer\StreamTransformer\StreamTransformer.csproj", "{6C2F3734-7311-40FB-B367-3D755E7CE75D}"
EndProject
Project("{FAE04EC0-301F-11D3-BF4B-00C04F79EFBC}") = "AssigmentGeneration", "..\tools\AssigmentGeneration\AssigmentGeneration\AssigmentGeneration.csproj", "{84000E8A-5910-40EB-BDB1-F146D3F82DC9}"
EndProject
Project("{2150E333-8FDC-42A3-9474-1A3956D46DE8}") = "_", "_", "{5CDF50E7-997B-4189-8456-743096C072E0}"
EndProject
Project("{FAE04EC0-301F-11D3-BF4B-00C04F79EFBC}") = "NCalc", "..\ExpressionEvaluator\Evaluant.Calculator\NCalc.csproj", "{5F014003-50D8-49E0-8AFE-91D38DCCC97C}"
EndProject
Project("{FAE04EC0-301F-11D3-BF4B-00C04F79EFBC}") = "NCalc.Tests", "..\ExpressionEvaluator\Evaluant.Calculator.Tests\NCalc.Tests.csproj", "{F8E5E800-F842-4F84-A0C6-B3E1E5DB2BB4}"
EndProject
Project("{2150E333-8FDC-42A3-9474-1A3956D46DE8}") = "Extensions", "Extensions", "{6348B95C-82A8-41AA-BDAF-3AAC01366E6A}"
EndProject
Project("{FAE04EC0-301F-11D3-BF4B-00C04F79EFBC}") = "Ncqrs.Eventing.Storage.RavenDB", "..\Externals\Extentions\Ncqrs.Eventing.Storage.RavenDB\Ncqrs.Eventing.Storage.RavenDB.csproj", "{EA93A91D-7BC9-4EC0-8A22-8A772AFD76C3}"
EndProject
Project("{FAE04EC0-301F-11D3-BF4B-00C04F79EFBC}") = "Ncqrs.Eventing.Storage.RavenDB.Tests", "..\Externals\Extentions\Ncqrs.Eventing.Storage.RavenDB.Tests\Ncqrs.Eventing.Storage.RavenDB.Tests.csproj", "{7714E2D3-372D-4B0A-9393-F7A0EDA331F5}"
EndProject
Project("{FAE04EC0-301F-11D3-BF4B-00C04F79EFBC}") = "Ncqrs", "..\Externals\Framework\src\Ncqrs\Ncqrs.csproj", "{01F84441-80D3-49B4-AB18-96894ACB2F90}"
EndProject
Project("{FAE04EC0-301F-11D3-BF4B-00C04F79EFBC}") = "Ncqrs.Portable", "..\Externals\Framework\src\Ncqrs.Portable\Ncqrs.Portable.csproj", "{A6164AE1-61B3-453B-89A5-F813CC1F809B}"
EndProject
Project("{FAE04EC0-301F-11D3-BF4B-00C04F79EFBC}") = "Ncqrs.Spec", "..\Externals\Framework\src\Ncqrs.Spec\Ncqrs.Spec.csproj", "{AA90754B-CA47-429E-BDC8-2A83E94179B7}"
EndProject
Project("{FAE04EC0-301F-11D3-BF4B-00C04F79EFBC}") = "Ncqrs.Tests", "..\Externals\Framework\src\Ncqrs.Tests\Ncqrs.Tests.csproj", "{50E98525-806C-41E3-9366-D36B1CD936D0}"
EndProject
Project("{FAE04EC0-301F-11D3-BF4B-00C04F79EFBC}") = "Core.CAPI", "..\RavenQuestionnaire.Web\Core.CAPI\Core.CAPI.csproj", "{C71E88E7-10A1-40FB-A789-E1FF2F0687D4}"
EndProject
Project("{FAE04EC0-301F-11D3-BF4B-00C04F79EFBC}") = "Core.CAPI.Tests", "..\RavenQuestionnaire.Web\Core.CAPI.Tests\Core.CAPI.Tests.csproj", "{FD52AF46-2A79-4CA1-BFC0-FA4BB95C1A87}"
EndProject
Project("{FAE04EC0-301F-11D3-BF4B-00C04F79EFBC}") = "Core.Supervisor", "..\RavenQuestionnaire.Web\Core.Supervisor\Core.Supervisor.csproj", "{072C1754-ADF8-4F41-8D96-9C2E1083E6A7}"
EndProject
Project("{FAE04EC0-301F-11D3-BF4B-00C04F79EFBC}") = "Core.Supervisor.Tests", "..\RavenQuestionnaire.Web\Core.Supervisor.Tests\Core.Supervisor.Tests.csproj", "{D9B00954-F40B-4B86-A0A7-8CAA7B69F211}"
EndProject
Project("{FAE04EC0-301F-11D3-BF4B-00C04F79EFBC}") = "Main.Core", "..\RavenQuestionnaire.Web\Main.Core\Main.Core.csproj", "{8332BCD2-DC58-466E-8D80-5BCB1FACCD6C}"
EndProject
Project("{FAE04EC0-301F-11D3-BF4B-00C04F79EFBC}") = "Main.Core.Tests", "..\RavenQuestionnaire.Web\Main.Core.Tests\Main.Core.Tests.csproj", "{ABD380D9-B4F3-410F-AF37-3635B6C5449C}"
EndProject
Project("{FAE04EC0-301F-11D3-BF4B-00C04F79EFBC}") = "Main.DenormalizerStorage", "..\RavenQuestionnaire.Web\Main.DenormalizerStorage\Main.DenormalizerStorage.csproj", "{51825D6C-4A28-4C33-8598-004462023A27}"
EndProject
Project("{FAE04EC0-301F-11D3-BF4B-00C04F79EFBC}") = "Main.DenormalizerStorage.Tests", "..\RavenQuestionnaire.Web\Main.DenormalizerStorage.Tests\Main.DenormalizerStorage.Tests.csproj", "{F9662B78-1AFB-4DD2-B69B-3D153CB1C632}"
EndProject
Project("{FAE04EC0-301F-11D3-BF4B-00C04F79EFBC}") = "Questionnaire.Core.Web", "..\RavenQuestionnaire.Web\Questionnaire.Core.Web\Questionnaire.Core.Web.csproj", "{8E2698A4-1286-4534-BD2C-04C76AE2DA5B}"
EndProject
Project("{FAE04EC0-301F-11D3-BF4B-00C04F79EFBC}") = "Questionnaire.Core.Web.Tests", "..\RavenQuestionnaire.Web\Questionnaire.Core.Web.Tests\Questionnaire.Core.Web.Tests.csproj", "{3CA026F4-D544-4C67-9906-A1BE03617AED}"
EndProject
Project("{FAE04EC0-301F-11D3-BF4B-00C04F79EFBC}") = "Web.CAPI", "..\RavenQuestionnaire.Web\Web.CAPI\Web.CAPI.csproj", "{2653BF3D-0762-4CA5-8A79-19EDB1DEAF71}"
EndProject
Project("{FAE04EC0-301F-11D3-BF4B-00C04F79EFBC}") = "Web.CAPI.Tests", "..\RavenQuestionnaire.Web\Web.CAPI.Tests\Web.CAPI.Tests.csproj", "{7DB184A7-D428-4700-8242-21111F4779A4}"
EndProject
Project("{FAE04EC0-301F-11D3-BF4B-00C04F79EFBC}") = "Web.Supervisor", "..\RavenQuestionnaire.Web\Web.Supervisor\Web.Supervisor.csproj", "{41E11B34-5BEB-48E6-B9B0-2DEA05CFA7FB}"
EndProject
Project("{FAE04EC0-301F-11D3-BF4B-00C04F79EFBC}") = "Web.Supervisor.Tests", "..\RavenQuestionnaire.Web\Web.Supervisor.Tests\Web.Supervisor.Tests.csproj", "{0C236AF6-B2AF-4595-B914-FC2DE02BEC56}"
EndProject
Project("{FAE04EC0-301F-11D3-BF4B-00C04F79EFBC}") = "DataEntryClient", "..\Synchronization\DataEntryClient\DataEntryClient.csproj", "{03626966-3597-42FA-A394-A13941B558EB}"
EndProject
Project("{FAE04EC0-301F-11D3-BF4B-00C04F79EFBC}") = "DataEntryClientTests", "..\Synchronization\DataEntryClientTests\DataEntryClientTests.csproj", "{206B6F47-D790-4105-BD26-41583C7D04B3}"
EndProject
Project("{FAE04EC0-301F-11D3-BF4B-00C04F79EFBC}") = "SynchronizationMessages", "..\Synchronization\SynchronizationMessages\SynchronizationMessages.csproj", "{AD672732-3D12-48BC-8612-09547F0065D3}"
EndProject
Project("{2150E333-8FDC-42A3-9474-1A3956D46DE8}") = "Externals", "Externals", "{B541F613-B375-4C8A-A7B0-7700DBDCB402}"
EndProject
Project("{FAE04EC0-301F-11D3-BF4B-00C04F79EFBC}") = "Main.Synchronization", "..\RavenQuestionnaire.Web\Main.Synchronization\Main.Synchronization.csproj", "{CAFF029B-9FE0-4AE9-A475-C384D9022471}"
EndProject
Project("{FAE04EC0-301F-11D3-BF4B-00C04F79EFBC}") = "Main.Synchronization.Tests", "..\RavenQuestionnaire.Web\Main.Synchronization.Tests\Main.Synchronization.Tests.csproj", "{E48338BD-D392-4606-B919-795DBBC469B8}"
EndProject
Project("{2150E333-8FDC-42A3-9474-1A3956D46DE8}") = "1 (CAPI)", "1 (CAPI)", "{CEE9E3BE-6A93-45DE-A44B-92C937FEEEE2}"
EndProject
Project("{2150E333-8FDC-42A3-9474-1A3956D46DE8}") = "1 (Supervisor)", "1 (Supervisor)", "{1B6F5F3E-21E7-45A5-8392-778559E0B3D4}"
EndProject
Project("{2150E333-8FDC-42A3-9474-1A3956D46DE8}") = "2 (CAPI, Supervisor)", "2 (CAPI, Supervisor)", "{326D75E0-AAD7-4264-9396-1B407BD3A075}"
EndProject
Project("{2150E333-8FDC-42A3-9474-1A3956D46DE8}") = "4 (CAPI, Designer, Headquarter, Supervisor)", "4 (CAPI, Designer, Headquarter, Supervisor)", "{D7385B88-700E-49FF-82A1-3850F3E6FB1C}"
EndProject
Global
	GlobalSection(SolutionConfigurationPlatforms) = preSolution
		Debug|Any CPU = Debug|Any CPU
		Deploy-dev|Any CPU = Deploy-dev|Any CPU
		MONODROID|Any CPU = MONODROID|Any CPU
		Release|Any CPU = Release|Any CPU
	EndGlobalSection
	GlobalSection(ProjectConfigurationPlatforms) = postSolution
		{3464F3AE-094C-4DEC-8725-59506328E597}.Debug|Any CPU.ActiveCfg = Debug|Any CPU
		{3464F3AE-094C-4DEC-8725-59506328E597}.Debug|Any CPU.Build.0 = Debug|Any CPU
		{3464F3AE-094C-4DEC-8725-59506328E597}.Deploy-dev|Any CPU.ActiveCfg = Debug|Any CPU
		{3464F3AE-094C-4DEC-8725-59506328E597}.Deploy-dev|Any CPU.Build.0 = Debug|Any CPU
		{3464F3AE-094C-4DEC-8725-59506328E597}.MONODROID|Any CPU.ActiveCfg = Release|Any CPU
		{3464F3AE-094C-4DEC-8725-59506328E597}.MONODROID|Any CPU.Build.0 = Release|Any CPU
		{3464F3AE-094C-4DEC-8725-59506328E597}.Release|Any CPU.ActiveCfg = Release|Any CPU
		{3464F3AE-094C-4DEC-8725-59506328E597}.Release|Any CPU.Build.0 = Release|Any CPU
		{400CDE74-7407-4388-8D57-BF429E7C508D}.Debug|Any CPU.ActiveCfg = Debug|Any CPU
		{400CDE74-7407-4388-8D57-BF429E7C508D}.Debug|Any CPU.Build.0 = Debug|Any CPU
		{400CDE74-7407-4388-8D57-BF429E7C508D}.Deploy-dev|Any CPU.ActiveCfg = Debug|Any CPU
		{400CDE74-7407-4388-8D57-BF429E7C508D}.Deploy-dev|Any CPU.Build.0 = Debug|Any CPU
		{400CDE74-7407-4388-8D57-BF429E7C508D}.MONODROID|Any CPU.ActiveCfg = Release|Any CPU
		{400CDE74-7407-4388-8D57-BF429E7C508D}.MONODROID|Any CPU.Build.0 = Release|Any CPU
		{400CDE74-7407-4388-8D57-BF429E7C508D}.Release|Any CPU.ActiveCfg = Release|Any CPU
		{400CDE74-7407-4388-8D57-BF429E7C508D}.Release|Any CPU.Build.0 = Release|Any CPU
		{4489F996-D379-43D1-8932-3C48D59D9AB5}.Debug|Any CPU.ActiveCfg = Debug|Any CPU
		{4489F996-D379-43D1-8932-3C48D59D9AB5}.Debug|Any CPU.Build.0 = Debug|Any CPU
		{4489F996-D379-43D1-8932-3C48D59D9AB5}.Deploy-dev|Any CPU.ActiveCfg = Debug|Any CPU
		{4489F996-D379-43D1-8932-3C48D59D9AB5}.Deploy-dev|Any CPU.Build.0 = Debug|Any CPU
		{4489F996-D379-43D1-8932-3C48D59D9AB5}.MONODROID|Any CPU.ActiveCfg = Release|Any CPU
		{4489F996-D379-43D1-8932-3C48D59D9AB5}.MONODROID|Any CPU.Build.0 = Release|Any CPU
		{4489F996-D379-43D1-8932-3C48D59D9AB5}.Release|Any CPU.ActiveCfg = Release|Any CPU
		{4489F996-D379-43D1-8932-3C48D59D9AB5}.Release|Any CPU.Build.0 = Release|Any CPU
		{8263CA84-BFB5-4A7B-AE31-F5FC5B05E7C1}.Debug|Any CPU.ActiveCfg = Debug|Any CPU
		{8263CA84-BFB5-4A7B-AE31-F5FC5B05E7C1}.Debug|Any CPU.Build.0 = Debug|Any CPU
		{8263CA84-BFB5-4A7B-AE31-F5FC5B05E7C1}.Deploy-dev|Any CPU.ActiveCfg = Debug|Any CPU
		{8263CA84-BFB5-4A7B-AE31-F5FC5B05E7C1}.Deploy-dev|Any CPU.Build.0 = Debug|Any CPU
		{8263CA84-BFB5-4A7B-AE31-F5FC5B05E7C1}.MONODROID|Any CPU.ActiveCfg = Release|Any CPU
		{8263CA84-BFB5-4A7B-AE31-F5FC5B05E7C1}.MONODROID|Any CPU.Build.0 = Release|Any CPU
		{8263CA84-BFB5-4A7B-AE31-F5FC5B05E7C1}.Release|Any CPU.ActiveCfg = Release|Any CPU
		{8263CA84-BFB5-4A7B-AE31-F5FC5B05E7C1}.Release|Any CPU.Build.0 = Release|Any CPU
		{75470164-4087-4E9B-845A-5400C038A499}.Debug|Any CPU.ActiveCfg = Debug|Any CPU
		{75470164-4087-4E9B-845A-5400C038A499}.Debug|Any CPU.Build.0 = Debug|Any CPU
		{75470164-4087-4E9B-845A-5400C038A499}.Deploy-dev|Any CPU.ActiveCfg = Debug|Any CPU
		{75470164-4087-4E9B-845A-5400C038A499}.Deploy-dev|Any CPU.Build.0 = Debug|Any CPU
		{75470164-4087-4E9B-845A-5400C038A499}.MONODROID|Any CPU.ActiveCfg = Release|Any CPU
		{75470164-4087-4E9B-845A-5400C038A499}.MONODROID|Any CPU.Build.0 = Release|Any CPU
		{75470164-4087-4E9B-845A-5400C038A499}.Release|Any CPU.ActiveCfg = Release|Any CPU
		{75470164-4087-4E9B-845A-5400C038A499}.Release|Any CPU.Build.0 = Release|Any CPU
		{12F3621B-9D36-4CFD-B797-69B52D5973C9}.Debug|Any CPU.ActiveCfg = Debug|Any CPU
		{12F3621B-9D36-4CFD-B797-69B52D5973C9}.Debug|Any CPU.Build.0 = Debug|Any CPU
		{12F3621B-9D36-4CFD-B797-69B52D5973C9}.Deploy-dev|Any CPU.ActiveCfg = Debug|Any CPU
		{12F3621B-9D36-4CFD-B797-69B52D5973C9}.Deploy-dev|Any CPU.Build.0 = Debug|Any CPU
		{12F3621B-9D36-4CFD-B797-69B52D5973C9}.MONODROID|Any CPU.ActiveCfg = Release|Any CPU
		{12F3621B-9D36-4CFD-B797-69B52D5973C9}.MONODROID|Any CPU.Build.0 = Release|Any CPU
		{12F3621B-9D36-4CFD-B797-69B52D5973C9}.Release|Any CPU.ActiveCfg = Release|Any CPU
		{12F3621B-9D36-4CFD-B797-69B52D5973C9}.Release|Any CPU.Build.0 = Release|Any CPU
		{C29EBFC8-DD61-4048-A2A9-97FE7D636F70}.Debug|Any CPU.ActiveCfg = Debug|Any CPU
		{C29EBFC8-DD61-4048-A2A9-97FE7D636F70}.Debug|Any CPU.Build.0 = Debug|Any CPU
		{C29EBFC8-DD61-4048-A2A9-97FE7D636F70}.Deploy-dev|Any CPU.ActiveCfg = Debug|Any CPU
		{C29EBFC8-DD61-4048-A2A9-97FE7D636F70}.Deploy-dev|Any CPU.Build.0 = Debug|Any CPU
		{C29EBFC8-DD61-4048-A2A9-97FE7D636F70}.MONODROID|Any CPU.ActiveCfg = Release|Any CPU
		{C29EBFC8-DD61-4048-A2A9-97FE7D636F70}.MONODROID|Any CPU.Build.0 = Release|Any CPU
		{C29EBFC8-DD61-4048-A2A9-97FE7D636F70}.Release|Any CPU.ActiveCfg = Release|Any CPU
		{C29EBFC8-DD61-4048-A2A9-97FE7D636F70}.Release|Any CPU.Build.0 = Release|Any CPU
		{4BBDA879-33EC-4D79-8548-AD3A8824906D}.Debug|Any CPU.ActiveCfg = Debug|Any CPU
		{4BBDA879-33EC-4D79-8548-AD3A8824906D}.Debug|Any CPU.Build.0 = Debug|Any CPU
		{4BBDA879-33EC-4D79-8548-AD3A8824906D}.Deploy-dev|Any CPU.ActiveCfg = Debug|Any CPU
		{4BBDA879-33EC-4D79-8548-AD3A8824906D}.Deploy-dev|Any CPU.Build.0 = Debug|Any CPU
		{4BBDA879-33EC-4D79-8548-AD3A8824906D}.MONODROID|Any CPU.ActiveCfg = Release|Any CPU
		{4BBDA879-33EC-4D79-8548-AD3A8824906D}.MONODROID|Any CPU.Build.0 = Release|Any CPU
		{4BBDA879-33EC-4D79-8548-AD3A8824906D}.Release|Any CPU.ActiveCfg = Release|Any CPU
		{4BBDA879-33EC-4D79-8548-AD3A8824906D}.Release|Any CPU.Build.0 = Release|Any CPU
		{3E34927E-F47E-4351-896B-03C7BE7A353E}.Debug|Any CPU.ActiveCfg = Debug|Any CPU
		{3E34927E-F47E-4351-896B-03C7BE7A353E}.Debug|Any CPU.Build.0 = Debug|Any CPU
		{3E34927E-F47E-4351-896B-03C7BE7A353E}.Deploy-dev|Any CPU.ActiveCfg = Debug|Any CPU
		{3E34927E-F47E-4351-896B-03C7BE7A353E}.Deploy-dev|Any CPU.Build.0 = Debug|Any CPU
		{3E34927E-F47E-4351-896B-03C7BE7A353E}.MONODROID|Any CPU.ActiveCfg = Release|Any CPU
		{3E34927E-F47E-4351-896B-03C7BE7A353E}.MONODROID|Any CPU.Build.0 = Release|Any CPU
		{3E34927E-F47E-4351-896B-03C7BE7A353E}.Release|Any CPU.ActiveCfg = Release|Any CPU
		{3E34927E-F47E-4351-896B-03C7BE7A353E}.Release|Any CPU.Build.0 = Release|Any CPU
		{5177AFE4-E047-4F57-AB4D-84911D16F818}.Debug|Any CPU.ActiveCfg = Debug|Any CPU
		{5177AFE4-E047-4F57-AB4D-84911D16F818}.Debug|Any CPU.Build.0 = Debug|Any CPU
		{5177AFE4-E047-4F57-AB4D-84911D16F818}.Deploy-dev|Any CPU.ActiveCfg = Debug|Any CPU
		{5177AFE4-E047-4F57-AB4D-84911D16F818}.Deploy-dev|Any CPU.Build.0 = Debug|Any CPU
		{5177AFE4-E047-4F57-AB4D-84911D16F818}.MONODROID|Any CPU.ActiveCfg = Release|Any CPU
		{5177AFE4-E047-4F57-AB4D-84911D16F818}.MONODROID|Any CPU.Build.0 = Release|Any CPU
		{5177AFE4-E047-4F57-AB4D-84911D16F818}.Release|Any CPU.ActiveCfg = Release|Any CPU
		{5177AFE4-E047-4F57-AB4D-84911D16F818}.Release|Any CPU.Build.0 = Release|Any CPU
		{A2E08879-319F-4CAC-85ED-EF62DE05536C}.Debug|Any CPU.ActiveCfg = Debug|Any CPU
		{A2E08879-319F-4CAC-85ED-EF62DE05536C}.Debug|Any CPU.Build.0 = Debug|Any CPU
		{A2E08879-319F-4CAC-85ED-EF62DE05536C}.Deploy-dev|Any CPU.ActiveCfg = Debug|Any CPU
		{A2E08879-319F-4CAC-85ED-EF62DE05536C}.Deploy-dev|Any CPU.Build.0 = Debug|Any CPU
		{A2E08879-319F-4CAC-85ED-EF62DE05536C}.MONODROID|Any CPU.ActiveCfg = Release|Any CPU
		{A2E08879-319F-4CAC-85ED-EF62DE05536C}.MONODROID|Any CPU.Build.0 = Release|Any CPU
		{A2E08879-319F-4CAC-85ED-EF62DE05536C}.Release|Any CPU.ActiveCfg = Release|Any CPU
		{A2E08879-319F-4CAC-85ED-EF62DE05536C}.Release|Any CPU.Build.0 = Release|Any CPU
		{44762E2D-1380-441B-B924-7CAEAFAF5955}.Debug|Any CPU.ActiveCfg = Debug|Any CPU
		{44762E2D-1380-441B-B924-7CAEAFAF5955}.Debug|Any CPU.Build.0 = Debug|Any CPU
		{44762E2D-1380-441B-B924-7CAEAFAF5955}.Deploy-dev|Any CPU.ActiveCfg = Debug|Any CPU
		{44762E2D-1380-441B-B924-7CAEAFAF5955}.Deploy-dev|Any CPU.Build.0 = Debug|Any CPU
		{44762E2D-1380-441B-B924-7CAEAFAF5955}.MONODROID|Any CPU.ActiveCfg = Release|Any CPU
		{44762E2D-1380-441B-B924-7CAEAFAF5955}.MONODROID|Any CPU.Build.0 = Release|Any CPU
		{44762E2D-1380-441B-B924-7CAEAFAF5955}.Release|Any CPU.ActiveCfg = Release|Any CPU
		{44762E2D-1380-441B-B924-7CAEAFAF5955}.Release|Any CPU.Build.0 = Release|Any CPU
		{0F67084B-3ECB-4F88-BA20-5A6C7ACC35BF}.Debug|Any CPU.ActiveCfg = Debug|Any CPU
		{0F67084B-3ECB-4F88-BA20-5A6C7ACC35BF}.Debug|Any CPU.Build.0 = Debug|Any CPU
		{0F67084B-3ECB-4F88-BA20-5A6C7ACC35BF}.Deploy-dev|Any CPU.ActiveCfg = Debug|Any CPU
		{0F67084B-3ECB-4F88-BA20-5A6C7ACC35BF}.Deploy-dev|Any CPU.Build.0 = Debug|Any CPU
		{0F67084B-3ECB-4F88-BA20-5A6C7ACC35BF}.MONODROID|Any CPU.ActiveCfg = Release|Any CPU
		{0F67084B-3ECB-4F88-BA20-5A6C7ACC35BF}.MONODROID|Any CPU.Build.0 = Release|Any CPU
		{0F67084B-3ECB-4F88-BA20-5A6C7ACC35BF}.Release|Any CPU.ActiveCfg = Release|Any CPU
		{0F67084B-3ECB-4F88-BA20-5A6C7ACC35BF}.Release|Any CPU.Build.0 = Release|Any CPU
		{DEDC7ECF-21F8-4D39-81C4-5DBE2E8B9D5D}.Debug|Any CPU.ActiveCfg = Debug|Any CPU
		{DEDC7ECF-21F8-4D39-81C4-5DBE2E8B9D5D}.Debug|Any CPU.Build.0 = Debug|Any CPU
		{DEDC7ECF-21F8-4D39-81C4-5DBE2E8B9D5D}.Deploy-dev|Any CPU.ActiveCfg = Debug|Any CPU
		{DEDC7ECF-21F8-4D39-81C4-5DBE2E8B9D5D}.Deploy-dev|Any CPU.Build.0 = Debug|Any CPU
		{DEDC7ECF-21F8-4D39-81C4-5DBE2E8B9D5D}.MONODROID|Any CPU.ActiveCfg = Release|Any CPU
		{DEDC7ECF-21F8-4D39-81C4-5DBE2E8B9D5D}.MONODROID|Any CPU.Build.0 = Release|Any CPU
		{DEDC7ECF-21F8-4D39-81C4-5DBE2E8B9D5D}.Release|Any CPU.ActiveCfg = Release|Any CPU
		{DEDC7ECF-21F8-4D39-81C4-5DBE2E8B9D5D}.Release|Any CPU.Build.0 = Release|Any CPU
		{E188A976-E54A-412B-B7B3-3B28E688D4C7}.Debug|Any CPU.ActiveCfg = Debug|Any CPU
		{E188A976-E54A-412B-B7B3-3B28E688D4C7}.Debug|Any CPU.Build.0 = Debug|Any CPU
		{E188A976-E54A-412B-B7B3-3B28E688D4C7}.Deploy-dev|Any CPU.ActiveCfg = Debug|Any CPU
		{E188A976-E54A-412B-B7B3-3B28E688D4C7}.Deploy-dev|Any CPU.Build.0 = Debug|Any CPU
		{E188A976-E54A-412B-B7B3-3B28E688D4C7}.MONODROID|Any CPU.ActiveCfg = Release|Any CPU
		{E188A976-E54A-412B-B7B3-3B28E688D4C7}.MONODROID|Any CPU.Build.0 = Release|Any CPU
		{E188A976-E54A-412B-B7B3-3B28E688D4C7}.Release|Any CPU.ActiveCfg = Release|Any CPU
		{E188A976-E54A-412B-B7B3-3B28E688D4C7}.Release|Any CPU.Build.0 = Release|Any CPU
		{AE5B9E45-0758-47AA-AFB4-E2795F09F850}.Debug|Any CPU.ActiveCfg = Debug|Any CPU
		{AE5B9E45-0758-47AA-AFB4-E2795F09F850}.Debug|Any CPU.Build.0 = Debug|Any CPU
		{AE5B9E45-0758-47AA-AFB4-E2795F09F850}.Deploy-dev|Any CPU.ActiveCfg = Debug|Any CPU
		{AE5B9E45-0758-47AA-AFB4-E2795F09F850}.Deploy-dev|Any CPU.Build.0 = Debug|Any CPU
		{AE5B9E45-0758-47AA-AFB4-E2795F09F850}.MONODROID|Any CPU.ActiveCfg = Release|Any CPU
		{AE5B9E45-0758-47AA-AFB4-E2795F09F850}.MONODROID|Any CPU.Build.0 = Release|Any CPU
		{AE5B9E45-0758-47AA-AFB4-E2795F09F850}.Release|Any CPU.ActiveCfg = Release|Any CPU
		{AE5B9E45-0758-47AA-AFB4-E2795F09F850}.Release|Any CPU.Build.0 = Release|Any CPU
		{C96EA28A-CDC4-468B-B111-D54B4C6C00C1}.Debug|Any CPU.ActiveCfg = Debug|Any CPU
		{C96EA28A-CDC4-468B-B111-D54B4C6C00C1}.Debug|Any CPU.Build.0 = Debug|Any CPU
		{C96EA28A-CDC4-468B-B111-D54B4C6C00C1}.Deploy-dev|Any CPU.ActiveCfg = Debug|Any CPU
		{C96EA28A-CDC4-468B-B111-D54B4C6C00C1}.Deploy-dev|Any CPU.Build.0 = Debug|Any CPU
		{C96EA28A-CDC4-468B-B111-D54B4C6C00C1}.MONODROID|Any CPU.ActiveCfg = Release|Any CPU
		{C96EA28A-CDC4-468B-B111-D54B4C6C00C1}.MONODROID|Any CPU.Build.0 = Release|Any CPU
		{C96EA28A-CDC4-468B-B111-D54B4C6C00C1}.Release|Any CPU.ActiveCfg = Release|Any CPU
		{C96EA28A-CDC4-468B-B111-D54B4C6C00C1}.Release|Any CPU.Build.0 = Release|Any CPU
		{39AEBC09-5A81-47C8-B68D-4984199AE1FE}.Debug|Any CPU.ActiveCfg = Debug|Any CPU
		{39AEBC09-5A81-47C8-B68D-4984199AE1FE}.Debug|Any CPU.Build.0 = Debug|Any CPU
		{39AEBC09-5A81-47C8-B68D-4984199AE1FE}.Deploy-dev|Any CPU.ActiveCfg = Debug|Any CPU
		{39AEBC09-5A81-47C8-B68D-4984199AE1FE}.Deploy-dev|Any CPU.Build.0 = Debug|Any CPU
		{39AEBC09-5A81-47C8-B68D-4984199AE1FE}.MONODROID|Any CPU.ActiveCfg = Release|Any CPU
		{39AEBC09-5A81-47C8-B68D-4984199AE1FE}.MONODROID|Any CPU.Build.0 = Release|Any CPU
		{39AEBC09-5A81-47C8-B68D-4984199AE1FE}.Release|Any CPU.ActiveCfg = Release|Any CPU
		{39AEBC09-5A81-47C8-B68D-4984199AE1FE}.Release|Any CPU.Build.0 = Release|Any CPU
		{6C2F3734-7311-40FB-B367-3D755E7CE75D}.Debug|Any CPU.ActiveCfg = Debug|Any CPU
		{6C2F3734-7311-40FB-B367-3D755E7CE75D}.Debug|Any CPU.Build.0 = Debug|Any CPU
		{6C2F3734-7311-40FB-B367-3D755E7CE75D}.Deploy-dev|Any CPU.ActiveCfg = Debug|Any CPU
		{6C2F3734-7311-40FB-B367-3D755E7CE75D}.Deploy-dev|Any CPU.Build.0 = Debug|Any CPU
		{6C2F3734-7311-40FB-B367-3D755E7CE75D}.MONODROID|Any CPU.ActiveCfg = Release|Any CPU
		{6C2F3734-7311-40FB-B367-3D755E7CE75D}.MONODROID|Any CPU.Build.0 = Release|Any CPU
		{6C2F3734-7311-40FB-B367-3D755E7CE75D}.Release|Any CPU.ActiveCfg = Release|Any CPU
		{6C2F3734-7311-40FB-B367-3D755E7CE75D}.Release|Any CPU.Build.0 = Release|Any CPU
		{84000E8A-5910-40EB-BDB1-F146D3F82DC9}.Debug|Any CPU.ActiveCfg = Debug|Any CPU
		{84000E8A-5910-40EB-BDB1-F146D3F82DC9}.Debug|Any CPU.Build.0 = Debug|Any CPU
		{84000E8A-5910-40EB-BDB1-F146D3F82DC9}.Deploy-dev|Any CPU.ActiveCfg = Debug|Any CPU
		{84000E8A-5910-40EB-BDB1-F146D3F82DC9}.Deploy-dev|Any CPU.Build.0 = Debug|Any CPU
		{84000E8A-5910-40EB-BDB1-F146D3F82DC9}.MONODROID|Any CPU.ActiveCfg = Release|Any CPU
		{84000E8A-5910-40EB-BDB1-F146D3F82DC9}.MONODROID|Any CPU.Build.0 = Release|Any CPU
		{84000E8A-5910-40EB-BDB1-F146D3F82DC9}.Release|Any CPU.ActiveCfg = Release|Any CPU
		{84000E8A-5910-40EB-BDB1-F146D3F82DC9}.Release|Any CPU.Build.0 = Release|Any CPU
		{5F014003-50D8-49E0-8AFE-91D38DCCC97C}.Debug|Any CPU.ActiveCfg = Debug|Any CPU
		{5F014003-50D8-49E0-8AFE-91D38DCCC97C}.Debug|Any CPU.Build.0 = Debug|Any CPU
		{5F014003-50D8-49E0-8AFE-91D38DCCC97C}.Deploy-dev|Any CPU.ActiveCfg = Deploy-dev|Any CPU
		{5F014003-50D8-49E0-8AFE-91D38DCCC97C}.Deploy-dev|Any CPU.Build.0 = Deploy-dev|Any CPU
		{5F014003-50D8-49E0-8AFE-91D38DCCC97C}.MONODROID|Any CPU.ActiveCfg = Deploy-dev|Any CPU
		{5F014003-50D8-49E0-8AFE-91D38DCCC97C}.MONODROID|Any CPU.Build.0 = Deploy-dev|Any CPU
		{5F014003-50D8-49E0-8AFE-91D38DCCC97C}.Release|Any CPU.ActiveCfg = Release|Any CPU
		{5F014003-50D8-49E0-8AFE-91D38DCCC97C}.Release|Any CPU.Build.0 = Release|Any CPU
		{F8E5E800-F842-4F84-A0C6-B3E1E5DB2BB4}.Debug|Any CPU.ActiveCfg = Debug|Any CPU
		{F8E5E800-F842-4F84-A0C6-B3E1E5DB2BB4}.Debug|Any CPU.Build.0 = Debug|Any CPU
		{F8E5E800-F842-4F84-A0C6-B3E1E5DB2BB4}.Deploy-dev|Any CPU.ActiveCfg = Debug|Any CPU
		{F8E5E800-F842-4F84-A0C6-B3E1E5DB2BB4}.Deploy-dev|Any CPU.Build.0 = Debug|Any CPU
		{F8E5E800-F842-4F84-A0C6-B3E1E5DB2BB4}.MONODROID|Any CPU.ActiveCfg = Release|Any CPU
		{F8E5E800-F842-4F84-A0C6-B3E1E5DB2BB4}.MONODROID|Any CPU.Build.0 = Release|Any CPU
		{F8E5E800-F842-4F84-A0C6-B3E1E5DB2BB4}.Release|Any CPU.ActiveCfg = Release|Any CPU
		{F8E5E800-F842-4F84-A0C6-B3E1E5DB2BB4}.Release|Any CPU.Build.0 = Release|Any CPU
		{EA93A91D-7BC9-4EC0-8A22-8A772AFD76C3}.Debug|Any CPU.ActiveCfg = Debug|Any CPU
		{EA93A91D-7BC9-4EC0-8A22-8A772AFD76C3}.Debug|Any CPU.Build.0 = Debug|Any CPU
		{EA93A91D-7BC9-4EC0-8A22-8A772AFD76C3}.Deploy-dev|Any CPU.ActiveCfg = Debug|Any CPU
		{EA93A91D-7BC9-4EC0-8A22-8A772AFD76C3}.Deploy-dev|Any CPU.Build.0 = Debug|Any CPU
		{EA93A91D-7BC9-4EC0-8A22-8A772AFD76C3}.MONODROID|Any CPU.ActiveCfg = Release|Any CPU
		{EA93A91D-7BC9-4EC0-8A22-8A772AFD76C3}.MONODROID|Any CPU.Build.0 = Release|Any CPU
		{EA93A91D-7BC9-4EC0-8A22-8A772AFD76C3}.Release|Any CPU.ActiveCfg = Release|Any CPU
		{EA93A91D-7BC9-4EC0-8A22-8A772AFD76C3}.Release|Any CPU.Build.0 = Release|Any CPU
		{7714E2D3-372D-4B0A-9393-F7A0EDA331F5}.Debug|Any CPU.ActiveCfg = Debug|Any CPU
		{7714E2D3-372D-4B0A-9393-F7A0EDA331F5}.Debug|Any CPU.Build.0 = Debug|Any CPU
		{7714E2D3-372D-4B0A-9393-F7A0EDA331F5}.Deploy-dev|Any CPU.ActiveCfg = Debug|Any CPU
		{7714E2D3-372D-4B0A-9393-F7A0EDA331F5}.Deploy-dev|Any CPU.Build.0 = Debug|Any CPU
		{7714E2D3-372D-4B0A-9393-F7A0EDA331F5}.MONODROID|Any CPU.ActiveCfg = Release|Any CPU
		{7714E2D3-372D-4B0A-9393-F7A0EDA331F5}.MONODROID|Any CPU.Build.0 = Release|Any CPU
		{7714E2D3-372D-4B0A-9393-F7A0EDA331F5}.Release|Any CPU.ActiveCfg = Release|Any CPU
		{7714E2D3-372D-4B0A-9393-F7A0EDA331F5}.Release|Any CPU.Build.0 = Release|Any CPU
		{01F84441-80D3-49B4-AB18-96894ACB2F90}.Debug|Any CPU.ActiveCfg = Debug|Any CPU
		{01F84441-80D3-49B4-AB18-96894ACB2F90}.Debug|Any CPU.Build.0 = Debug|Any CPU
		{01F84441-80D3-49B4-AB18-96894ACB2F90}.Deploy-dev|Any CPU.ActiveCfg = Debug|Any CPU
		{01F84441-80D3-49B4-AB18-96894ACB2F90}.Deploy-dev|Any CPU.Build.0 = Debug|Any CPU
		{01F84441-80D3-49B4-AB18-96894ACB2F90}.MONODROID|Any CPU.ActiveCfg = MONODROID|Any CPU
		{01F84441-80D3-49B4-AB18-96894ACB2F90}.MONODROID|Any CPU.Build.0 = MONODROID|Any CPU
		{01F84441-80D3-49B4-AB18-96894ACB2F90}.Release|Any CPU.ActiveCfg = Release|Any CPU
		{01F84441-80D3-49B4-AB18-96894ACB2F90}.Release|Any CPU.Build.0 = Release|Any CPU
		{A6164AE1-61B3-453B-89A5-F813CC1F809B}.Debug|Any CPU.ActiveCfg = Debug|Any CPU
		{A6164AE1-61B3-453B-89A5-F813CC1F809B}.Debug|Any CPU.Build.0 = Debug|Any CPU
		{A6164AE1-61B3-453B-89A5-F813CC1F809B}.Deploy-dev|Any CPU.ActiveCfg = Debug|Any CPU
		{A6164AE1-61B3-453B-89A5-F813CC1F809B}.Deploy-dev|Any CPU.Build.0 = Debug|Any CPU
		{A6164AE1-61B3-453B-89A5-F813CC1F809B}.MONODROID|Any CPU.ActiveCfg = Release|Any CPU
		{A6164AE1-61B3-453B-89A5-F813CC1F809B}.MONODROID|Any CPU.Build.0 = Release|Any CPU
		{A6164AE1-61B3-453B-89A5-F813CC1F809B}.Release|Any CPU.ActiveCfg = Release|Any CPU
		{A6164AE1-61B3-453B-89A5-F813CC1F809B}.Release|Any CPU.Build.0 = Release|Any CPU
		{AA90754B-CA47-429E-BDC8-2A83E94179B7}.Debug|Any CPU.ActiveCfg = Debug|Any CPU
		{AA90754B-CA47-429E-BDC8-2A83E94179B7}.Debug|Any CPU.Build.0 = Debug|Any CPU
		{AA90754B-CA47-429E-BDC8-2A83E94179B7}.Deploy-dev|Any CPU.ActiveCfg = Debug|Any CPU
		{AA90754B-CA47-429E-BDC8-2A83E94179B7}.Deploy-dev|Any CPU.Build.0 = Debug|Any CPU
		{AA90754B-CA47-429E-BDC8-2A83E94179B7}.MONODROID|Any CPU.ActiveCfg = Release|Any CPU
		{AA90754B-CA47-429E-BDC8-2A83E94179B7}.MONODROID|Any CPU.Build.0 = Release|Any CPU
		{AA90754B-CA47-429E-BDC8-2A83E94179B7}.Release|Any CPU.ActiveCfg = Release|Any CPU
		{AA90754B-CA47-429E-BDC8-2A83E94179B7}.Release|Any CPU.Build.0 = Release|Any CPU
		{50E98525-806C-41E3-9366-D36B1CD936D0}.Debug|Any CPU.ActiveCfg = Debug|Any CPU
		{50E98525-806C-41E3-9366-D36B1CD936D0}.Debug|Any CPU.Build.0 = Debug|Any CPU
		{50E98525-806C-41E3-9366-D36B1CD936D0}.Deploy-dev|Any CPU.ActiveCfg = Debug|Any CPU
		{50E98525-806C-41E3-9366-D36B1CD936D0}.Deploy-dev|Any CPU.Build.0 = Debug|Any CPU
		{50E98525-806C-41E3-9366-D36B1CD936D0}.MONODROID|Any CPU.ActiveCfg = Release|Any CPU
		{50E98525-806C-41E3-9366-D36B1CD936D0}.MONODROID|Any CPU.Build.0 = Release|Any CPU
		{50E98525-806C-41E3-9366-D36B1CD936D0}.Release|Any CPU.ActiveCfg = Release|Any CPU
		{50E98525-806C-41E3-9366-D36B1CD936D0}.Release|Any CPU.Build.0 = Release|Any CPU
		{C71E88E7-10A1-40FB-A789-E1FF2F0687D4}.Debug|Any CPU.ActiveCfg = Debug|Any CPU
		{C71E88E7-10A1-40FB-A789-E1FF2F0687D4}.Debug|Any CPU.Build.0 = Debug|Any CPU
		{C71E88E7-10A1-40FB-A789-E1FF2F0687D4}.Deploy-dev|Any CPU.ActiveCfg = Deploy-dev|Any CPU
		{C71E88E7-10A1-40FB-A789-E1FF2F0687D4}.Deploy-dev|Any CPU.Build.0 = Deploy-dev|Any CPU
		{C71E88E7-10A1-40FB-A789-E1FF2F0687D4}.MONODROID|Any CPU.ActiveCfg = Deploy-dev|Any CPU
		{C71E88E7-10A1-40FB-A789-E1FF2F0687D4}.MONODROID|Any CPU.Build.0 = Deploy-dev|Any CPU
		{C71E88E7-10A1-40FB-A789-E1FF2F0687D4}.Release|Any CPU.ActiveCfg = Release|Any CPU
		{C71E88E7-10A1-40FB-A789-E1FF2F0687D4}.Release|Any CPU.Build.0 = Release|Any CPU
		{FD52AF46-2A79-4CA1-BFC0-FA4BB95C1A87}.Debug|Any CPU.ActiveCfg = Debug|Any CPU
		{FD52AF46-2A79-4CA1-BFC0-FA4BB95C1A87}.Debug|Any CPU.Build.0 = Debug|Any CPU
		{FD52AF46-2A79-4CA1-BFC0-FA4BB95C1A87}.Deploy-dev|Any CPU.ActiveCfg = Debug|Any CPU
		{FD52AF46-2A79-4CA1-BFC0-FA4BB95C1A87}.Deploy-dev|Any CPU.Build.0 = Debug|Any CPU
		{FD52AF46-2A79-4CA1-BFC0-FA4BB95C1A87}.MONODROID|Any CPU.ActiveCfg = Release|Any CPU
		{FD52AF46-2A79-4CA1-BFC0-FA4BB95C1A87}.MONODROID|Any CPU.Build.0 = Release|Any CPU
		{FD52AF46-2A79-4CA1-BFC0-FA4BB95C1A87}.Release|Any CPU.ActiveCfg = Release|Any CPU
		{FD52AF46-2A79-4CA1-BFC0-FA4BB95C1A87}.Release|Any CPU.Build.0 = Release|Any CPU
		{072C1754-ADF8-4F41-8D96-9C2E1083E6A7}.Debug|Any CPU.ActiveCfg = Debug|Any CPU
		{072C1754-ADF8-4F41-8D96-9C2E1083E6A7}.Debug|Any CPU.Build.0 = Debug|Any CPU
		{072C1754-ADF8-4F41-8D96-9C2E1083E6A7}.Deploy-dev|Any CPU.ActiveCfg = Deploy-dev|Any CPU
		{072C1754-ADF8-4F41-8D96-9C2E1083E6A7}.Deploy-dev|Any CPU.Build.0 = Deploy-dev|Any CPU
		{072C1754-ADF8-4F41-8D96-9C2E1083E6A7}.MONODROID|Any CPU.ActiveCfg = Deploy-dev|Any CPU
		{072C1754-ADF8-4F41-8D96-9C2E1083E6A7}.MONODROID|Any CPU.Build.0 = Deploy-dev|Any CPU
		{072C1754-ADF8-4F41-8D96-9C2E1083E6A7}.Release|Any CPU.ActiveCfg = Release|Any CPU
		{072C1754-ADF8-4F41-8D96-9C2E1083E6A7}.Release|Any CPU.Build.0 = Release|Any CPU
		{D9B00954-F40B-4B86-A0A7-8CAA7B69F211}.Debug|Any CPU.ActiveCfg = Debug|Any CPU
		{D9B00954-F40B-4B86-A0A7-8CAA7B69F211}.Debug|Any CPU.Build.0 = Debug|Any CPU
		{D9B00954-F40B-4B86-A0A7-8CAA7B69F211}.Deploy-dev|Any CPU.ActiveCfg = Debug|Any CPU
		{D9B00954-F40B-4B86-A0A7-8CAA7B69F211}.Deploy-dev|Any CPU.Build.0 = Debug|Any CPU
		{D9B00954-F40B-4B86-A0A7-8CAA7B69F211}.MONODROID|Any CPU.ActiveCfg = Release|Any CPU
		{D9B00954-F40B-4B86-A0A7-8CAA7B69F211}.MONODROID|Any CPU.Build.0 = Release|Any CPU
		{D9B00954-F40B-4B86-A0A7-8CAA7B69F211}.Release|Any CPU.ActiveCfg = Release|Any CPU
		{D9B00954-F40B-4B86-A0A7-8CAA7B69F211}.Release|Any CPU.Build.0 = Release|Any CPU
		{8332BCD2-DC58-466E-8D80-5BCB1FACCD6C}.Debug|Any CPU.ActiveCfg = Debug|Any CPU
		{8332BCD2-DC58-466E-8D80-5BCB1FACCD6C}.Debug|Any CPU.Build.0 = Debug|Any CPU
		{8332BCD2-DC58-466E-8D80-5BCB1FACCD6C}.Deploy-dev|Any CPU.ActiveCfg = Deploy-dev|Any CPU
		{8332BCD2-DC58-466E-8D80-5BCB1FACCD6C}.Deploy-dev|Any CPU.Build.0 = Deploy-dev|Any CPU
		{8332BCD2-DC58-466E-8D80-5BCB1FACCD6C}.MONODROID|Any CPU.ActiveCfg = Deploy-dev|Any CPU
		{8332BCD2-DC58-466E-8D80-5BCB1FACCD6C}.MONODROID|Any CPU.Build.0 = Deploy-dev|Any CPU
		{8332BCD2-DC58-466E-8D80-5BCB1FACCD6C}.Release|Any CPU.ActiveCfg = Release|Any CPU
		{8332BCD2-DC58-466E-8D80-5BCB1FACCD6C}.Release|Any CPU.Build.0 = Release|Any CPU
		{ABD380D9-B4F3-410F-AF37-3635B6C5449C}.Debug|Any CPU.ActiveCfg = Debug|Any CPU
		{ABD380D9-B4F3-410F-AF37-3635B6C5449C}.Debug|Any CPU.Build.0 = Debug|Any CPU
		{ABD380D9-B4F3-410F-AF37-3635B6C5449C}.Deploy-dev|Any CPU.ActiveCfg = Debug|Any CPU
		{ABD380D9-B4F3-410F-AF37-3635B6C5449C}.Deploy-dev|Any CPU.Build.0 = Debug|Any CPU
		{ABD380D9-B4F3-410F-AF37-3635B6C5449C}.MONODROID|Any CPU.ActiveCfg = Release|Any CPU
		{ABD380D9-B4F3-410F-AF37-3635B6C5449C}.MONODROID|Any CPU.Build.0 = Release|Any CPU
		{ABD380D9-B4F3-410F-AF37-3635B6C5449C}.Release|Any CPU.ActiveCfg = Release|Any CPU
		{ABD380D9-B4F3-410F-AF37-3635B6C5449C}.Release|Any CPU.Build.0 = Release|Any CPU
		{51825D6C-4A28-4C33-8598-004462023A27}.Debug|Any CPU.ActiveCfg = Debug|Any CPU
		{51825D6C-4A28-4C33-8598-004462023A27}.Debug|Any CPU.Build.0 = Debug|Any CPU
		{51825D6C-4A28-4C33-8598-004462023A27}.Deploy-dev|Any CPU.ActiveCfg = Debug|Any CPU
		{51825D6C-4A28-4C33-8598-004462023A27}.Deploy-dev|Any CPU.Build.0 = Debug|Any CPU
		{51825D6C-4A28-4C33-8598-004462023A27}.MONODROID|Any CPU.ActiveCfg = Release|Any CPU
		{51825D6C-4A28-4C33-8598-004462023A27}.MONODROID|Any CPU.Build.0 = Release|Any CPU
		{51825D6C-4A28-4C33-8598-004462023A27}.Release|Any CPU.ActiveCfg = Release|Any CPU
		{51825D6C-4A28-4C33-8598-004462023A27}.Release|Any CPU.Build.0 = Release|Any CPU
		{F9662B78-1AFB-4DD2-B69B-3D153CB1C632}.Debug|Any CPU.ActiveCfg = Debug|Any CPU
		{F9662B78-1AFB-4DD2-B69B-3D153CB1C632}.Debug|Any CPU.Build.0 = Debug|Any CPU
		{F9662B78-1AFB-4DD2-B69B-3D153CB1C632}.Deploy-dev|Any CPU.ActiveCfg = Debug|Any CPU
		{F9662B78-1AFB-4DD2-B69B-3D153CB1C632}.Deploy-dev|Any CPU.Build.0 = Debug|Any CPU
		{F9662B78-1AFB-4DD2-B69B-3D153CB1C632}.MONODROID|Any CPU.ActiveCfg = Release|Any CPU
		{F9662B78-1AFB-4DD2-B69B-3D153CB1C632}.MONODROID|Any CPU.Build.0 = Release|Any CPU
		{F9662B78-1AFB-4DD2-B69B-3D153CB1C632}.Release|Any CPU.ActiveCfg = Release|Any CPU
		{F9662B78-1AFB-4DD2-B69B-3D153CB1C632}.Release|Any CPU.Build.0 = Release|Any CPU
		{8E2698A4-1286-4534-BD2C-04C76AE2DA5B}.Debug|Any CPU.ActiveCfg = Debug|Any CPU
		{8E2698A4-1286-4534-BD2C-04C76AE2DA5B}.Debug|Any CPU.Build.0 = Debug|Any CPU
		{8E2698A4-1286-4534-BD2C-04C76AE2DA5B}.Deploy-dev|Any CPU.ActiveCfg = Deploy-dev|Any CPU
		{8E2698A4-1286-4534-BD2C-04C76AE2DA5B}.Deploy-dev|Any CPU.Build.0 = Deploy-dev|Any CPU
		{8E2698A4-1286-4534-BD2C-04C76AE2DA5B}.MONODROID|Any CPU.ActiveCfg = Deploy-dev|Any CPU
		{8E2698A4-1286-4534-BD2C-04C76AE2DA5B}.MONODROID|Any CPU.Build.0 = Deploy-dev|Any CPU
		{8E2698A4-1286-4534-BD2C-04C76AE2DA5B}.Release|Any CPU.ActiveCfg = Release|Any CPU
		{8E2698A4-1286-4534-BD2C-04C76AE2DA5B}.Release|Any CPU.Build.0 = Release|Any CPU
		{3CA026F4-D544-4C67-9906-A1BE03617AED}.Debug|Any CPU.ActiveCfg = Debug|Any CPU
		{3CA026F4-D544-4C67-9906-A1BE03617AED}.Debug|Any CPU.Build.0 = Debug|Any CPU
		{3CA026F4-D544-4C67-9906-A1BE03617AED}.Deploy-dev|Any CPU.ActiveCfg = Debug|Any CPU
		{3CA026F4-D544-4C67-9906-A1BE03617AED}.Deploy-dev|Any CPU.Build.0 = Debug|Any CPU
		{3CA026F4-D544-4C67-9906-A1BE03617AED}.MONODROID|Any CPU.ActiveCfg = Release|Any CPU
		{3CA026F4-D544-4C67-9906-A1BE03617AED}.MONODROID|Any CPU.Build.0 = Release|Any CPU
		{3CA026F4-D544-4C67-9906-A1BE03617AED}.Release|Any CPU.ActiveCfg = Release|Any CPU
		{3CA026F4-D544-4C67-9906-A1BE03617AED}.Release|Any CPU.Build.0 = Release|Any CPU
		{2653BF3D-0762-4CA5-8A79-19EDB1DEAF71}.Debug|Any CPU.ActiveCfg = Debug|Any CPU
		{2653BF3D-0762-4CA5-8A79-19EDB1DEAF71}.Debug|Any CPU.Build.0 = Debug|Any CPU
		{2653BF3D-0762-4CA5-8A79-19EDB1DEAF71}.Deploy-dev|Any CPU.ActiveCfg = Deploy-dev|Any CPU
		{2653BF3D-0762-4CA5-8A79-19EDB1DEAF71}.Deploy-dev|Any CPU.Build.0 = Deploy-dev|Any CPU
		{2653BF3D-0762-4CA5-8A79-19EDB1DEAF71}.MONODROID|Any CPU.ActiveCfg = Deploy-dev|Any CPU
		{2653BF3D-0762-4CA5-8A79-19EDB1DEAF71}.MONODROID|Any CPU.Build.0 = Deploy-dev|Any CPU
		{2653BF3D-0762-4CA5-8A79-19EDB1DEAF71}.Release|Any CPU.ActiveCfg = Release|Any CPU
		{2653BF3D-0762-4CA5-8A79-19EDB1DEAF71}.Release|Any CPU.Build.0 = Release|Any CPU
		{7DB184A7-D428-4700-8242-21111F4779A4}.Debug|Any CPU.ActiveCfg = Debug|Any CPU
		{7DB184A7-D428-4700-8242-21111F4779A4}.Debug|Any CPU.Build.0 = Debug|Any CPU
		{7DB184A7-D428-4700-8242-21111F4779A4}.Deploy-dev|Any CPU.ActiveCfg = Debug|Any CPU
		{7DB184A7-D428-4700-8242-21111F4779A4}.Deploy-dev|Any CPU.Build.0 = Debug|Any CPU
		{7DB184A7-D428-4700-8242-21111F4779A4}.MONODROID|Any CPU.ActiveCfg = Release|Any CPU
		{7DB184A7-D428-4700-8242-21111F4779A4}.MONODROID|Any CPU.Build.0 = Release|Any CPU
		{7DB184A7-D428-4700-8242-21111F4779A4}.Release|Any CPU.ActiveCfg = Release|Any CPU
		{7DB184A7-D428-4700-8242-21111F4779A4}.Release|Any CPU.Build.0 = Release|Any CPU
		{41E11B34-5BEB-48E6-B9B0-2DEA05CFA7FB}.Debug|Any CPU.ActiveCfg = Debug|Any CPU
		{41E11B34-5BEB-48E6-B9B0-2DEA05CFA7FB}.Debug|Any CPU.Build.0 = Debug|Any CPU
		{41E11B34-5BEB-48E6-B9B0-2DEA05CFA7FB}.Deploy-dev|Any CPU.ActiveCfg = Deploy-dev|Any CPU
		{41E11B34-5BEB-48E6-B9B0-2DEA05CFA7FB}.Deploy-dev|Any CPU.Build.0 = Deploy-dev|Any CPU
		{41E11B34-5BEB-48E6-B9B0-2DEA05CFA7FB}.MONODROID|Any CPU.ActiveCfg = Deploy-dev|Any CPU
		{41E11B34-5BEB-48E6-B9B0-2DEA05CFA7FB}.MONODROID|Any CPU.Build.0 = Deploy-dev|Any CPU
		{41E11B34-5BEB-48E6-B9B0-2DEA05CFA7FB}.Release|Any CPU.ActiveCfg = Release|Any CPU
		{41E11B34-5BEB-48E6-B9B0-2DEA05CFA7FB}.Release|Any CPU.Build.0 = Release|Any CPU
		{0C236AF6-B2AF-4595-B914-FC2DE02BEC56}.Debug|Any CPU.ActiveCfg = Debug|Any CPU
		{0C236AF6-B2AF-4595-B914-FC2DE02BEC56}.Debug|Any CPU.Build.0 = Debug|Any CPU
		{0C236AF6-B2AF-4595-B914-FC2DE02BEC56}.Deploy-dev|Any CPU.ActiveCfg = Debug|Any CPU
		{0C236AF6-B2AF-4595-B914-FC2DE02BEC56}.Deploy-dev|Any CPU.Build.0 = Debug|Any CPU
		{0C236AF6-B2AF-4595-B914-FC2DE02BEC56}.MONODROID|Any CPU.ActiveCfg = Release|Any CPU
		{0C236AF6-B2AF-4595-B914-FC2DE02BEC56}.MONODROID|Any CPU.Build.0 = Release|Any CPU
		{0C236AF6-B2AF-4595-B914-FC2DE02BEC56}.Release|Any CPU.ActiveCfg = Release|Any CPU
		{0C236AF6-B2AF-4595-B914-FC2DE02BEC56}.Release|Any CPU.Build.0 = Release|Any CPU
		{03626966-3597-42FA-A394-A13941B558EB}.Debug|Any CPU.ActiveCfg = Debug|Any CPU
		{03626966-3597-42FA-A394-A13941B558EB}.Debug|Any CPU.Build.0 = Debug|Any CPU
		{03626966-3597-42FA-A394-A13941B558EB}.Deploy-dev|Any CPU.ActiveCfg = Deploy-dev|Any CPU
		{03626966-3597-42FA-A394-A13941B558EB}.Deploy-dev|Any CPU.Build.0 = Deploy-dev|Any CPU
		{03626966-3597-42FA-A394-A13941B558EB}.MONODROID|Any CPU.ActiveCfg = Deploy-dev|Any CPU
		{03626966-3597-42FA-A394-A13941B558EB}.MONODROID|Any CPU.Build.0 = Deploy-dev|Any CPU
		{03626966-3597-42FA-A394-A13941B558EB}.Release|Any CPU.ActiveCfg = Release|Any CPU
		{03626966-3597-42FA-A394-A13941B558EB}.Release|Any CPU.Build.0 = Release|Any CPU
		{206B6F47-D790-4105-BD26-41583C7D04B3}.Debug|Any CPU.ActiveCfg = Debug|Any CPU
		{206B6F47-D790-4105-BD26-41583C7D04B3}.Debug|Any CPU.Build.0 = Debug|Any CPU
		{206B6F47-D790-4105-BD26-41583C7D04B3}.Deploy-dev|Any CPU.ActiveCfg = Debug|Any CPU
		{206B6F47-D790-4105-BD26-41583C7D04B3}.Deploy-dev|Any CPU.Build.0 = Debug|Any CPU
		{206B6F47-D790-4105-BD26-41583C7D04B3}.MONODROID|Any CPU.ActiveCfg = Release|Any CPU
		{206B6F47-D790-4105-BD26-41583C7D04B3}.MONODROID|Any CPU.Build.0 = Release|Any CPU
		{206B6F47-D790-4105-BD26-41583C7D04B3}.Release|Any CPU.ActiveCfg = Release|Any CPU
		{206B6F47-D790-4105-BD26-41583C7D04B3}.Release|Any CPU.Build.0 = Release|Any CPU
		{AD672732-3D12-48BC-8612-09547F0065D3}.Debug|Any CPU.ActiveCfg = Debug|Any CPU
		{AD672732-3D12-48BC-8612-09547F0065D3}.Debug|Any CPU.Build.0 = Debug|Any CPU
		{AD672732-3D12-48BC-8612-09547F0065D3}.Deploy-dev|Any CPU.ActiveCfg = Deploy-dev|Any CPU
		{AD672732-3D12-48BC-8612-09547F0065D3}.Deploy-dev|Any CPU.Build.0 = Deploy-dev|Any CPU
		{AD672732-3D12-48BC-8612-09547F0065D3}.MONODROID|Any CPU.ActiveCfg = Deploy-dev|Any CPU
		{AD672732-3D12-48BC-8612-09547F0065D3}.MONODROID|Any CPU.Build.0 = Deploy-dev|Any CPU
		{AD672732-3D12-48BC-8612-09547F0065D3}.Release|Any CPU.ActiveCfg = Release|Any CPU
		{AD672732-3D12-48BC-8612-09547F0065D3}.Release|Any CPU.Build.0 = Release|Any CPU
		{CAFF029B-9FE0-4AE9-A475-C384D9022471}.Debug|Any CPU.ActiveCfg = Debug|Any CPU
		{CAFF029B-9FE0-4AE9-A475-C384D9022471}.Debug|Any CPU.Build.0 = Debug|Any CPU
		{CAFF029B-9FE0-4AE9-A475-C384D9022471}.Deploy-dev|Any CPU.ActiveCfg = Debug|Any CPU
		{CAFF029B-9FE0-4AE9-A475-C384D9022471}.Deploy-dev|Any CPU.Build.0 = Debug|Any CPU
		{CAFF029B-9FE0-4AE9-A475-C384D9022471}.MONODROID|Any CPU.ActiveCfg = Release|Any CPU
		{CAFF029B-9FE0-4AE9-A475-C384D9022471}.MONODROID|Any CPU.Build.0 = Release|Any CPU
		{CAFF029B-9FE0-4AE9-A475-C384D9022471}.Release|Any CPU.ActiveCfg = Release|Any CPU
		{CAFF029B-9FE0-4AE9-A475-C384D9022471}.Release|Any CPU.Build.0 = Release|Any CPU
		{E48338BD-D392-4606-B919-795DBBC469B8}.Debug|Any CPU.ActiveCfg = Debug|Any CPU
		{E48338BD-D392-4606-B919-795DBBC469B8}.Debug|Any CPU.Build.0 = Debug|Any CPU
		{E48338BD-D392-4606-B919-795DBBC469B8}.Deploy-dev|Any CPU.ActiveCfg = Debug|Any CPU
		{E48338BD-D392-4606-B919-795DBBC469B8}.Deploy-dev|Any CPU.Build.0 = Debug|Any CPU
		{E48338BD-D392-4606-B919-795DBBC469B8}.MONODROID|Any CPU.ActiveCfg = Release|Any CPU
		{E48338BD-D392-4606-B919-795DBBC469B8}.MONODROID|Any CPU.Build.0 = Release|Any CPU
		{E48338BD-D392-4606-B919-795DBBC469B8}.Release|Any CPU.ActiveCfg = Release|Any CPU
		{E48338BD-D392-4606-B919-795DBBC469B8}.Release|Any CPU.Build.0 = Release|Any CPU
	EndGlobalSection
	GlobalSection(SolutionProperties) = preSolution
		HideSolutionNode = FALSE
	EndGlobalSection
	GlobalSection(NestedProjects) = preSolution
		{665BFDF8-E00D-4102-960A-49585D972FB7} = {6B97CFA4-4A98-412B-80E8-10511E781DCE}
		{493155D3-84FF-4047-9114-DE622DE5C3E9} = {6B97CFA4-4A98-412B-80E8-10511E781DCE}
		{CA9E537B-E2ED-4A63-B936-834C9A8C194B} = {6B97CFA4-4A98-412B-80E8-10511E781DCE}
		{805098EC-6BA3-43EB-9A2F-9640E641E2F9} = {04266C1B-4C1A-4FF3-8CC8-7823A3E92200}
		{4810E77C-357A-48F8-BEF7-1D0A5C3423E9} = {04266C1B-4C1A-4FF3-8CC8-7823A3E92200}
		{5588B946-9AB7-4D72-9932-790ECB71BC36} = {04266C1B-4C1A-4FF3-8CC8-7823A3E92200}
		{C29EBFC8-DD61-4048-A2A9-97FE7D636F70} = {B7280D2A-26B0-466E-8DFB-C1642E2B7E1F}
		{4BBDA879-33EC-4D79-8548-AD3A8824906D} = {B7280D2A-26B0-466E-8DFB-C1642E2B7E1F}
		{6C2F3734-7311-40FB-B367-3D755E7CE75D} = {B7280D2A-26B0-466E-8DFB-C1642E2B7E1F}
		{84000E8A-5910-40EB-BDB1-F146D3F82DC9} = {B7280D2A-26B0-466E-8DFB-C1642E2B7E1F}
		{3E34927E-F47E-4351-896B-03C7BE7A353E} = {D24FEFE4-20B4-41B5-BB49-E5EFE58E6D53}
		{5177AFE4-E047-4F57-AB4D-84911D16F818} = {D24FEFE4-20B4-41B5-BB49-E5EFE58E6D53}
		{A2E08879-319F-4CAC-85ED-EF62DE05536C} = {D24FEFE4-20B4-41B5-BB49-E5EFE58E6D53}
		{F8E5E800-F842-4F84-A0C6-B3E1E5DB2BB4} = {D24FEFE4-20B4-41B5-BB49-E5EFE58E6D53}
		{7714E2D3-372D-4B0A-9393-F7A0EDA331F5} = {D24FEFE4-20B4-41B5-BB49-E5EFE58E6D53}
		{AA90754B-CA47-429E-BDC8-2A83E94179B7} = {D24FEFE4-20B4-41B5-BB49-E5EFE58E6D53}
		{50E98525-806C-41E3-9366-D36B1CD936D0} = {D24FEFE4-20B4-41B5-BB49-E5EFE58E6D53}
		{FD52AF46-2A79-4CA1-BFC0-FA4BB95C1A87} = {D24FEFE4-20B4-41B5-BB49-E5EFE58E6D53}
		{D9B00954-F40B-4B86-A0A7-8CAA7B69F211} = {D24FEFE4-20B4-41B5-BB49-E5EFE58E6D53}
		{ABD380D9-B4F3-410F-AF37-3635B6C5449C} = {D24FEFE4-20B4-41B5-BB49-E5EFE58E6D53}
		{F9662B78-1AFB-4DD2-B69B-3D153CB1C632} = {D24FEFE4-20B4-41B5-BB49-E5EFE58E6D53}
		{3CA026F4-D544-4C67-9906-A1BE03617AED} = {D24FEFE4-20B4-41B5-BB49-E5EFE58E6D53}
		{7DB184A7-D428-4700-8242-21111F4779A4} = {D24FEFE4-20B4-41B5-BB49-E5EFE58E6D53}
		{0C236AF6-B2AF-4595-B914-FC2DE02BEC56} = {D24FEFE4-20B4-41B5-BB49-E5EFE58E6D53}
		{206B6F47-D790-4105-BD26-41583C7D04B3} = {D24FEFE4-20B4-41B5-BB49-E5EFE58E6D53}
		{E48338BD-D392-4606-B919-795DBBC469B8} = {D24FEFE4-20B4-41B5-BB49-E5EFE58E6D53}
		{3464F3AE-094C-4DEC-8725-59506328E597} = {805098EC-6BA3-43EB-9A2F-9640E641E2F9}
		{400CDE74-7407-4388-8D57-BF429E7C508D} = {805098EC-6BA3-43EB-9A2F-9640E641E2F9}
		{4489F996-D379-43D1-8932-3C48D59D9AB5} = {805098EC-6BA3-43EB-9A2F-9640E641E2F9}
		{8263CA84-BFB5-4A7B-AE31-F5FC5B05E7C1} = {805098EC-6BA3-43EB-9A2F-9640E641E2F9}
		{75470164-4087-4E9B-845A-5400C038A499} = {4810E77C-357A-48F8-BEF7-1D0A5C3423E9}
		{AE5B9E45-0758-47AA-AFB4-E2795F09F850} = {665BFDF8-E00D-4102-960A-49585D972FB7}
		{C96EA28A-CDC4-468B-B111-D54B4C6C00C1} = {665BFDF8-E00D-4102-960A-49585D972FB7}
		{39AEBC09-5A81-47C8-B68D-4984199AE1FE} = {665BFDF8-E00D-4102-960A-49585D972FB7}
		{12F3621B-9D36-4CFD-B797-69B52D5973C9} = {5588B946-9AB7-4D72-9932-790ECB71BC36}
		{DEDC7ECF-21F8-4D39-81C4-5DBE2E8B9D5D} = {493155D3-84FF-4047-9114-DE622DE5C3E9}
		{E188A976-E54A-412B-B7B3-3B28E688D4C7} = {493155D3-84FF-4047-9114-DE622DE5C3E9}
		{44762E2D-1380-441B-B924-7CAEAFAF5955} = {CA9E537B-E2ED-4A63-B936-834C9A8C194B}
		{0F67084B-3ECB-4F88-BA20-5A6C7ACC35BF} = {CA9E537B-E2ED-4A63-B936-834C9A8C194B}
		{B541F613-B375-4C8A-A7B0-7700DBDCB402} = {5CDF50E7-997B-4189-8456-743096C072E0}
		{CEE9E3BE-6A93-45DE-A44B-92C937FEEEE2} = {5CDF50E7-997B-4189-8456-743096C072E0}
		{1B6F5F3E-21E7-45A5-8392-778559E0B3D4} = {5CDF50E7-997B-4189-8456-743096C072E0}
		{D7385B88-700E-49FF-82A1-3850F3E6FB1C} = {5CDF50E7-997B-4189-8456-743096C072E0}
		{326D75E0-AAD7-4264-9396-1B407BD3A075} = {5CDF50E7-997B-4189-8456-743096C072E0}
		{6348B95C-82A8-41AA-BDAF-3AAC01366E6A} = {B541F613-B375-4C8A-A7B0-7700DBDCB402}
		{01F84441-80D3-49B4-AB18-96894ACB2F90} = {B541F613-B375-4C8A-A7B0-7700DBDCB402}
		{A6164AE1-61B3-453B-89A5-F813CC1F809B} = {B541F613-B375-4C8A-A7B0-7700DBDCB402}
		{5F014003-50D8-49E0-8AFE-91D38DCCC97C} = {B541F613-B375-4C8A-A7B0-7700DBDCB402}
		{EA93A91D-7BC9-4EC0-8A22-8A772AFD76C3} = {6348B95C-82A8-41AA-BDAF-3AAC01366E6A}
		{2653BF3D-0762-4CA5-8A79-19EDB1DEAF71} = {CEE9E3BE-6A93-45DE-A44B-92C937FEEEE2}
		{C71E88E7-10A1-40FB-A789-E1FF2F0687D4} = {CEE9E3BE-6A93-45DE-A44B-92C937FEEEE2}
		{41E11B34-5BEB-48E6-B9B0-2DEA05CFA7FB} = {1B6F5F3E-21E7-45A5-8392-778559E0B3D4}
		{072C1754-ADF8-4F41-8D96-9C2E1083E6A7} = {1B6F5F3E-21E7-45A5-8392-778559E0B3D4}
		{51825D6C-4A28-4C33-8598-004462023A27} = {D7385B88-700E-49FF-82A1-3850F3E6FB1C}
		{8332BCD2-DC58-466E-8D80-5BCB1FACCD6C} = {D7385B88-700E-49FF-82A1-3850F3E6FB1C}
		{03626966-3597-42FA-A394-A13941B558EB} = {326D75E0-AAD7-4264-9396-1B407BD3A075}
		{AD672732-3D12-48BC-8612-09547F0065D3} = {326D75E0-AAD7-4264-9396-1B407BD3A075}
		{CAFF029B-9FE0-4AE9-A475-C384D9022471} = {326D75E0-AAD7-4264-9396-1B407BD3A075}
		{8E2698A4-1286-4534-BD2C-04C76AE2DA5B} = {326D75E0-AAD7-4264-9396-1B407BD3A075}
	EndGlobalSection
EndGlobal
