
Microsoft Visual Studio Solution File, Format Version 12.00
# Visual Studio 2012
Project("{2150E333-8FDC-42A3-9474-1A3956D46DE8}") = ".nuget", ".nuget", "{AD7E0C01-7CD9-46FD-9DD7-3BC8A5C10ECF}"
EndProject
Project("{2150E333-8FDC-42A3-9474-1A3956D46DE8}") = "Core", "Core", "{6B97CFA4-4A98-412B-80E8-10511E781DCE}"
EndProject
Project("{2150E333-8FDC-42A3-9474-1A3956D46DE8}") = "UI", "UI", "{04266C1B-4C1A-4FF3-8CC8-7823A3E92200}"
EndProject
Project("{2150E333-8FDC-42A3-9474-1A3956D46DE8}") = "Τools", "Τools", "{B7280D2A-26B0-466E-8DFB-C1642E2B7E1F}"
EndProject
Project("{2150E333-8FDC-42A3-9474-1A3956D46DE8}") = "Τests", "Τests", "{D24FEFE4-20B4-41B5-BB49-E5EFE58E6D53}"
EndProject
Global
	GlobalSection(SolutionProperties) = preSolution
		HideSolutionNode = FALSE
	EndGlobalSection
EndGlobal
