
Microsoft Visual Studio Solution File, Format Version 12.00
# Visual Studio 2012
Project("{2150E333-8FDC-42A3-9474-1A3956D46DE8}") = "AndroidFolders", "AndroidFolders", "{8A5C980E-E845-4EC9-A2B7-17539680186B}"
EndProject
Project("{2150E333-8FDC-42A3-9474-1A3956D46DE8}") = "OriginalSources", "OriginalSources", "{5E71E49B-22B9-403A-9429-C1EECAC64089}"
EndProject
Project("{2150E333-8FDC-42A3-9474-1A3956D46DE8}") = "NUnit", "NUnit", "{DC07E0FF-CCA1-49BE-AB98-C4AA9D164F6B}"
EndProject
Project("{2150E333-8FDC-42A3-9474-1A3956D46DE8}") = "Adds", "Adds", "{F48BEA82-A834-40A1-A3E3-EE7E9969ACB7}"
EndProject
Project("{2150E333-8FDC-42A3-9474-1A3956D46DE8}") = "EventStores", "EventStores", "{EA2F2634-F0F2-4F42-8D43-627BBAAA012C}"
EndProject
Project("{FAE04EC0-301F-11D3-BF4B-00C04F79EFBC}") = "Ncqrs", "..\Externals\Framework\src\Ncqrs\Ncqrs.csproj", "{01F84441-80D3-49B4-AB18-96894ACB2F90}"
EndProject
Project("{FAE04EC0-301F-11D3-BF4B-00C04F79EFBC}") = "Ncqrs.Spec", "..\Externals\Framework\src\Ncqrs.Spec\Ncqrs.Spec.csproj", "{AA90754B-CA47-429E-BDC8-2A83E94179B7}"
EndProject
Project("{FAE04EC0-301F-11D3-BF4B-00C04F79EFBC}") = "Ncqrs.Tests", "..\Externals\Framework\src\Ncqrs.Tests\Ncqrs.Tests.csproj", "{50E98525-806C-41E3-9366-D36B1CD936D0}"
EndProject
Project("{FAE04EC0-301F-11D3-BF4B-00C04F79EFBC}") = "Core.CAPI", "..\RavenQuestionnaire.Web\Core.CAPI\Core.CAPI.csproj", "{C71E88E7-10A1-40FB-A789-E1FF2F0687D4}"
EndProject
Project("{FAE04EC0-301F-11D3-BF4B-00C04F79EFBC}") = "Core.CAPI.Tests", "..\RavenQuestionnaire.Web\Core.CAPI.Tests\Core.CAPI.Tests.csproj", "{FD52AF46-2A79-4CA1-BFC0-FA4BB95C1A87}"
EndProject
Project("{FAE04EC0-301F-11D3-BF4B-00C04F79EFBC}") = "NCalc", "..\ExpressionEvaluator\Evaluant.Calculator\NCalc.csproj", "{5F014003-50D8-49E0-8AFE-91D38DCCC97C}"
EndProject
Project("{FAE04EC0-301F-11D3-BF4B-00C04F79EFBC}") = "NCalc.Tests", "..\ExpressionEvaluator\Evaluant.Calculator.Tests\NCalc.Tests.csproj", "{F8E5E800-F842-4F84-A0C6-B3E1E5DB2BB4}"
EndProject
Project("{FAE04EC0-301F-11D3-BF4B-00C04F79EFBC}") = "Main.Core", "..\RavenQuestionnaire.Web\Main.Core\Main.Core.csproj", "{8332BCD2-DC58-466E-8D80-5BCB1FACCD6C}"
EndProject
Project("{FAE04EC0-301F-11D3-BF4B-00C04F79EFBC}") = "Main.Core.Tests", "..\RavenQuestionnaire.Web\Main.Core.Tests\Main.Core.Tests.csproj", "{ABD380D9-B4F3-410F-AF37-3635B6C5449C}"
EndProject
Project("{FAE04EC0-301F-11D3-BF4B-00C04F79EFBC}") = "Ncqrs.Restoring.EventStapshoot", "..\RavenQuestionnaire.Web\Ncqrs.Restoring.EventStapshoot\Ncqrs.Restoring.EventStapshoot.csproj", "{7598C70B-5772-4ED5-81DE-C0D7718BC164}"
EndProject
Project("{FAE04EC0-301F-11D3-BF4B-00C04F79EFBC}") = "Ncqrs.Restoring.EventStapshoot.test", "..\RavenQuestionnaire.Web\Ncqrs.Restoring.EventStapshoot.test\Ncqrs.Restoring.EventStapshoot.test.csproj", "{2719C23D-0A12-4E5B-B4DC-99CDBF413937}"
EndProject
Project("{FAE04EC0-301F-11D3-BF4B-00C04F79EFBC}") = "AndroidNCalc", "AndroidNCalc\AndroidNCalc.csproj", "{F0476C33-6F4F-4524-9CEA-37E87D55E67E}"
EndProject
Project("{FAE04EC0-301F-11D3-BF4B-00C04F79EFBC}") = "NUnitLite.MonoDroid", "NUnitLite.MonoDroid\NUnitLite.MonoDroid.csproj", "{26327C81-7655-443D-9E04-443AC07BD6CC}"
EndProject
Project("{FAE04EC0-301F-11D3-BF4B-00C04F79EFBC}") = "NUnitLite.MonoDroid.Runner", "NUnitLite.MonoDroid.Runner\NUnitLite.MonoDroid.Runner.csproj", "{7E10B3F0-F646-43E1-A301-04FB8FE7B81B}"
EndProject
Project("{FAE04EC0-301F-11D3-BF4B-00C04F79EFBC}") = "AndroidNcqrs.Spec", "AndroidNcqrs.Spec\AndroidNcqrs.Spec.csproj", "{C500A144-E8B6-41C1-8776-DC468E1D4889}"
EndProject
Project("{FAE04EC0-301F-11D3-BF4B-00C04F79EFBC}") = "AndroidNcqrs.Tests", "AndroidNcqrs.Tests\AndroidNcqrs.Tests.csproj", "{B1AA86AF-1FFA-4D20-B612-D7C119635438}"
EndProject
Project("{FAE04EC0-301F-11D3-BF4B-00C04F79EFBC}") = "AndroidNcqrs.Restoring.EventStapshoot", "AndroidNcqrs.Restoring.EventStapshoot\AndroidNcqrs.Restoring.EventStapshoot.csproj", "{30BE60C9-980F-40E1-A8FD-C2A5959827D3}"
EndProject
Project("{FAE04EC0-301F-11D3-BF4B-00C04F79EFBC}") = "AndroidMain.Core", "AndroidMain.Core\AndroidMain.Core.csproj", "{6B9B6AB7-8858-49A3-A44A-4B56EE31C12C}"
EndProject
Project("{FAE04EC0-301F-11D3-BF4B-00C04F79EFBC}") = "AndroidLogger", "AndroidLogger\AndroidLogger.csproj", "{2DA6C60D-CB06-40B4-91AF-A903451E3DB4}"
EndProject
Project("{FAE04EC0-301F-11D3-BF4B-00C04F79EFBC}") = "AndroidCore.Capi", "AndroidCore.Capi\AndroidCore.Capi.csproj", "{ED790AED-465E-4787-A9A3-8380229E0470}"
EndProject
Project("{FAE04EC0-301F-11D3-BF4B-00C04F79EFBC}") = "AndroidCore.CAPI.Tests", "AndroidCore.CAPI.Tests\AndroidCore.CAPI.Tests.csproj", "{18843DE6-BA3F-4964-BB63-99635C3CAEDA}"
EndProject
Project("{FAE04EC0-301F-11D3-BF4B-00C04F79EFBC}") = "AndroidMain.Core.Tests", "AndroidMain.Core.Tests\AndroidMain.Core.Tests.csproj", "{9268D360-154C-46C9-9B56-924DE80306A6}"
EndProject
Project("{FAE04EC0-301F-11D3-BF4B-00C04F79EFBC}") = "Android.Tests.Runner", "Android.Tests.Runner\Android.Tests.Runner.csproj", "{15F83817-1405-42FE-B0B4-9A663851CC98}"
EndProject
Project("{FAE04EC0-301F-11D3-BF4B-00C04F79EFBC}") = "AndroidNCalc.Tests", "AndroidNCalc.Tests\AndroidNCalc.Tests.csproj", "{9F3A0A7A-471A-43CC-8E12-F465B413623D}"
EndProject
Project("{FAE04EC0-301F-11D3-BF4B-00C04F79EFBC}") = "AndroidNcqrs.Restoring.EventStapshoot.Test", "AndroidNcqrs.Restoring.EventStapshoot.Test\AndroidNcqrs.Restoring.EventStapshoot.Test.csproj", "{7D58D343-D618-4FD2-A4C5-CFA90D533229}"
EndProject
Project("{FAE04EC0-301F-11D3-BF4B-00C04F79EFBC}") = "AndroidNcqrs.Eventing.Storage.SQLite", "AndroidNcqrs.Eventing.Storage.SQLite\AndroidNcqrs.Eventing.Storage.SQLite.csproj", "{F9A0B560-A8BF-4914-88FB-7D98DF4242EF}"
EndProject
Project("{FAE04EC0-301F-11D3-BF4B-00C04F79EFBC}") = "AndroidNcqrs.Eventing.Storage.SQLite.Tests", "AndroidNcqrs.Eventing.Storage.SQLite.Tests\AndroidNcqrs.Eventing.Storage.SQLite.Tests.csproj", "{5DEEE833-95C4-4D28-AAA7-E281FF1569D8}"
EndProject
Project("{FAE04EC0-301F-11D3-BF4B-00C04F79EFBC}") = "Ncqrs.Eventing.Storage.RavenDB", "..\Externals\Extentions\Ncqrs.Eventing.Storage.RavenDB\Ncqrs.Eventing.Storage.RavenDB.csproj", "{EA93A91D-7BC9-4EC0-8A22-8A772AFD76C3}"
EndProject
Project("{FAE04EC0-301F-11D3-BF4B-00C04F79EFBC}") = "AndroidAntlr3.Runtime", "AndroidAntlr3.Runtime\AndroidAntlr3.Runtime.csproj", "{8237C4D5-6F0E-4DE4-B145-F471D49EBAAC}"
EndProject
Project("{FAE04EC0-301F-11D3-BF4B-00C04F79EFBC}") = "AndroidNinject", "AndroidNinject\AndroidNinject.csproj", "{DC128FDF-0F94-4B63-B79E-DDD02E5E1F0F}"
EndProject
Project("{FAE04EC0-301F-11D3-BF4B-00C04F79EFBC}") = "AndroidNinject.Extensions.Conventions", "AndroidNinject.Extensions.Conventions\AndroidNinject.Extensions.Conventions.csproj", "{E21BC003-84B5-41BE-928C-75874418ACD2}"
EndProject
Project("{FAE04EC0-301F-11D3-BF4B-00C04F79EFBC}") = "AndroidNinject.Extensions.Factory", "AndroidNinject.Extensions.Factory\AndroidNinject.Extensions.Factory.csproj", "{1A39EA94-3A3C-4C3C-8DC5-AF21268A3C1B}"
EndProject
Project("{FAE04EC0-301F-11D3-BF4B-00C04F79EFBC}") = "AndroidMoq", "AndroidMoq\AndroidMoq.csproj", "{B1606F2F-DA6A-400D-9313-F7822D326931}"
EndProject
Project("{FAE04EC0-301F-11D3-BF4B-00C04F79EFBC}") = "AndroidCastle.Core", "AndroidCastle.Core\AndroidCastle.Core.csproj", "{C9FA7474-8407-4C32-A946-DF47591FCC89}"
EndProject
Project("{FAE04EC0-301F-11D3-BF4B-00C04F79EFBC}") = "AndroidFluentAssertions", "AndroidFluentAssertions\AndroidFluentAssertions.csproj", "{667B05AE-CF79-4A4B-B9F8-DCC0999A729B}"
EndProject
Project("{FAE04EC0-301F-11D3-BF4B-00C04F79EFBC}") = "Main.DenormalizerStorage", "..\RavenQuestionnaire.Web\Main.DenormalizerStorage\Main.DenormalizerStorage.csproj", "{51825D6C-4A28-4C33-8598-004462023A27}"
EndProject
Project("{FAE04EC0-301F-11D3-BF4B-00C04F79EFBC}") = "Main.DenormalizerStorage.Tests", "..\RavenQuestionnaire.Web\Main.DenormalizerStorage.Tests\Main.DenormalizerStorage.Tests.csproj", "{F9662B78-1AFB-4DD2-B69B-3D153CB1C632}"
EndProject
Project("{FAE04EC0-301F-11D3-BF4B-00C04F79EFBC}") = "AndroidMain.DenormalizerStorage", "AndroidMain.DenormalizerStorage\AndroidMain.DenormalizerStorage.csproj", "{F0DB4D2A-A47A-4268-A688-91D097A93237}"
EndProject
Project("{FAE04EC0-301F-11D3-BF4B-00C04F79EFBC}") = "Main.Synchronization", "..\RavenQuestionnaire.Web\Main.Synchronization\Main.Synchronization.csproj", "{CAFF029B-9FE0-4AE9-A475-C384D9022471}"
EndProject
Project("{FAE04EC0-301F-11D3-BF4B-00C04F79EFBC}") = "Main.Synchronization.Tests", "..\RavenQuestionnaire.Web\Main.Synchronization.Tests\Main.Synchronization.Tests.csproj", "{E48338BD-D392-4606-B919-795DBBC469B8}"
EndProject
Project("{FAE04EC0-301F-11D3-BF4B-00C04F79EFBC}") = "SynchronizationMessages", "..\Synchronization\SynchronizationMessages\SynchronizationMessages.csproj", "{AD672732-3D12-48BC-8612-09547F0065D3}"
EndProject
Project("{FAE04EC0-301F-11D3-BF4B-00C04F79EFBC}") = "AndroidMain.Synchronization", "AndroidMain.Synchronization\AndroidMain.Synchronization.csproj", "{613558D5-9AB8-4908-B904-3B8EA86FFB96}"
EndProject
Project("{FAE04EC0-301F-11D3-BF4B-00C04F79EFBC}") = "AndroidSynchronizationMessages", "AndroidSynchronizationMessages\AndroidSynchronizationMessages.csproj", "{0B303848-98EF-4C13-B344-548B5DF5B1B5}"
EndProject
Project("{FAE04EC0-301F-11D3-BF4B-00C04F79EFBC}") = "Mono.Android.Crasher", "Mono.Android.Crasher\Mono.Android.Crasher.csproj", "{4ECE2C97-13A0-46D6-95D1-7BB50A48267B}"
EndProject
Project("{FAE04EC0-301F-11D3-BF4B-00C04F79EFBC}") = "CAPI.Android", "CAPI.Android\CAPI.Android.csproj", "{FC6CE152-DDAE-4F56-91EB-7389A79386F2}"
EndProject
Project("{FAE04EC0-301F-11D3-BF4B-00C04F79EFBC}") = "CAPI.Android.Core.Model", "CAPI.Android.Model\CAPI.Android.Core.Model.csproj", "{EA102E79-6CCF-49F7-9B12-C26320C91CA2}"
EndProject
Project("{FAE04EC0-301F-11D3-BF4B-00C04F79EFBC}") = "CAPI.Android.Core.Model.Tests", "CAPI.Android.Model.Tests\CAPI.Android.Core.Model.Tests.csproj", "{79488597-3210-4C72-A2E5-D4EEC269D3FE}"
EndProject
Project("{FAE04EC0-301F-11D3-BF4B-00C04F79EFBC}") = "AndroidNCQRS", "AndroidNCQRS\AndroidNCQRS.csproj", "{1B9537F5-8650-467A-A280-DF6EA396D6C5}"
EndProject
Project("{FAE04EC0-301F-11D3-BF4B-00C04F79EFBC}") = "Ncqrs.Portable", "..\Externals\Framework\src\Ncqrs.Portable\Ncqrs.Portable.csproj", "{A6164AE1-61B3-453B-89A5-F813CC1F809B}"
EndProject
Global
	GlobalSection(SolutionConfigurationPlatforms) = preSolution
		Debug|Any CPU = Debug|Any CPU
		Deploy-dev|Any CPU = Deploy-dev|Any CPU
		Deploy-devKh|Any CPU = Deploy-devKh|Any CPU
		Deploy-Main|Any CPU = Deploy-Main|Any CPU
		Deploy-Main-Debug|Any CPU = Deploy-Main-Debug|Any CPU
		MONODROID|Any CPU = MONODROID|Any CPU
		Release|Any CPU = Release|Any CPU
	EndGlobalSection
	GlobalSection(ProjectConfigurationPlatforms) = postSolution
		{01F84441-80D3-49B4-AB18-96894ACB2F90}.Debug|Any CPU.ActiveCfg = Debug|Any CPU
		{01F84441-80D3-49B4-AB18-96894ACB2F90}.Debug|Any CPU.Build.0 = Debug|Any CPU
		{01F84441-80D3-49B4-AB18-96894ACB2F90}.Deploy-dev|Any CPU.ActiveCfg = Debug|Any CPU
		{01F84441-80D3-49B4-AB18-96894ACB2F90}.Deploy-dev|Any CPU.Build.0 = Debug|Any CPU
		{01F84441-80D3-49B4-AB18-96894ACB2F90}.Deploy-devKh|Any CPU.ActiveCfg = Debug|Any CPU
		{01F84441-80D3-49B4-AB18-96894ACB2F90}.Deploy-devKh|Any CPU.Build.0 = Debug|Any CPU
		{01F84441-80D3-49B4-AB18-96894ACB2F90}.Deploy-Main|Any CPU.ActiveCfg = Debug|Any CPU
		{01F84441-80D3-49B4-AB18-96894ACB2F90}.Deploy-Main|Any CPU.Build.0 = Debug|Any CPU
		{01F84441-80D3-49B4-AB18-96894ACB2F90}.Deploy-Main-Debug|Any CPU.ActiveCfg = Debug|Any CPU
		{01F84441-80D3-49B4-AB18-96894ACB2F90}.Deploy-Main-Debug|Any CPU.Build.0 = Debug|Any CPU
		{01F84441-80D3-49B4-AB18-96894ACB2F90}.MONODROID|Any CPU.ActiveCfg = MONODROID|Any CPU
		{01F84441-80D3-49B4-AB18-96894ACB2F90}.MONODROID|Any CPU.Build.0 = MONODROID|Any CPU
		{01F84441-80D3-49B4-AB18-96894ACB2F90}.Release|Any CPU.ActiveCfg = Release|Any CPU
		{01F84441-80D3-49B4-AB18-96894ACB2F90}.Release|Any CPU.Build.0 = Release|Any CPU
		{AA90754B-CA47-429E-BDC8-2A83E94179B7}.Debug|Any CPU.ActiveCfg = Debug|Any CPU
		{AA90754B-CA47-429E-BDC8-2A83E94179B7}.Debug|Any CPU.Build.0 = Debug|Any CPU
		{AA90754B-CA47-429E-BDC8-2A83E94179B7}.Deploy-dev|Any CPU.ActiveCfg = Debug|Any CPU
		{AA90754B-CA47-429E-BDC8-2A83E94179B7}.Deploy-dev|Any CPU.Build.0 = Debug|Any CPU
		{AA90754B-CA47-429E-BDC8-2A83E94179B7}.Deploy-devKh|Any CPU.ActiveCfg = Debug|Any CPU
		{AA90754B-CA47-429E-BDC8-2A83E94179B7}.Deploy-devKh|Any CPU.Build.0 = Debug|Any CPU
		{AA90754B-CA47-429E-BDC8-2A83E94179B7}.Deploy-Main|Any CPU.ActiveCfg = Debug|Any CPU
		{AA90754B-CA47-429E-BDC8-2A83E94179B7}.Deploy-Main|Any CPU.Build.0 = Debug|Any CPU
		{AA90754B-CA47-429E-BDC8-2A83E94179B7}.Deploy-Main-Debug|Any CPU.ActiveCfg = Debug|Any CPU
		{AA90754B-CA47-429E-BDC8-2A83E94179B7}.Deploy-Main-Debug|Any CPU.Build.0 = Debug|Any CPU
		{AA90754B-CA47-429E-BDC8-2A83E94179B7}.MONODROID|Any CPU.ActiveCfg = Release|Any CPU
		{AA90754B-CA47-429E-BDC8-2A83E94179B7}.MONODROID|Any CPU.Build.0 = Release|Any CPU
		{AA90754B-CA47-429E-BDC8-2A83E94179B7}.Release|Any CPU.ActiveCfg = Release|Any CPU
		{AA90754B-CA47-429E-BDC8-2A83E94179B7}.Release|Any CPU.Build.0 = Release|Any CPU
		{50E98525-806C-41E3-9366-D36B1CD936D0}.Debug|Any CPU.ActiveCfg = Debug|Any CPU
		{50E98525-806C-41E3-9366-D36B1CD936D0}.Deploy-dev|Any CPU.ActiveCfg = Debug|Any CPU
		{50E98525-806C-41E3-9366-D36B1CD936D0}.Deploy-dev|Any CPU.Build.0 = Debug|Any CPU
		{50E98525-806C-41E3-9366-D36B1CD936D0}.Deploy-devKh|Any CPU.ActiveCfg = Debug|Any CPU
		{50E98525-806C-41E3-9366-D36B1CD936D0}.Deploy-devKh|Any CPU.Build.0 = Debug|Any CPU
		{50E98525-806C-41E3-9366-D36B1CD936D0}.Deploy-Main|Any CPU.ActiveCfg = Debug|Any CPU
		{50E98525-806C-41E3-9366-D36B1CD936D0}.Deploy-Main|Any CPU.Build.0 = Debug|Any CPU
		{50E98525-806C-41E3-9366-D36B1CD936D0}.Deploy-Main-Debug|Any CPU.ActiveCfg = Debug|Any CPU
		{50E98525-806C-41E3-9366-D36B1CD936D0}.Deploy-Main-Debug|Any CPU.Build.0 = Debug|Any CPU
		{50E98525-806C-41E3-9366-D36B1CD936D0}.MONODROID|Any CPU.ActiveCfg = Release|Any CPU
		{50E98525-806C-41E3-9366-D36B1CD936D0}.MONODROID|Any CPU.Build.0 = Release|Any CPU
		{50E98525-806C-41E3-9366-D36B1CD936D0}.Release|Any CPU.ActiveCfg = Release|Any CPU
		{50E98525-806C-41E3-9366-D36B1CD936D0}.Release|Any CPU.Build.0 = Release|Any CPU
		{C71E88E7-10A1-40FB-A789-E1FF2F0687D4}.Debug|Any CPU.ActiveCfg = Debug|Any CPU
		{C71E88E7-10A1-40FB-A789-E1FF2F0687D4}.Debug|Any CPU.Build.0 = Debug|Any CPU
		{C71E88E7-10A1-40FB-A789-E1FF2F0687D4}.Deploy-dev|Any CPU.ActiveCfg = Deploy-dev|Any CPU
		{C71E88E7-10A1-40FB-A789-E1FF2F0687D4}.Deploy-dev|Any CPU.Build.0 = Deploy-dev|Any CPU
		{C71E88E7-10A1-40FB-A789-E1FF2F0687D4}.Deploy-devKh|Any CPU.ActiveCfg = Deploy-dev|Any CPU
		{C71E88E7-10A1-40FB-A789-E1FF2F0687D4}.Deploy-devKh|Any CPU.Build.0 = Deploy-dev|Any CPU
		{C71E88E7-10A1-40FB-A789-E1FF2F0687D4}.Deploy-Main|Any CPU.ActiveCfg = Deploy-dev|Any CPU
		{C71E88E7-10A1-40FB-A789-E1FF2F0687D4}.Deploy-Main|Any CPU.Build.0 = Deploy-dev|Any CPU
		{C71E88E7-10A1-40FB-A789-E1FF2F0687D4}.Deploy-Main-Debug|Any CPU.ActiveCfg = Deploy-Main-Debug|Any CPU
		{C71E88E7-10A1-40FB-A789-E1FF2F0687D4}.Deploy-Main-Debug|Any CPU.Build.0 = Deploy-Main-Debug|Any CPU
		{C71E88E7-10A1-40FB-A789-E1FF2F0687D4}.MONODROID|Any CPU.ActiveCfg = Deploy-Main-Debug|Any CPU
		{C71E88E7-10A1-40FB-A789-E1FF2F0687D4}.MONODROID|Any CPU.Build.0 = Deploy-Main-Debug|Any CPU
		{C71E88E7-10A1-40FB-A789-E1FF2F0687D4}.Release|Any CPU.ActiveCfg = Release|Any CPU
		{C71E88E7-10A1-40FB-A789-E1FF2F0687D4}.Release|Any CPU.Build.0 = Release|Any CPU
		{FD52AF46-2A79-4CA1-BFC0-FA4BB95C1A87}.Debug|Any CPU.ActiveCfg = Debug|Any CPU
		{FD52AF46-2A79-4CA1-BFC0-FA4BB95C1A87}.Deploy-dev|Any CPU.ActiveCfg = Debug|Any CPU
		{FD52AF46-2A79-4CA1-BFC0-FA4BB95C1A87}.Deploy-dev|Any CPU.Build.0 = Debug|Any CPU
		{FD52AF46-2A79-4CA1-BFC0-FA4BB95C1A87}.Deploy-devKh|Any CPU.ActiveCfg = Debug|Any CPU
		{FD52AF46-2A79-4CA1-BFC0-FA4BB95C1A87}.Deploy-devKh|Any CPU.Build.0 = Debug|Any CPU
		{FD52AF46-2A79-4CA1-BFC0-FA4BB95C1A87}.Deploy-Main|Any CPU.ActiveCfg = Debug|Any CPU
		{FD52AF46-2A79-4CA1-BFC0-FA4BB95C1A87}.Deploy-Main|Any CPU.Build.0 = Debug|Any CPU
		{FD52AF46-2A79-4CA1-BFC0-FA4BB95C1A87}.Deploy-Main-Debug|Any CPU.ActiveCfg = Deploy-Main-Debug|Any CPU
		{FD52AF46-2A79-4CA1-BFC0-FA4BB95C1A87}.Deploy-Main-Debug|Any CPU.Build.0 = Deploy-Main-Debug|Any CPU
		{FD52AF46-2A79-4CA1-BFC0-FA4BB95C1A87}.MONODROID|Any CPU.ActiveCfg = Deploy-Main-Debug|Any CPU
		{FD52AF46-2A79-4CA1-BFC0-FA4BB95C1A87}.MONODROID|Any CPU.Build.0 = Deploy-Main-Debug|Any CPU
		{FD52AF46-2A79-4CA1-BFC0-FA4BB95C1A87}.Release|Any CPU.ActiveCfg = Release|Any CPU
		{FD52AF46-2A79-4CA1-BFC0-FA4BB95C1A87}.Release|Any CPU.Build.0 = Release|Any CPU
		{5F014003-50D8-49E0-8AFE-91D38DCCC97C}.Debug|Any CPU.ActiveCfg = Debug|Any CPU
		{5F014003-50D8-49E0-8AFE-91D38DCCC97C}.Debug|Any CPU.Build.0 = Debug|Any CPU
		{5F014003-50D8-49E0-8AFE-91D38DCCC97C}.Deploy-dev|Any CPU.ActiveCfg = Deploy-dev|Any CPU
		{5F014003-50D8-49E0-8AFE-91D38DCCC97C}.Deploy-dev|Any CPU.Build.0 = Deploy-dev|Any CPU
		{5F014003-50D8-49E0-8AFE-91D38DCCC97C}.Deploy-devKh|Any CPU.ActiveCfg = Deploy-devKh|Any CPU
		{5F014003-50D8-49E0-8AFE-91D38DCCC97C}.Deploy-devKh|Any CPU.Build.0 = Deploy-devKh|Any CPU
		{5F014003-50D8-49E0-8AFE-91D38DCCC97C}.Deploy-Main|Any CPU.ActiveCfg = Deploy-Main|Any CPU
		{5F014003-50D8-49E0-8AFE-91D38DCCC97C}.Deploy-Main|Any CPU.Build.0 = Deploy-Main|Any CPU
		{5F014003-50D8-49E0-8AFE-91D38DCCC97C}.Deploy-Main-Debug|Any CPU.ActiveCfg = Deploy-Main-Debug|Any CPU
		{5F014003-50D8-49E0-8AFE-91D38DCCC97C}.Deploy-Main-Debug|Any CPU.Build.0 = Deploy-Main-Debug|Any CPU
		{5F014003-50D8-49E0-8AFE-91D38DCCC97C}.MONODROID|Any CPU.ActiveCfg = Deploy-Main-Debug|Any CPU
		{5F014003-50D8-49E0-8AFE-91D38DCCC97C}.MONODROID|Any CPU.Build.0 = Deploy-Main-Debug|Any CPU
		{5F014003-50D8-49E0-8AFE-91D38DCCC97C}.Release|Any CPU.ActiveCfg = Release|Any CPU
		{5F014003-50D8-49E0-8AFE-91D38DCCC97C}.Release|Any CPU.Build.0 = Release|Any CPU
		{F8E5E800-F842-4F84-A0C6-B3E1E5DB2BB4}.Debug|Any CPU.ActiveCfg = Debug|Any CPU
		{F8E5E800-F842-4F84-A0C6-B3E1E5DB2BB4}.Deploy-dev|Any CPU.ActiveCfg = Deploy-dev|Any CPU
		{F8E5E800-F842-4F84-A0C6-B3E1E5DB2BB4}.Deploy-dev|Any CPU.Build.0 = Deploy-dev|Any CPU
		{F8E5E800-F842-4F84-A0C6-B3E1E5DB2BB4}.Deploy-devKh|Any CPU.ActiveCfg = Deploy-devKh|Any CPU
		{F8E5E800-F842-4F84-A0C6-B3E1E5DB2BB4}.Deploy-devKh|Any CPU.Build.0 = Deploy-devKh|Any CPU
		{F8E5E800-F842-4F84-A0C6-B3E1E5DB2BB4}.Deploy-Main|Any CPU.ActiveCfg = Deploy-Main|Any CPU
		{F8E5E800-F842-4F84-A0C6-B3E1E5DB2BB4}.Deploy-Main|Any CPU.Build.0 = Deploy-Main|Any CPU
		{F8E5E800-F842-4F84-A0C6-B3E1E5DB2BB4}.Deploy-Main-Debug|Any CPU.ActiveCfg = Deploy-Main-Debug|Any CPU
		{F8E5E800-F842-4F84-A0C6-B3E1E5DB2BB4}.Deploy-Main-Debug|Any CPU.Build.0 = Deploy-Main-Debug|Any CPU
		{F8E5E800-F842-4F84-A0C6-B3E1E5DB2BB4}.MONODROID|Any CPU.ActiveCfg = Deploy-Main-Debug|Any CPU
		{F8E5E800-F842-4F84-A0C6-B3E1E5DB2BB4}.MONODROID|Any CPU.Build.0 = Deploy-Main-Debug|Any CPU
		{F8E5E800-F842-4F84-A0C6-B3E1E5DB2BB4}.Release|Any CPU.ActiveCfg = Release|Any CPU
		{F8E5E800-F842-4F84-A0C6-B3E1E5DB2BB4}.Release|Any CPU.Build.0 = Release|Any CPU
		{8332BCD2-DC58-466E-8D80-5BCB1FACCD6C}.Debug|Any CPU.ActiveCfg = Debug|Any CPU
		{8332BCD2-DC58-466E-8D80-5BCB1FACCD6C}.Debug|Any CPU.Build.0 = Debug|Any CPU
		{8332BCD2-DC58-466E-8D80-5BCB1FACCD6C}.Deploy-dev|Any CPU.ActiveCfg = Deploy-dev|Any CPU
		{8332BCD2-DC58-466E-8D80-5BCB1FACCD6C}.Deploy-dev|Any CPU.Build.0 = Deploy-dev|Any CPU
		{8332BCD2-DC58-466E-8D80-5BCB1FACCD6C}.Deploy-devKh|Any CPU.ActiveCfg = Deploy-devKh|Any CPU
		{8332BCD2-DC58-466E-8D80-5BCB1FACCD6C}.Deploy-devKh|Any CPU.Build.0 = Deploy-devKh|Any CPU
		{8332BCD2-DC58-466E-8D80-5BCB1FACCD6C}.Deploy-Main|Any CPU.ActiveCfg = Deploy-devKh|Any CPU
		{8332BCD2-DC58-466E-8D80-5BCB1FACCD6C}.Deploy-Main|Any CPU.Build.0 = Deploy-devKh|Any CPU
		{8332BCD2-DC58-466E-8D80-5BCB1FACCD6C}.Deploy-Main-Debug|Any CPU.ActiveCfg = Debug|Any CPU
		{8332BCD2-DC58-466E-8D80-5BCB1FACCD6C}.Deploy-Main-Debug|Any CPU.Build.0 = Debug|Any CPU
		{8332BCD2-DC58-466E-8D80-5BCB1FACCD6C}.MONODROID|Any CPU.ActiveCfg = Deploy-devKh|Any CPU
		{8332BCD2-DC58-466E-8D80-5BCB1FACCD6C}.MONODROID|Any CPU.Build.0 = Deploy-devKh|Any CPU
		{8332BCD2-DC58-466E-8D80-5BCB1FACCD6C}.Release|Any CPU.ActiveCfg = Release|Any CPU
		{8332BCD2-DC58-466E-8D80-5BCB1FACCD6C}.Release|Any CPU.Build.0 = Release|Any CPU
		{ABD380D9-B4F3-410F-AF37-3635B6C5449C}.Debug|Any CPU.ActiveCfg = Debug|Any CPU
		{ABD380D9-B4F3-410F-AF37-3635B6C5449C}.Deploy-dev|Any CPU.ActiveCfg = Deploy-dev|Any CPU
		{ABD380D9-B4F3-410F-AF37-3635B6C5449C}.Deploy-dev|Any CPU.Build.0 = Deploy-dev|Any CPU
		{ABD380D9-B4F3-410F-AF37-3635B6C5449C}.Deploy-devKh|Any CPU.ActiveCfg = Deploy-devKh|Any CPU
		{ABD380D9-B4F3-410F-AF37-3635B6C5449C}.Deploy-devKh|Any CPU.Build.0 = Deploy-devKh|Any CPU
		{ABD380D9-B4F3-410F-AF37-3635B6C5449C}.Deploy-Main|Any CPU.ActiveCfg = Deploy-devKh|Any CPU
		{ABD380D9-B4F3-410F-AF37-3635B6C5449C}.Deploy-Main|Any CPU.Build.0 = Deploy-devKh|Any CPU
		{ABD380D9-B4F3-410F-AF37-3635B6C5449C}.Deploy-Main-Debug|Any CPU.ActiveCfg = Deploy-Main-Debug|Any CPU
		{ABD380D9-B4F3-410F-AF37-3635B6C5449C}.Deploy-Main-Debug|Any CPU.Build.0 = Deploy-Main-Debug|Any CPU
		{ABD380D9-B4F3-410F-AF37-3635B6C5449C}.MONODROID|Any CPU.ActiveCfg = Deploy-Main-Debug|Any CPU
		{ABD380D9-B4F3-410F-AF37-3635B6C5449C}.MONODROID|Any CPU.Build.0 = Deploy-Main-Debug|Any CPU
		{ABD380D9-B4F3-410F-AF37-3635B6C5449C}.Release|Any CPU.ActiveCfg = Release|Any CPU
		{ABD380D9-B4F3-410F-AF37-3635B6C5449C}.Release|Any CPU.Build.0 = Release|Any CPU
		{7598C70B-5772-4ED5-81DE-C0D7718BC164}.Debug|Any CPU.ActiveCfg = Debug|Any CPU
		{7598C70B-5772-4ED5-81DE-C0D7718BC164}.Debug|Any CPU.Build.0 = Debug|Any CPU
		{7598C70B-5772-4ED5-81DE-C0D7718BC164}.Deploy-dev|Any CPU.ActiveCfg = Debug|Any CPU
		{7598C70B-5772-4ED5-81DE-C0D7718BC164}.Deploy-dev|Any CPU.Build.0 = Debug|Any CPU
		{7598C70B-5772-4ED5-81DE-C0D7718BC164}.Deploy-devKh|Any CPU.ActiveCfg = Debug|Any CPU
		{7598C70B-5772-4ED5-81DE-C0D7718BC164}.Deploy-devKh|Any CPU.Build.0 = Debug|Any CPU
		{7598C70B-5772-4ED5-81DE-C0D7718BC164}.Deploy-Main|Any CPU.ActiveCfg = Debug|Any CPU
		{7598C70B-5772-4ED5-81DE-C0D7718BC164}.Deploy-Main|Any CPU.Build.0 = Debug|Any CPU
		{7598C70B-5772-4ED5-81DE-C0D7718BC164}.Deploy-Main-Debug|Any CPU.ActiveCfg = Deploy-Main-Debug|Any CPU
		{7598C70B-5772-4ED5-81DE-C0D7718BC164}.Deploy-Main-Debug|Any CPU.Build.0 = Deploy-Main-Debug|Any CPU
		{7598C70B-5772-4ED5-81DE-C0D7718BC164}.MONODROID|Any CPU.ActiveCfg = Deploy-Main-Debug|Any CPU
		{7598C70B-5772-4ED5-81DE-C0D7718BC164}.MONODROID|Any CPU.Build.0 = Deploy-Main-Debug|Any CPU
		{7598C70B-5772-4ED5-81DE-C0D7718BC164}.Release|Any CPU.ActiveCfg = Release|Any CPU
		{7598C70B-5772-4ED5-81DE-C0D7718BC164}.Release|Any CPU.Build.0 = Release|Any CPU
		{2719C23D-0A12-4E5B-B4DC-99CDBF413937}.Debug|Any CPU.ActiveCfg = Debug|Any CPU
		{2719C23D-0A12-4E5B-B4DC-99CDBF413937}.Debug|Any CPU.Build.0 = Debug|Any CPU
		{2719C23D-0A12-4E5B-B4DC-99CDBF413937}.Deploy-dev|Any CPU.ActiveCfg = Debug|Any CPU
		{2719C23D-0A12-4E5B-B4DC-99CDBF413937}.Deploy-dev|Any CPU.Build.0 = Debug|Any CPU
		{2719C23D-0A12-4E5B-B4DC-99CDBF413937}.Deploy-devKh|Any CPU.ActiveCfg = Debug|Any CPU
		{2719C23D-0A12-4E5B-B4DC-99CDBF413937}.Deploy-devKh|Any CPU.Build.0 = Debug|Any CPU
		{2719C23D-0A12-4E5B-B4DC-99CDBF413937}.Deploy-Main|Any CPU.ActiveCfg = Debug|Any CPU
		{2719C23D-0A12-4E5B-B4DC-99CDBF413937}.Deploy-Main|Any CPU.Build.0 = Debug|Any CPU
		{2719C23D-0A12-4E5B-B4DC-99CDBF413937}.Deploy-Main-Debug|Any CPU.ActiveCfg = Deploy-Main-Debug|Any CPU
		{2719C23D-0A12-4E5B-B4DC-99CDBF413937}.Deploy-Main-Debug|Any CPU.Build.0 = Deploy-Main-Debug|Any CPU
		{2719C23D-0A12-4E5B-B4DC-99CDBF413937}.MONODROID|Any CPU.ActiveCfg = Deploy-Main-Debug|Any CPU
		{2719C23D-0A12-4E5B-B4DC-99CDBF413937}.MONODROID|Any CPU.Build.0 = Deploy-Main-Debug|Any CPU
		{2719C23D-0A12-4E5B-B4DC-99CDBF413937}.Release|Any CPU.ActiveCfg = Release|Any CPU
		{2719C23D-0A12-4E5B-B4DC-99CDBF413937}.Release|Any CPU.Build.0 = Release|Any CPU
		{F0476C33-6F4F-4524-9CEA-37E87D55E67E}.Debug|Any CPU.ActiveCfg = Debug|Any CPU
		{F0476C33-6F4F-4524-9CEA-37E87D55E67E}.Debug|Any CPU.Build.0 = Debug|Any CPU
		{F0476C33-6F4F-4524-9CEA-37E87D55E67E}.Deploy-dev|Any CPU.ActiveCfg = Debug|Any CPU
		{F0476C33-6F4F-4524-9CEA-37E87D55E67E}.Deploy-dev|Any CPU.Build.0 = Debug|Any CPU
		{F0476C33-6F4F-4524-9CEA-37E87D55E67E}.Deploy-devKh|Any CPU.ActiveCfg = Debug|Any CPU
		{F0476C33-6F4F-4524-9CEA-37E87D55E67E}.Deploy-devKh|Any CPU.Build.0 = Debug|Any CPU
		{F0476C33-6F4F-4524-9CEA-37E87D55E67E}.Deploy-Main|Any CPU.ActiveCfg = Debug|Any CPU
		{F0476C33-6F4F-4524-9CEA-37E87D55E67E}.Deploy-Main|Any CPU.Build.0 = Debug|Any CPU
		{F0476C33-6F4F-4524-9CEA-37E87D55E67E}.Deploy-Main-Debug|Any CPU.ActiveCfg = Debug|Any CPU
		{F0476C33-6F4F-4524-9CEA-37E87D55E67E}.Deploy-Main-Debug|Any CPU.Build.0 = Debug|Any CPU
		{F0476C33-6F4F-4524-9CEA-37E87D55E67E}.MONODROID|Any CPU.ActiveCfg = MONODROID|Any CPU
		{F0476C33-6F4F-4524-9CEA-37E87D55E67E}.MONODROID|Any CPU.Build.0 = MONODROID|Any CPU
		{F0476C33-6F4F-4524-9CEA-37E87D55E67E}.Release|Any CPU.ActiveCfg = Release|Any CPU
		{F0476C33-6F4F-4524-9CEA-37E87D55E67E}.Release|Any CPU.Build.0 = Release|Any CPU
		{26327C81-7655-443D-9E04-443AC07BD6CC}.Debug|Any CPU.ActiveCfg = Debug|Any CPU
		{26327C81-7655-443D-9E04-443AC07BD6CC}.Debug|Any CPU.Build.0 = Debug|Any CPU
		{26327C81-7655-443D-9E04-443AC07BD6CC}.Deploy-dev|Any CPU.ActiveCfg = Debug|Any CPU
		{26327C81-7655-443D-9E04-443AC07BD6CC}.Deploy-dev|Any CPU.Build.0 = Debug|Any CPU
		{26327C81-7655-443D-9E04-443AC07BD6CC}.Deploy-devKh|Any CPU.ActiveCfg = Debug|Any CPU
		{26327C81-7655-443D-9E04-443AC07BD6CC}.Deploy-devKh|Any CPU.Build.0 = Debug|Any CPU
		{26327C81-7655-443D-9E04-443AC07BD6CC}.Deploy-Main|Any CPU.ActiveCfg = Debug|Any CPU
		{26327C81-7655-443D-9E04-443AC07BD6CC}.Deploy-Main|Any CPU.Build.0 = Debug|Any CPU
		{26327C81-7655-443D-9E04-443AC07BD6CC}.Deploy-Main-Debug|Any CPU.ActiveCfg = Debug|Any CPU
		{26327C81-7655-443D-9E04-443AC07BD6CC}.Deploy-Main-Debug|Any CPU.Build.0 = Debug|Any CPU
		{26327C81-7655-443D-9E04-443AC07BD6CC}.MONODROID|Any CPU.ActiveCfg = MONODROID|Any CPU
		{26327C81-7655-443D-9E04-443AC07BD6CC}.MONODROID|Any CPU.Build.0 = MONODROID|Any CPU
		{26327C81-7655-443D-9E04-443AC07BD6CC}.Release|Any CPU.ActiveCfg = Release|Any CPU
		{26327C81-7655-443D-9E04-443AC07BD6CC}.Release|Any CPU.Build.0 = Release|Any CPU
		{7E10B3F0-F646-43E1-A301-04FB8FE7B81B}.Debug|Any CPU.ActiveCfg = Debug|Any CPU
		{7E10B3F0-F646-43E1-A301-04FB8FE7B81B}.Debug|Any CPU.Build.0 = Debug|Any CPU
		{7E10B3F0-F646-43E1-A301-04FB8FE7B81B}.Deploy-dev|Any CPU.ActiveCfg = Debug|Any CPU
		{7E10B3F0-F646-43E1-A301-04FB8FE7B81B}.Deploy-dev|Any CPU.Build.0 = Debug|Any CPU
		{7E10B3F0-F646-43E1-A301-04FB8FE7B81B}.Deploy-devKh|Any CPU.ActiveCfg = Debug|Any CPU
		{7E10B3F0-F646-43E1-A301-04FB8FE7B81B}.Deploy-devKh|Any CPU.Build.0 = Debug|Any CPU
		{7E10B3F0-F646-43E1-A301-04FB8FE7B81B}.Deploy-Main|Any CPU.ActiveCfg = Debug|Any CPU
		{7E10B3F0-F646-43E1-A301-04FB8FE7B81B}.Deploy-Main|Any CPU.Build.0 = Debug|Any CPU
		{7E10B3F0-F646-43E1-A301-04FB8FE7B81B}.Deploy-Main-Debug|Any CPU.ActiveCfg = Debug|Any CPU
		{7E10B3F0-F646-43E1-A301-04FB8FE7B81B}.Deploy-Main-Debug|Any CPU.Build.0 = Debug|Any CPU
		{7E10B3F0-F646-43E1-A301-04FB8FE7B81B}.MONODROID|Any CPU.ActiveCfg = MONODROID|Any CPU
		{7E10B3F0-F646-43E1-A301-04FB8FE7B81B}.MONODROID|Any CPU.Build.0 = MONODROID|Any CPU
		{7E10B3F0-F646-43E1-A301-04FB8FE7B81B}.Release|Any CPU.ActiveCfg = Release|Any CPU
		{7E10B3F0-F646-43E1-A301-04FB8FE7B81B}.Release|Any CPU.Build.0 = Release|Any CPU
		{C500A144-E8B6-41C1-8776-DC468E1D4889}.Debug|Any CPU.ActiveCfg = Debug|Any CPU
		{C500A144-E8B6-41C1-8776-DC468E1D4889}.Debug|Any CPU.Build.0 = Debug|Any CPU
		{C500A144-E8B6-41C1-8776-DC468E1D4889}.Deploy-dev|Any CPU.ActiveCfg = Debug|Any CPU
		{C500A144-E8B6-41C1-8776-DC468E1D4889}.Deploy-dev|Any CPU.Build.0 = Debug|Any CPU
		{C500A144-E8B6-41C1-8776-DC468E1D4889}.Deploy-devKh|Any CPU.ActiveCfg = Debug|Any CPU
		{C500A144-E8B6-41C1-8776-DC468E1D4889}.Deploy-devKh|Any CPU.Build.0 = Debug|Any CPU
		{C500A144-E8B6-41C1-8776-DC468E1D4889}.Deploy-Main|Any CPU.ActiveCfg = Debug|Any CPU
		{C500A144-E8B6-41C1-8776-DC468E1D4889}.Deploy-Main|Any CPU.Build.0 = Debug|Any CPU
		{C500A144-E8B6-41C1-8776-DC468E1D4889}.Deploy-Main-Debug|Any CPU.ActiveCfg = Debug|Any CPU
		{C500A144-E8B6-41C1-8776-DC468E1D4889}.Deploy-Main-Debug|Any CPU.Build.0 = Debug|Any CPU
		{C500A144-E8B6-41C1-8776-DC468E1D4889}.MONODROID|Any CPU.ActiveCfg = MONODROID|Any CPU
		{C500A144-E8B6-41C1-8776-DC468E1D4889}.MONODROID|Any CPU.Build.0 = MONODROID|Any CPU
		{C500A144-E8B6-41C1-8776-DC468E1D4889}.Release|Any CPU.ActiveCfg = Release|Any CPU
		{C500A144-E8B6-41C1-8776-DC468E1D4889}.Release|Any CPU.Build.0 = Release|Any CPU
		{B1AA86AF-1FFA-4D20-B612-D7C119635438}.Debug|Any CPU.ActiveCfg = Debug|Any CPU
		{B1AA86AF-1FFA-4D20-B612-D7C119635438}.Debug|Any CPU.Build.0 = Debug|Any CPU
		{B1AA86AF-1FFA-4D20-B612-D7C119635438}.Deploy-dev|Any CPU.ActiveCfg = Debug|Any CPU
		{B1AA86AF-1FFA-4D20-B612-D7C119635438}.Deploy-dev|Any CPU.Build.0 = Debug|Any CPU
		{B1AA86AF-1FFA-4D20-B612-D7C119635438}.Deploy-devKh|Any CPU.ActiveCfg = Debug|Any CPU
		{B1AA86AF-1FFA-4D20-B612-D7C119635438}.Deploy-devKh|Any CPU.Build.0 = Debug|Any CPU
		{B1AA86AF-1FFA-4D20-B612-D7C119635438}.Deploy-Main|Any CPU.ActiveCfg = Debug|Any CPU
		{B1AA86AF-1FFA-4D20-B612-D7C119635438}.Deploy-Main|Any CPU.Build.0 = Debug|Any CPU
		{B1AA86AF-1FFA-4D20-B612-D7C119635438}.Deploy-Main-Debug|Any CPU.ActiveCfg = Debug|Any CPU
		{B1AA86AF-1FFA-4D20-B612-D7C119635438}.Deploy-Main-Debug|Any CPU.Build.0 = Debug|Any CPU
		{B1AA86AF-1FFA-4D20-B612-D7C119635438}.MONODROID|Any CPU.ActiveCfg = MONODROID|Any CPU
		{B1AA86AF-1FFA-4D20-B612-D7C119635438}.MONODROID|Any CPU.Build.0 = MONODROID|Any CPU
		{B1AA86AF-1FFA-4D20-B612-D7C119635438}.Release|Any CPU.ActiveCfg = Release|Any CPU
		{B1AA86AF-1FFA-4D20-B612-D7C119635438}.Release|Any CPU.Build.0 = Release|Any CPU
		{30BE60C9-980F-40E1-A8FD-C2A5959827D3}.Debug|Any CPU.ActiveCfg = Debug|Any CPU
		{30BE60C9-980F-40E1-A8FD-C2A5959827D3}.Debug|Any CPU.Build.0 = Debug|Any CPU
		{30BE60C9-980F-40E1-A8FD-C2A5959827D3}.Deploy-dev|Any CPU.ActiveCfg = Debug|Any CPU
		{30BE60C9-980F-40E1-A8FD-C2A5959827D3}.Deploy-dev|Any CPU.Build.0 = Debug|Any CPU
		{30BE60C9-980F-40E1-A8FD-C2A5959827D3}.Deploy-devKh|Any CPU.ActiveCfg = Debug|Any CPU
		{30BE60C9-980F-40E1-A8FD-C2A5959827D3}.Deploy-devKh|Any CPU.Build.0 = Debug|Any CPU
		{30BE60C9-980F-40E1-A8FD-C2A5959827D3}.Deploy-Main|Any CPU.ActiveCfg = Debug|Any CPU
		{30BE60C9-980F-40E1-A8FD-C2A5959827D3}.Deploy-Main|Any CPU.Build.0 = Debug|Any CPU
		{30BE60C9-980F-40E1-A8FD-C2A5959827D3}.Deploy-Main-Debug|Any CPU.ActiveCfg = Debug|Any CPU
		{30BE60C9-980F-40E1-A8FD-C2A5959827D3}.Deploy-Main-Debug|Any CPU.Build.0 = Debug|Any CPU
		{30BE60C9-980F-40E1-A8FD-C2A5959827D3}.MONODROID|Any CPU.ActiveCfg = MONODROID|Any CPU
		{30BE60C9-980F-40E1-A8FD-C2A5959827D3}.MONODROID|Any CPU.Build.0 = MONODROID|Any CPU
		{30BE60C9-980F-40E1-A8FD-C2A5959827D3}.Release|Any CPU.ActiveCfg = Release|Any CPU
		{30BE60C9-980F-40E1-A8FD-C2A5959827D3}.Release|Any CPU.Build.0 = Release|Any CPU
		{6B9B6AB7-8858-49A3-A44A-4B56EE31C12C}.Debug|Any CPU.ActiveCfg = Debug|Any CPU
		{6B9B6AB7-8858-49A3-A44A-4B56EE31C12C}.Debug|Any CPU.Build.0 = Debug|Any CPU
		{6B9B6AB7-8858-49A3-A44A-4B56EE31C12C}.Deploy-dev|Any CPU.ActiveCfg = Debug|Any CPU
		{6B9B6AB7-8858-49A3-A44A-4B56EE31C12C}.Deploy-dev|Any CPU.Build.0 = Debug|Any CPU
		{6B9B6AB7-8858-49A3-A44A-4B56EE31C12C}.Deploy-devKh|Any CPU.ActiveCfg = Debug|Any CPU
		{6B9B6AB7-8858-49A3-A44A-4B56EE31C12C}.Deploy-devKh|Any CPU.Build.0 = Debug|Any CPU
		{6B9B6AB7-8858-49A3-A44A-4B56EE31C12C}.Deploy-Main|Any CPU.ActiveCfg = Debug|Any CPU
		{6B9B6AB7-8858-49A3-A44A-4B56EE31C12C}.Deploy-Main|Any CPU.Build.0 = Debug|Any CPU
		{6B9B6AB7-8858-49A3-A44A-4B56EE31C12C}.Deploy-Main-Debug|Any CPU.ActiveCfg = Debug|Any CPU
		{6B9B6AB7-8858-49A3-A44A-4B56EE31C12C}.Deploy-Main-Debug|Any CPU.Build.0 = Debug|Any CPU
		{6B9B6AB7-8858-49A3-A44A-4B56EE31C12C}.MONODROID|Any CPU.ActiveCfg = MONODROID|Any CPU
		{6B9B6AB7-8858-49A3-A44A-4B56EE31C12C}.MONODROID|Any CPU.Build.0 = MONODROID|Any CPU
		{6B9B6AB7-8858-49A3-A44A-4B56EE31C12C}.Release|Any CPU.ActiveCfg = Release|Any CPU
		{6B9B6AB7-8858-49A3-A44A-4B56EE31C12C}.Release|Any CPU.Build.0 = Release|Any CPU
		{2DA6C60D-CB06-40B4-91AF-A903451E3DB4}.Debug|Any CPU.ActiveCfg = Debug|Any CPU
		{2DA6C60D-CB06-40B4-91AF-A903451E3DB4}.Debug|Any CPU.Build.0 = Debug|Any CPU
		{2DA6C60D-CB06-40B4-91AF-A903451E3DB4}.Deploy-dev|Any CPU.ActiveCfg = Debug|Any CPU
		{2DA6C60D-CB06-40B4-91AF-A903451E3DB4}.Deploy-dev|Any CPU.Build.0 = Debug|Any CPU
		{2DA6C60D-CB06-40B4-91AF-A903451E3DB4}.Deploy-devKh|Any CPU.ActiveCfg = Debug|Any CPU
		{2DA6C60D-CB06-40B4-91AF-A903451E3DB4}.Deploy-devKh|Any CPU.Build.0 = Debug|Any CPU
		{2DA6C60D-CB06-40B4-91AF-A903451E3DB4}.Deploy-Main|Any CPU.ActiveCfg = Debug|Any CPU
		{2DA6C60D-CB06-40B4-91AF-A903451E3DB4}.Deploy-Main|Any CPU.Build.0 = Debug|Any CPU
		{2DA6C60D-CB06-40B4-91AF-A903451E3DB4}.Deploy-Main-Debug|Any CPU.ActiveCfg = Debug|Any CPU
		{2DA6C60D-CB06-40B4-91AF-A903451E3DB4}.Deploy-Main-Debug|Any CPU.Build.0 = Debug|Any CPU
		{2DA6C60D-CB06-40B4-91AF-A903451E3DB4}.MONODROID|Any CPU.ActiveCfg = MONODROID|Any CPU
		{2DA6C60D-CB06-40B4-91AF-A903451E3DB4}.MONODROID|Any CPU.Build.0 = MONODROID|Any CPU
		{2DA6C60D-CB06-40B4-91AF-A903451E3DB4}.Release|Any CPU.ActiveCfg = Release|Any CPU
		{2DA6C60D-CB06-40B4-91AF-A903451E3DB4}.Release|Any CPU.Build.0 = Release|Any CPU
		{ED790AED-465E-4787-A9A3-8380229E0470}.Debug|Any CPU.ActiveCfg = Debug|Any CPU
		{ED790AED-465E-4787-A9A3-8380229E0470}.Debug|Any CPU.Build.0 = Debug|Any CPU
		{ED790AED-465E-4787-A9A3-8380229E0470}.Deploy-dev|Any CPU.ActiveCfg = Debug|Any CPU
		{ED790AED-465E-4787-A9A3-8380229E0470}.Deploy-dev|Any CPU.Build.0 = Debug|Any CPU
		{ED790AED-465E-4787-A9A3-8380229E0470}.Deploy-devKh|Any CPU.ActiveCfg = Debug|Any CPU
		{ED790AED-465E-4787-A9A3-8380229E0470}.Deploy-devKh|Any CPU.Build.0 = Debug|Any CPU
		{ED790AED-465E-4787-A9A3-8380229E0470}.Deploy-Main|Any CPU.ActiveCfg = Debug|Any CPU
		{ED790AED-465E-4787-A9A3-8380229E0470}.Deploy-Main|Any CPU.Build.0 = Debug|Any CPU
		{ED790AED-465E-4787-A9A3-8380229E0470}.Deploy-Main-Debug|Any CPU.ActiveCfg = Debug|Any CPU
		{ED790AED-465E-4787-A9A3-8380229E0470}.Deploy-Main-Debug|Any CPU.Build.0 = Debug|Any CPU
		{ED790AED-465E-4787-A9A3-8380229E0470}.MONODROID|Any CPU.ActiveCfg = MONODROID|Any CPU
		{ED790AED-465E-4787-A9A3-8380229E0470}.MONODROID|Any CPU.Build.0 = MONODROID|Any CPU
		{ED790AED-465E-4787-A9A3-8380229E0470}.Release|Any CPU.ActiveCfg = Release|Any CPU
		{ED790AED-465E-4787-A9A3-8380229E0470}.Release|Any CPU.Build.0 = Release|Any CPU
		{18843DE6-BA3F-4964-BB63-99635C3CAEDA}.Debug|Any CPU.ActiveCfg = Debug|Any CPU
		{18843DE6-BA3F-4964-BB63-99635C3CAEDA}.Debug|Any CPU.Build.0 = Debug|Any CPU
		{18843DE6-BA3F-4964-BB63-99635C3CAEDA}.Deploy-dev|Any CPU.ActiveCfg = Debug|Any CPU
		{18843DE6-BA3F-4964-BB63-99635C3CAEDA}.Deploy-dev|Any CPU.Build.0 = Debug|Any CPU
		{18843DE6-BA3F-4964-BB63-99635C3CAEDA}.Deploy-devKh|Any CPU.ActiveCfg = Debug|Any CPU
		{18843DE6-BA3F-4964-BB63-99635C3CAEDA}.Deploy-devKh|Any CPU.Build.0 = Debug|Any CPU
		{18843DE6-BA3F-4964-BB63-99635C3CAEDA}.Deploy-Main|Any CPU.ActiveCfg = Debug|Any CPU
		{18843DE6-BA3F-4964-BB63-99635C3CAEDA}.Deploy-Main|Any CPU.Build.0 = Debug|Any CPU
		{18843DE6-BA3F-4964-BB63-99635C3CAEDA}.Deploy-Main-Debug|Any CPU.ActiveCfg = Debug|Any CPU
		{18843DE6-BA3F-4964-BB63-99635C3CAEDA}.Deploy-Main-Debug|Any CPU.Build.0 = Debug|Any CPU
		{18843DE6-BA3F-4964-BB63-99635C3CAEDA}.MONODROID|Any CPU.ActiveCfg = MONODROID|Any CPU
		{18843DE6-BA3F-4964-BB63-99635C3CAEDA}.MONODROID|Any CPU.Build.0 = MONODROID|Any CPU
		{18843DE6-BA3F-4964-BB63-99635C3CAEDA}.Release|Any CPU.ActiveCfg = Release|Any CPU
		{18843DE6-BA3F-4964-BB63-99635C3CAEDA}.Release|Any CPU.Build.0 = Release|Any CPU
		{9268D360-154C-46C9-9B56-924DE80306A6}.Debug|Any CPU.ActiveCfg = Debug|Any CPU
		{9268D360-154C-46C9-9B56-924DE80306A6}.Debug|Any CPU.Build.0 = Debug|Any CPU
		{9268D360-154C-46C9-9B56-924DE80306A6}.Deploy-dev|Any CPU.ActiveCfg = Debug|Any CPU
		{9268D360-154C-46C9-9B56-924DE80306A6}.Deploy-dev|Any CPU.Build.0 = Debug|Any CPU
		{9268D360-154C-46C9-9B56-924DE80306A6}.Deploy-devKh|Any CPU.ActiveCfg = Debug|Any CPU
		{9268D360-154C-46C9-9B56-924DE80306A6}.Deploy-devKh|Any CPU.Build.0 = Debug|Any CPU
		{9268D360-154C-46C9-9B56-924DE80306A6}.Deploy-Main|Any CPU.ActiveCfg = Debug|Any CPU
		{9268D360-154C-46C9-9B56-924DE80306A6}.Deploy-Main|Any CPU.Build.0 = Debug|Any CPU
		{9268D360-154C-46C9-9B56-924DE80306A6}.Deploy-Main-Debug|Any CPU.ActiveCfg = Debug|Any CPU
		{9268D360-154C-46C9-9B56-924DE80306A6}.Deploy-Main-Debug|Any CPU.Build.0 = Debug|Any CPU
		{9268D360-154C-46C9-9B56-924DE80306A6}.MONODROID|Any CPU.ActiveCfg = MONODROID|Any CPU
		{9268D360-154C-46C9-9B56-924DE80306A6}.MONODROID|Any CPU.Build.0 = MONODROID|Any CPU
		{9268D360-154C-46C9-9B56-924DE80306A6}.Release|Any CPU.ActiveCfg = Release|Any CPU
		{9268D360-154C-46C9-9B56-924DE80306A6}.Release|Any CPU.Build.0 = Release|Any CPU
		{15F83817-1405-42FE-B0B4-9A663851CC98}.Debug|Any CPU.ActiveCfg = Debug|Any CPU
		{15F83817-1405-42FE-B0B4-9A663851CC98}.Debug|Any CPU.Build.0 = Debug|Any CPU
		{15F83817-1405-42FE-B0B4-9A663851CC98}.Deploy-dev|Any CPU.ActiveCfg = Debug|Any CPU
		{15F83817-1405-42FE-B0B4-9A663851CC98}.Deploy-dev|Any CPU.Build.0 = Debug|Any CPU
		{15F83817-1405-42FE-B0B4-9A663851CC98}.Deploy-dev|Any CPU.Deploy.0 = Debug|Any CPU
		{15F83817-1405-42FE-B0B4-9A663851CC98}.Deploy-devKh|Any CPU.ActiveCfg = Debug|Any CPU
		{15F83817-1405-42FE-B0B4-9A663851CC98}.Deploy-devKh|Any CPU.Build.0 = Debug|Any CPU
		{15F83817-1405-42FE-B0B4-9A663851CC98}.Deploy-devKh|Any CPU.Deploy.0 = Debug|Any CPU
		{15F83817-1405-42FE-B0B4-9A663851CC98}.Deploy-Main|Any CPU.ActiveCfg = Debug|Any CPU
		{15F83817-1405-42FE-B0B4-9A663851CC98}.Deploy-Main|Any CPU.Build.0 = Debug|Any CPU
		{15F83817-1405-42FE-B0B4-9A663851CC98}.Deploy-Main|Any CPU.Deploy.0 = Debug|Any CPU
		{15F83817-1405-42FE-B0B4-9A663851CC98}.Deploy-Main-Debug|Any CPU.ActiveCfg = Debug|Any CPU
		{15F83817-1405-42FE-B0B4-9A663851CC98}.Deploy-Main-Debug|Any CPU.Build.0 = Debug|Any CPU
		{15F83817-1405-42FE-B0B4-9A663851CC98}.Deploy-Main-Debug|Any CPU.Deploy.0 = Debug|Any CPU
		{15F83817-1405-42FE-B0B4-9A663851CC98}.MONODROID|Any CPU.ActiveCfg = MONODROID|Any CPU
		{15F83817-1405-42FE-B0B4-9A663851CC98}.MONODROID|Any CPU.Build.0 = MONODROID|Any CPU
		{15F83817-1405-42FE-B0B4-9A663851CC98}.MONODROID|Any CPU.Deploy.0 = MONODROID|Any CPU
		{15F83817-1405-42FE-B0B4-9A663851CC98}.Release|Any CPU.ActiveCfg = Release|Any CPU
		{15F83817-1405-42FE-B0B4-9A663851CC98}.Release|Any CPU.Build.0 = Release|Any CPU
		{15F83817-1405-42FE-B0B4-9A663851CC98}.Release|Any CPU.Deploy.0 = Release|Any CPU
		{9F3A0A7A-471A-43CC-8E12-F465B413623D}.Debug|Any CPU.ActiveCfg = Debug|Any CPU
		{9F3A0A7A-471A-43CC-8E12-F465B413623D}.Debug|Any CPU.Build.0 = Debug|Any CPU
		{9F3A0A7A-471A-43CC-8E12-F465B413623D}.Deploy-dev|Any CPU.ActiveCfg = Debug|Any CPU
		{9F3A0A7A-471A-43CC-8E12-F465B413623D}.Deploy-dev|Any CPU.Build.0 = Debug|Any CPU
		{9F3A0A7A-471A-43CC-8E12-F465B413623D}.Deploy-devKh|Any CPU.ActiveCfg = Debug|Any CPU
		{9F3A0A7A-471A-43CC-8E12-F465B413623D}.Deploy-devKh|Any CPU.Build.0 = Debug|Any CPU
		{9F3A0A7A-471A-43CC-8E12-F465B413623D}.Deploy-Main|Any CPU.ActiveCfg = Debug|Any CPU
		{9F3A0A7A-471A-43CC-8E12-F465B413623D}.Deploy-Main|Any CPU.Build.0 = Debug|Any CPU
		{9F3A0A7A-471A-43CC-8E12-F465B413623D}.Deploy-Main-Debug|Any CPU.ActiveCfg = Debug|Any CPU
		{9F3A0A7A-471A-43CC-8E12-F465B413623D}.Deploy-Main-Debug|Any CPU.Build.0 = Debug|Any CPU
		{9F3A0A7A-471A-43CC-8E12-F465B413623D}.MONODROID|Any CPU.ActiveCfg = MONODROID|Any CPU
		{9F3A0A7A-471A-43CC-8E12-F465B413623D}.MONODROID|Any CPU.Build.0 = MONODROID|Any CPU
		{9F3A0A7A-471A-43CC-8E12-F465B413623D}.Release|Any CPU.ActiveCfg = Release|Any CPU
		{9F3A0A7A-471A-43CC-8E12-F465B413623D}.Release|Any CPU.Build.0 = Release|Any CPU
		{7D58D343-D618-4FD2-A4C5-CFA90D533229}.Debug|Any CPU.ActiveCfg = Debug|Any CPU
		{7D58D343-D618-4FD2-A4C5-CFA90D533229}.Debug|Any CPU.Build.0 = Debug|Any CPU
		{7D58D343-D618-4FD2-A4C5-CFA90D533229}.Deploy-dev|Any CPU.ActiveCfg = Debug|Any CPU
		{7D58D343-D618-4FD2-A4C5-CFA90D533229}.Deploy-dev|Any CPU.Build.0 = Debug|Any CPU
		{7D58D343-D618-4FD2-A4C5-CFA90D533229}.Deploy-devKh|Any CPU.ActiveCfg = Debug|Any CPU
		{7D58D343-D618-4FD2-A4C5-CFA90D533229}.Deploy-devKh|Any CPU.Build.0 = Debug|Any CPU
		{7D58D343-D618-4FD2-A4C5-CFA90D533229}.Deploy-Main|Any CPU.ActiveCfg = Debug|Any CPU
		{7D58D343-D618-4FD2-A4C5-CFA90D533229}.Deploy-Main|Any CPU.Build.0 = Debug|Any CPU
		{7D58D343-D618-4FD2-A4C5-CFA90D533229}.Deploy-Main-Debug|Any CPU.ActiveCfg = Debug|Any CPU
		{7D58D343-D618-4FD2-A4C5-CFA90D533229}.Deploy-Main-Debug|Any CPU.Build.0 = Debug|Any CPU
		{7D58D343-D618-4FD2-A4C5-CFA90D533229}.MONODROID|Any CPU.ActiveCfg = MONODROID|Any CPU
		{7D58D343-D618-4FD2-A4C5-CFA90D533229}.MONODROID|Any CPU.Build.0 = MONODROID|Any CPU
		{7D58D343-D618-4FD2-A4C5-CFA90D533229}.Release|Any CPU.ActiveCfg = Release|Any CPU
		{7D58D343-D618-4FD2-A4C5-CFA90D533229}.Release|Any CPU.Build.0 = Release|Any CPU
		{F9A0B560-A8BF-4914-88FB-7D98DF4242EF}.Debug|Any CPU.ActiveCfg = Debug|Any CPU
		{F9A0B560-A8BF-4914-88FB-7D98DF4242EF}.Debug|Any CPU.Build.0 = Debug|Any CPU
		{F9A0B560-A8BF-4914-88FB-7D98DF4242EF}.Deploy-dev|Any CPU.ActiveCfg = Debug|Any CPU
		{F9A0B560-A8BF-4914-88FB-7D98DF4242EF}.Deploy-dev|Any CPU.Build.0 = Debug|Any CPU
		{F9A0B560-A8BF-4914-88FB-7D98DF4242EF}.Deploy-devKh|Any CPU.ActiveCfg = Debug|Any CPU
		{F9A0B560-A8BF-4914-88FB-7D98DF4242EF}.Deploy-devKh|Any CPU.Build.0 = Debug|Any CPU
		{F9A0B560-A8BF-4914-88FB-7D98DF4242EF}.Deploy-Main|Any CPU.ActiveCfg = Debug|Any CPU
		{F9A0B560-A8BF-4914-88FB-7D98DF4242EF}.Deploy-Main|Any CPU.Build.0 = Debug|Any CPU
		{F9A0B560-A8BF-4914-88FB-7D98DF4242EF}.Deploy-Main-Debug|Any CPU.ActiveCfg = Debug|Any CPU
		{F9A0B560-A8BF-4914-88FB-7D98DF4242EF}.Deploy-Main-Debug|Any CPU.Build.0 = Debug|Any CPU
		{F9A0B560-A8BF-4914-88FB-7D98DF4242EF}.MONODROID|Any CPU.ActiveCfg = MONODROID|Any CPU
		{F9A0B560-A8BF-4914-88FB-7D98DF4242EF}.MONODROID|Any CPU.Build.0 = MONODROID|Any CPU
		{F9A0B560-A8BF-4914-88FB-7D98DF4242EF}.Release|Any CPU.ActiveCfg = Release|Any CPU
		{F9A0B560-A8BF-4914-88FB-7D98DF4242EF}.Release|Any CPU.Build.0 = Release|Any CPU
		{5DEEE833-95C4-4D28-AAA7-E281FF1569D8}.Debug|Any CPU.ActiveCfg = Debug|Any CPU
		{5DEEE833-95C4-4D28-AAA7-E281FF1569D8}.Debug|Any CPU.Build.0 = Debug|Any CPU
		{5DEEE833-95C4-4D28-AAA7-E281FF1569D8}.Deploy-dev|Any CPU.ActiveCfg = Debug|Any CPU
		{5DEEE833-95C4-4D28-AAA7-E281FF1569D8}.Deploy-dev|Any CPU.Build.0 = Debug|Any CPU
		{5DEEE833-95C4-4D28-AAA7-E281FF1569D8}.Deploy-devKh|Any CPU.ActiveCfg = Debug|Any CPU
		{5DEEE833-95C4-4D28-AAA7-E281FF1569D8}.Deploy-devKh|Any CPU.Build.0 = Debug|Any CPU
		{5DEEE833-95C4-4D28-AAA7-E281FF1569D8}.Deploy-Main|Any CPU.ActiveCfg = Debug|Any CPU
		{5DEEE833-95C4-4D28-AAA7-E281FF1569D8}.Deploy-Main|Any CPU.Build.0 = Debug|Any CPU
		{5DEEE833-95C4-4D28-AAA7-E281FF1569D8}.Deploy-Main-Debug|Any CPU.ActiveCfg = Debug|Any CPU
		{5DEEE833-95C4-4D28-AAA7-E281FF1569D8}.Deploy-Main-Debug|Any CPU.Build.0 = Debug|Any CPU
		{5DEEE833-95C4-4D28-AAA7-E281FF1569D8}.MONODROID|Any CPU.ActiveCfg = MONODROID|Any CPU
		{5DEEE833-95C4-4D28-AAA7-E281FF1569D8}.MONODROID|Any CPU.Build.0 = MONODROID|Any CPU
		{5DEEE833-95C4-4D28-AAA7-E281FF1569D8}.Release|Any CPU.ActiveCfg = Release|Any CPU
		{5DEEE833-95C4-4D28-AAA7-E281FF1569D8}.Release|Any CPU.Build.0 = Release|Any CPU
		{EA93A91D-7BC9-4EC0-8A22-8A772AFD76C3}.Debug|Any CPU.ActiveCfg = Debug|Any CPU
		{EA93A91D-7BC9-4EC0-8A22-8A772AFD76C3}.Debug|Any CPU.Build.0 = Debug|Any CPU
		{EA93A91D-7BC9-4EC0-8A22-8A772AFD76C3}.Deploy-dev|Any CPU.ActiveCfg = Debug|Any CPU
		{EA93A91D-7BC9-4EC0-8A22-8A772AFD76C3}.Deploy-dev|Any CPU.Build.0 = Debug|Any CPU
		{EA93A91D-7BC9-4EC0-8A22-8A772AFD76C3}.Deploy-devKh|Any CPU.ActiveCfg = Debug|Any CPU
		{EA93A91D-7BC9-4EC0-8A22-8A772AFD76C3}.Deploy-devKh|Any CPU.Build.0 = Debug|Any CPU
		{EA93A91D-7BC9-4EC0-8A22-8A772AFD76C3}.Deploy-Main|Any CPU.ActiveCfg = Debug|Any CPU
		{EA93A91D-7BC9-4EC0-8A22-8A772AFD76C3}.Deploy-Main|Any CPU.Build.0 = Debug|Any CPU
		{EA93A91D-7BC9-4EC0-8A22-8A772AFD76C3}.Deploy-Main-Debug|Any CPU.ActiveCfg = Deploy-Main-Debug|Any CPU
		{EA93A91D-7BC9-4EC0-8A22-8A772AFD76C3}.Deploy-Main-Debug|Any CPU.Build.0 = Deploy-Main-Debug|Any CPU
		{EA93A91D-7BC9-4EC0-8A22-8A772AFD76C3}.MONODROID|Any CPU.ActiveCfg = Deploy-Main-Debug|Any CPU
		{EA93A91D-7BC9-4EC0-8A22-8A772AFD76C3}.MONODROID|Any CPU.Build.0 = Deploy-Main-Debug|Any CPU
		{EA93A91D-7BC9-4EC0-8A22-8A772AFD76C3}.Release|Any CPU.ActiveCfg = Release|Any CPU
		{EA93A91D-7BC9-4EC0-8A22-8A772AFD76C3}.Release|Any CPU.Build.0 = Release|Any CPU
		{8237C4D5-6F0E-4DE4-B145-F471D49EBAAC}.Debug|Any CPU.ActiveCfg = Debug|Any CPU
		{8237C4D5-6F0E-4DE4-B145-F471D49EBAAC}.Debug|Any CPU.Build.0 = Debug|Any CPU
		{8237C4D5-6F0E-4DE4-B145-F471D49EBAAC}.Deploy-dev|Any CPU.ActiveCfg = Debug|Any CPU
		{8237C4D5-6F0E-4DE4-B145-F471D49EBAAC}.Deploy-dev|Any CPU.Build.0 = Debug|Any CPU
		{8237C4D5-6F0E-4DE4-B145-F471D49EBAAC}.Deploy-devKh|Any CPU.ActiveCfg = Debug|Any CPU
		{8237C4D5-6F0E-4DE4-B145-F471D49EBAAC}.Deploy-devKh|Any CPU.Build.0 = Debug|Any CPU
		{8237C4D5-6F0E-4DE4-B145-F471D49EBAAC}.Deploy-Main|Any CPU.ActiveCfg = Debug|Any CPU
		{8237C4D5-6F0E-4DE4-B145-F471D49EBAAC}.Deploy-Main|Any CPU.Build.0 = Debug|Any CPU
		{8237C4D5-6F0E-4DE4-B145-F471D49EBAAC}.Deploy-Main-Debug|Any CPU.ActiveCfg = Debug|Any CPU
		{8237C4D5-6F0E-4DE4-B145-F471D49EBAAC}.Deploy-Main-Debug|Any CPU.Build.0 = Debug|Any CPU
		{8237C4D5-6F0E-4DE4-B145-F471D49EBAAC}.MONODROID|Any CPU.ActiveCfg = MONODROID|Any CPU
		{8237C4D5-6F0E-4DE4-B145-F471D49EBAAC}.MONODROID|Any CPU.Build.0 = MONODROID|Any CPU
		{8237C4D5-6F0E-4DE4-B145-F471D49EBAAC}.Release|Any CPU.ActiveCfg = Release|Any CPU
		{8237C4D5-6F0E-4DE4-B145-F471D49EBAAC}.Release|Any CPU.Build.0 = Release|Any CPU
		{DC128FDF-0F94-4B63-B79E-DDD02E5E1F0F}.Debug|Any CPU.ActiveCfg = Debug|Any CPU
		{DC128FDF-0F94-4B63-B79E-DDD02E5E1F0F}.Debug|Any CPU.Build.0 = Debug|Any CPU
		{DC128FDF-0F94-4B63-B79E-DDD02E5E1F0F}.Deploy-dev|Any CPU.ActiveCfg = Debug|Any CPU
		{DC128FDF-0F94-4B63-B79E-DDD02E5E1F0F}.Deploy-dev|Any CPU.Build.0 = Debug|Any CPU
		{DC128FDF-0F94-4B63-B79E-DDD02E5E1F0F}.Deploy-devKh|Any CPU.ActiveCfg = Debug|Any CPU
		{DC128FDF-0F94-4B63-B79E-DDD02E5E1F0F}.Deploy-devKh|Any CPU.Build.0 = Debug|Any CPU
		{DC128FDF-0F94-4B63-B79E-DDD02E5E1F0F}.Deploy-Main|Any CPU.ActiveCfg = Debug|Any CPU
		{DC128FDF-0F94-4B63-B79E-DDD02E5E1F0F}.Deploy-Main|Any CPU.Build.0 = Debug|Any CPU
		{DC128FDF-0F94-4B63-B79E-DDD02E5E1F0F}.Deploy-Main-Debug|Any CPU.ActiveCfg = Debug|Any CPU
		{DC128FDF-0F94-4B63-B79E-DDD02E5E1F0F}.Deploy-Main-Debug|Any CPU.Build.0 = Debug|Any CPU
		{DC128FDF-0F94-4B63-B79E-DDD02E5E1F0F}.MONODROID|Any CPU.ActiveCfg = Release|Any CPU
		{DC128FDF-0F94-4B63-B79E-DDD02E5E1F0F}.MONODROID|Any CPU.Build.0 = Release|Any CPU
		{DC128FDF-0F94-4B63-B79E-DDD02E5E1F0F}.Release|Any CPU.ActiveCfg = Release|Any CPU
		{DC128FDF-0F94-4B63-B79E-DDD02E5E1F0F}.Release|Any CPU.Build.0 = Release|Any CPU
		{E21BC003-84B5-41BE-928C-75874418ACD2}.Debug|Any CPU.ActiveCfg = Debug|Any CPU
		{E21BC003-84B5-41BE-928C-75874418ACD2}.Debug|Any CPU.Build.0 = Debug|Any CPU
		{E21BC003-84B5-41BE-928C-75874418ACD2}.Deploy-dev|Any CPU.ActiveCfg = Debug|Any CPU
		{E21BC003-84B5-41BE-928C-75874418ACD2}.Deploy-dev|Any CPU.Build.0 = Debug|Any CPU
		{E21BC003-84B5-41BE-928C-75874418ACD2}.Deploy-devKh|Any CPU.ActiveCfg = Debug|Any CPU
		{E21BC003-84B5-41BE-928C-75874418ACD2}.Deploy-devKh|Any CPU.Build.0 = Debug|Any CPU
		{E21BC003-84B5-41BE-928C-75874418ACD2}.Deploy-Main|Any CPU.ActiveCfg = Debug|Any CPU
		{E21BC003-84B5-41BE-928C-75874418ACD2}.Deploy-Main|Any CPU.Build.0 = Debug|Any CPU
		{E21BC003-84B5-41BE-928C-75874418ACD2}.Deploy-Main-Debug|Any CPU.ActiveCfg = Debug|Any CPU
		{E21BC003-84B5-41BE-928C-75874418ACD2}.Deploy-Main-Debug|Any CPU.Build.0 = Debug|Any CPU
		{E21BC003-84B5-41BE-928C-75874418ACD2}.MONODROID|Any CPU.ActiveCfg = Release|Any CPU
		{E21BC003-84B5-41BE-928C-75874418ACD2}.MONODROID|Any CPU.Build.0 = Release|Any CPU
		{E21BC003-84B5-41BE-928C-75874418ACD2}.Release|Any CPU.ActiveCfg = Release|Any CPU
		{E21BC003-84B5-41BE-928C-75874418ACD2}.Release|Any CPU.Build.0 = Release|Any CPU
		{1A39EA94-3A3C-4C3C-8DC5-AF21268A3C1B}.Debug|Any CPU.ActiveCfg = Debug|Any CPU
		{1A39EA94-3A3C-4C3C-8DC5-AF21268A3C1B}.Debug|Any CPU.Build.0 = Debug|Any CPU
		{1A39EA94-3A3C-4C3C-8DC5-AF21268A3C1B}.Deploy-dev|Any CPU.ActiveCfg = Debug|Any CPU
		{1A39EA94-3A3C-4C3C-8DC5-AF21268A3C1B}.Deploy-dev|Any CPU.Build.0 = Debug|Any CPU
		{1A39EA94-3A3C-4C3C-8DC5-AF21268A3C1B}.Deploy-devKh|Any CPU.ActiveCfg = Debug|Any CPU
		{1A39EA94-3A3C-4C3C-8DC5-AF21268A3C1B}.Deploy-devKh|Any CPU.Build.0 = Debug|Any CPU
		{1A39EA94-3A3C-4C3C-8DC5-AF21268A3C1B}.Deploy-Main|Any CPU.ActiveCfg = Debug|Any CPU
		{1A39EA94-3A3C-4C3C-8DC5-AF21268A3C1B}.Deploy-Main|Any CPU.Build.0 = Debug|Any CPU
		{1A39EA94-3A3C-4C3C-8DC5-AF21268A3C1B}.Deploy-Main-Debug|Any CPU.ActiveCfg = Debug|Any CPU
		{1A39EA94-3A3C-4C3C-8DC5-AF21268A3C1B}.Deploy-Main-Debug|Any CPU.Build.0 = Debug|Any CPU
		{1A39EA94-3A3C-4C3C-8DC5-AF21268A3C1B}.MONODROID|Any CPU.ActiveCfg = Release|Any CPU
		{1A39EA94-3A3C-4C3C-8DC5-AF21268A3C1B}.MONODROID|Any CPU.Build.0 = Release|Any CPU
		{1A39EA94-3A3C-4C3C-8DC5-AF21268A3C1B}.Release|Any CPU.ActiveCfg = Release|Any CPU
		{1A39EA94-3A3C-4C3C-8DC5-AF21268A3C1B}.Release|Any CPU.Build.0 = Release|Any CPU
		{B1606F2F-DA6A-400D-9313-F7822D326931}.Debug|Any CPU.ActiveCfg = Debug|Any CPU
		{B1606F2F-DA6A-400D-9313-F7822D326931}.Debug|Any CPU.Build.0 = Debug|Any CPU
		{B1606F2F-DA6A-400D-9313-F7822D326931}.Deploy-dev|Any CPU.ActiveCfg = Debug|Any CPU
		{B1606F2F-DA6A-400D-9313-F7822D326931}.Deploy-dev|Any CPU.Build.0 = Debug|Any CPU
		{B1606F2F-DA6A-400D-9313-F7822D326931}.Deploy-devKh|Any CPU.ActiveCfg = Debug|Any CPU
		{B1606F2F-DA6A-400D-9313-F7822D326931}.Deploy-devKh|Any CPU.Build.0 = Debug|Any CPU
		{B1606F2F-DA6A-400D-9313-F7822D326931}.Deploy-Main|Any CPU.ActiveCfg = Debug|Any CPU
		{B1606F2F-DA6A-400D-9313-F7822D326931}.Deploy-Main|Any CPU.Build.0 = Debug|Any CPU
		{B1606F2F-DA6A-400D-9313-F7822D326931}.Deploy-Main-Debug|Any CPU.ActiveCfg = Debug|Any CPU
		{B1606F2F-DA6A-400D-9313-F7822D326931}.Deploy-Main-Debug|Any CPU.Build.0 = Debug|Any CPU
		{B1606F2F-DA6A-400D-9313-F7822D326931}.MONODROID|Any CPU.ActiveCfg = Release|Any CPU
		{B1606F2F-DA6A-400D-9313-F7822D326931}.MONODROID|Any CPU.Build.0 = Release|Any CPU
		{B1606F2F-DA6A-400D-9313-F7822D326931}.Release|Any CPU.ActiveCfg = Release|Any CPU
		{B1606F2F-DA6A-400D-9313-F7822D326931}.Release|Any CPU.Build.0 = Release|Any CPU
		{C9FA7474-8407-4C32-A946-DF47591FCC89}.Debug|Any CPU.ActiveCfg = Debug|Any CPU
		{C9FA7474-8407-4C32-A946-DF47591FCC89}.Debug|Any CPU.Build.0 = Debug|Any CPU
		{C9FA7474-8407-4C32-A946-DF47591FCC89}.Deploy-dev|Any CPU.ActiveCfg = Debug|Any CPU
		{C9FA7474-8407-4C32-A946-DF47591FCC89}.Deploy-dev|Any CPU.Build.0 = Debug|Any CPU
		{C9FA7474-8407-4C32-A946-DF47591FCC89}.Deploy-devKh|Any CPU.ActiveCfg = Debug|Any CPU
		{C9FA7474-8407-4C32-A946-DF47591FCC89}.Deploy-devKh|Any CPU.Build.0 = Debug|Any CPU
		{C9FA7474-8407-4C32-A946-DF47591FCC89}.Deploy-Main|Any CPU.ActiveCfg = Debug|Any CPU
		{C9FA7474-8407-4C32-A946-DF47591FCC89}.Deploy-Main|Any CPU.Build.0 = Debug|Any CPU
		{C9FA7474-8407-4C32-A946-DF47591FCC89}.Deploy-Main-Debug|Any CPU.ActiveCfg = Debug|Any CPU
		{C9FA7474-8407-4C32-A946-DF47591FCC89}.Deploy-Main-Debug|Any CPU.Build.0 = Debug|Any CPU
		{C9FA7474-8407-4C32-A946-DF47591FCC89}.MONODROID|Any CPU.ActiveCfg = Release|Any CPU
		{C9FA7474-8407-4C32-A946-DF47591FCC89}.MONODROID|Any CPU.Build.0 = Release|Any CPU
		{C9FA7474-8407-4C32-A946-DF47591FCC89}.Release|Any CPU.ActiveCfg = Release|Any CPU
		{C9FA7474-8407-4C32-A946-DF47591FCC89}.Release|Any CPU.Build.0 = Release|Any CPU
		{667B05AE-CF79-4A4B-B9F8-DCC0999A729B}.Debug|Any CPU.ActiveCfg = Debug|Any CPU
		{667B05AE-CF79-4A4B-B9F8-DCC0999A729B}.Debug|Any CPU.Build.0 = Debug|Any CPU
		{667B05AE-CF79-4A4B-B9F8-DCC0999A729B}.Deploy-dev|Any CPU.ActiveCfg = Debug|Any CPU
		{667B05AE-CF79-4A4B-B9F8-DCC0999A729B}.Deploy-dev|Any CPU.Build.0 = Debug|Any CPU
		{667B05AE-CF79-4A4B-B9F8-DCC0999A729B}.Deploy-devKh|Any CPU.ActiveCfg = Debug|Any CPU
		{667B05AE-CF79-4A4B-B9F8-DCC0999A729B}.Deploy-devKh|Any CPU.Build.0 = Debug|Any CPU
		{667B05AE-CF79-4A4B-B9F8-DCC0999A729B}.Deploy-Main|Any CPU.ActiveCfg = Debug|Any CPU
		{667B05AE-CF79-4A4B-B9F8-DCC0999A729B}.Deploy-Main|Any CPU.Build.0 = Debug|Any CPU
		{667B05AE-CF79-4A4B-B9F8-DCC0999A729B}.Deploy-Main-Debug|Any CPU.ActiveCfg = Debug|Any CPU
		{667B05AE-CF79-4A4B-B9F8-DCC0999A729B}.Deploy-Main-Debug|Any CPU.Build.0 = Debug|Any CPU
		{667B05AE-CF79-4A4B-B9F8-DCC0999A729B}.MONODROID|Any CPU.ActiveCfg = Release|Any CPU
		{667B05AE-CF79-4A4B-B9F8-DCC0999A729B}.MONODROID|Any CPU.Build.0 = Release|Any CPU
		{667B05AE-CF79-4A4B-B9F8-DCC0999A729B}.Release|Any CPU.ActiveCfg = Release|Any CPU
		{667B05AE-CF79-4A4B-B9F8-DCC0999A729B}.Release|Any CPU.Build.0 = Release|Any CPU
		{51825D6C-4A28-4C33-8598-004462023A27}.Debug|Any CPU.ActiveCfg = Debug|Any CPU
		{51825D6C-4A28-4C33-8598-004462023A27}.Debug|Any CPU.Build.0 = Debug|Any CPU
		{51825D6C-4A28-4C33-8598-004462023A27}.Deploy-dev|Any CPU.ActiveCfg = Deploy-Main-Debug|Any CPU
		{51825D6C-4A28-4C33-8598-004462023A27}.Deploy-dev|Any CPU.Build.0 = Deploy-Main-Debug|Any CPU
		{51825D6C-4A28-4C33-8598-004462023A27}.Deploy-devKh|Any CPU.ActiveCfg = Deploy-Main-Debug|Any CPU
		{51825D6C-4A28-4C33-8598-004462023A27}.Deploy-devKh|Any CPU.Build.0 = Deploy-Main-Debug|Any CPU
		{51825D6C-4A28-4C33-8598-004462023A27}.Deploy-Main|Any CPU.ActiveCfg = Deploy-Main-Debug|Any CPU
		{51825D6C-4A28-4C33-8598-004462023A27}.Deploy-Main|Any CPU.Build.0 = Deploy-Main-Debug|Any CPU
		{51825D6C-4A28-4C33-8598-004462023A27}.Deploy-Main-Debug|Any CPU.ActiveCfg = Deploy-Main-Debug|Any CPU
		{51825D6C-4A28-4C33-8598-004462023A27}.Deploy-Main-Debug|Any CPU.Build.0 = Deploy-Main-Debug|Any CPU
		{51825D6C-4A28-4C33-8598-004462023A27}.MONODROID|Any CPU.ActiveCfg = Deploy-Main-Debug|Any CPU
		{51825D6C-4A28-4C33-8598-004462023A27}.MONODROID|Any CPU.Build.0 = Deploy-Main-Debug|Any CPU
		{51825D6C-4A28-4C33-8598-004462023A27}.Release|Any CPU.ActiveCfg = Release|Any CPU
		{51825D6C-4A28-4C33-8598-004462023A27}.Release|Any CPU.Build.0 = Release|Any CPU
		{F9662B78-1AFB-4DD2-B69B-3D153CB1C632}.Debug|Any CPU.ActiveCfg = Debug|Any CPU
		{F9662B78-1AFB-4DD2-B69B-3D153CB1C632}.Deploy-dev|Any CPU.ActiveCfg = Deploy-Main-Debug|Any CPU
		{F9662B78-1AFB-4DD2-B69B-3D153CB1C632}.Deploy-dev|Any CPU.Build.0 = Deploy-Main-Debug|Any CPU
		{F9662B78-1AFB-4DD2-B69B-3D153CB1C632}.Deploy-devKh|Any CPU.ActiveCfg = Deploy-Main-Debug|Any CPU
		{F9662B78-1AFB-4DD2-B69B-3D153CB1C632}.Deploy-devKh|Any CPU.Build.0 = Deploy-Main-Debug|Any CPU
		{F9662B78-1AFB-4DD2-B69B-3D153CB1C632}.Deploy-Main|Any CPU.ActiveCfg = Deploy-Main-Debug|Any CPU
		{F9662B78-1AFB-4DD2-B69B-3D153CB1C632}.Deploy-Main|Any CPU.Build.0 = Deploy-Main-Debug|Any CPU
		{F9662B78-1AFB-4DD2-B69B-3D153CB1C632}.Deploy-Main-Debug|Any CPU.ActiveCfg = Deploy-Main-Debug|Any CPU
		{F9662B78-1AFB-4DD2-B69B-3D153CB1C632}.Deploy-Main-Debug|Any CPU.Build.0 = Deploy-Main-Debug|Any CPU
		{F9662B78-1AFB-4DD2-B69B-3D153CB1C632}.MONODROID|Any CPU.ActiveCfg = Deploy-Main-Debug|Any CPU
		{F9662B78-1AFB-4DD2-B69B-3D153CB1C632}.MONODROID|Any CPU.Build.0 = Deploy-Main-Debug|Any CPU
		{F9662B78-1AFB-4DD2-B69B-3D153CB1C632}.Release|Any CPU.ActiveCfg = Release|Any CPU
		{F9662B78-1AFB-4DD2-B69B-3D153CB1C632}.Release|Any CPU.Build.0 = Release|Any CPU
		{F0DB4D2A-A47A-4268-A688-91D097A93237}.Debug|Any CPU.ActiveCfg = Debug|Any CPU
		{F0DB4D2A-A47A-4268-A688-91D097A93237}.Debug|Any CPU.Build.0 = Debug|Any CPU
		{F0DB4D2A-A47A-4268-A688-91D097A93237}.Deploy-dev|Any CPU.ActiveCfg = Debug|Any CPU
		{F0DB4D2A-A47A-4268-A688-91D097A93237}.Deploy-dev|Any CPU.Build.0 = Debug|Any CPU
		{F0DB4D2A-A47A-4268-A688-91D097A93237}.Deploy-devKh|Any CPU.ActiveCfg = Debug|Any CPU
		{F0DB4D2A-A47A-4268-A688-91D097A93237}.Deploy-devKh|Any CPU.Build.0 = Debug|Any CPU
		{F0DB4D2A-A47A-4268-A688-91D097A93237}.Deploy-Main|Any CPU.ActiveCfg = Debug|Any CPU
		{F0DB4D2A-A47A-4268-A688-91D097A93237}.Deploy-Main|Any CPU.Build.0 = Debug|Any CPU
		{F0DB4D2A-A47A-4268-A688-91D097A93237}.Deploy-Main-Debug|Any CPU.ActiveCfg = Debug|Any CPU
		{F0DB4D2A-A47A-4268-A688-91D097A93237}.Deploy-Main-Debug|Any CPU.Build.0 = Debug|Any CPU
		{F0DB4D2A-A47A-4268-A688-91D097A93237}.MONODROID|Any CPU.ActiveCfg = Release|Any CPU
		{F0DB4D2A-A47A-4268-A688-91D097A93237}.MONODROID|Any CPU.Build.0 = Release|Any CPU
		{F0DB4D2A-A47A-4268-A688-91D097A93237}.Release|Any CPU.ActiveCfg = Release|Any CPU
		{F0DB4D2A-A47A-4268-A688-91D097A93237}.Release|Any CPU.Build.0 = Release|Any CPU
		{CAFF029B-9FE0-4AE9-A475-C384D9022471}.Debug|Any CPU.ActiveCfg = Debug|Any CPU
		{CAFF029B-9FE0-4AE9-A475-C384D9022471}.Debug|Any CPU.Build.0 = Debug|Any CPU
		{CAFF029B-9FE0-4AE9-A475-C384D9022471}.Deploy-dev|Any CPU.ActiveCfg = Debug|Any CPU
		{CAFF029B-9FE0-4AE9-A475-C384D9022471}.Deploy-dev|Any CPU.Build.0 = Debug|Any CPU
		{CAFF029B-9FE0-4AE9-A475-C384D9022471}.Deploy-devKh|Any CPU.ActiveCfg = Debug|Any CPU
		{CAFF029B-9FE0-4AE9-A475-C384D9022471}.Deploy-devKh|Any CPU.Build.0 = Debug|Any CPU
		{CAFF029B-9FE0-4AE9-A475-C384D9022471}.Deploy-Main|Any CPU.ActiveCfg = Debug|Any CPU
		{CAFF029B-9FE0-4AE9-A475-C384D9022471}.Deploy-Main|Any CPU.Build.0 = Debug|Any CPU
		{CAFF029B-9FE0-4AE9-A475-C384D9022471}.Deploy-Main-Debug|Any CPU.ActiveCfg = Debug|Any CPU
		{CAFF029B-9FE0-4AE9-A475-C384D9022471}.Deploy-Main-Debug|Any CPU.Build.0 = Debug|Any CPU
		{CAFF029B-9FE0-4AE9-A475-C384D9022471}.MONODROID|Any CPU.ActiveCfg = Release|Any CPU
		{CAFF029B-9FE0-4AE9-A475-C384D9022471}.MONODROID|Any CPU.Build.0 = Release|Any CPU
		{CAFF029B-9FE0-4AE9-A475-C384D9022471}.Release|Any CPU.ActiveCfg = Release|Any CPU
		{CAFF029B-9FE0-4AE9-A475-C384D9022471}.Release|Any CPU.Build.0 = Release|Any CPU
		{E48338BD-D392-4606-B919-795DBBC469B8}.Debug|Any CPU.ActiveCfg = Debug|Any CPU
		{E48338BD-D392-4606-B919-795DBBC469B8}.Debug|Any CPU.Build.0 = Debug|Any CPU
		{E48338BD-D392-4606-B919-795DBBC469B8}.Deploy-dev|Any CPU.ActiveCfg = Debug|Any CPU
		{E48338BD-D392-4606-B919-795DBBC469B8}.Deploy-dev|Any CPU.Build.0 = Debug|Any CPU
		{E48338BD-D392-4606-B919-795DBBC469B8}.Deploy-devKh|Any CPU.ActiveCfg = Debug|Any CPU
		{E48338BD-D392-4606-B919-795DBBC469B8}.Deploy-devKh|Any CPU.Build.0 = Debug|Any CPU
		{E48338BD-D392-4606-B919-795DBBC469B8}.Deploy-Main|Any CPU.ActiveCfg = Debug|Any CPU
		{E48338BD-D392-4606-B919-795DBBC469B8}.Deploy-Main|Any CPU.Build.0 = Debug|Any CPU
		{E48338BD-D392-4606-B919-795DBBC469B8}.Deploy-Main-Debug|Any CPU.ActiveCfg = Debug|Any CPU
		{E48338BD-D392-4606-B919-795DBBC469B8}.Deploy-Main-Debug|Any CPU.Build.0 = Debug|Any CPU
		{E48338BD-D392-4606-B919-795DBBC469B8}.MONODROID|Any CPU.ActiveCfg = Release|Any CPU
		{E48338BD-D392-4606-B919-795DBBC469B8}.MONODROID|Any CPU.Build.0 = Release|Any CPU
		{E48338BD-D392-4606-B919-795DBBC469B8}.Release|Any CPU.ActiveCfg = Release|Any CPU
		{E48338BD-D392-4606-B919-795DBBC469B8}.Release|Any CPU.Build.0 = Release|Any CPU
		{AD672732-3D12-48BC-8612-09547F0065D3}.Debug|Any CPU.ActiveCfg = Debug|Any CPU
		{AD672732-3D12-48BC-8612-09547F0065D3}.Debug|Any CPU.Build.0 = Debug|Any CPU
		{AD672732-3D12-48BC-8612-09547F0065D3}.Deploy-dev|Any CPU.ActiveCfg = Deploy-dev|Any CPU
		{AD672732-3D12-48BC-8612-09547F0065D3}.Deploy-dev|Any CPU.Build.0 = Deploy-dev|Any CPU
		{AD672732-3D12-48BC-8612-09547F0065D3}.Deploy-devKh|Any CPU.ActiveCfg = Deploy-devKh|Any CPU
		{AD672732-3D12-48BC-8612-09547F0065D3}.Deploy-devKh|Any CPU.Build.0 = Deploy-devKh|Any CPU
		{AD672732-3D12-48BC-8612-09547F0065D3}.Deploy-Main|Any CPU.ActiveCfg = Deploy-Main|Any CPU
		{AD672732-3D12-48BC-8612-09547F0065D3}.Deploy-Main|Any CPU.Build.0 = Deploy-Main|Any CPU
		{AD672732-3D12-48BC-8612-09547F0065D3}.Deploy-Main-Debug|Any CPU.ActiveCfg = Deploy-Main-Debug|Any CPU
		{AD672732-3D12-48BC-8612-09547F0065D3}.Deploy-Main-Debug|Any CPU.Build.0 = Deploy-Main-Debug|Any CPU
		{AD672732-3D12-48BC-8612-09547F0065D3}.MONODROID|Any CPU.ActiveCfg = Deploy-Main-Debug|Any CPU
		{AD672732-3D12-48BC-8612-09547F0065D3}.MONODROID|Any CPU.Build.0 = Deploy-Main-Debug|Any CPU
		{AD672732-3D12-48BC-8612-09547F0065D3}.Release|Any CPU.ActiveCfg = Release|Any CPU
		{AD672732-3D12-48BC-8612-09547F0065D3}.Release|Any CPU.Build.0 = Release|Any CPU
		{613558D5-9AB8-4908-B904-3B8EA86FFB96}.Debug|Any CPU.ActiveCfg = Debug|Any CPU
		{613558D5-9AB8-4908-B904-3B8EA86FFB96}.Debug|Any CPU.Build.0 = Debug|Any CPU
		{613558D5-9AB8-4908-B904-3B8EA86FFB96}.Deploy-dev|Any CPU.ActiveCfg = Debug|Any CPU
		{613558D5-9AB8-4908-B904-3B8EA86FFB96}.Deploy-dev|Any CPU.Build.0 = Debug|Any CPU
		{613558D5-9AB8-4908-B904-3B8EA86FFB96}.Deploy-devKh|Any CPU.ActiveCfg = Debug|Any CPU
		{613558D5-9AB8-4908-B904-3B8EA86FFB96}.Deploy-devKh|Any CPU.Build.0 = Debug|Any CPU
		{613558D5-9AB8-4908-B904-3B8EA86FFB96}.Deploy-Main|Any CPU.ActiveCfg = Debug|Any CPU
		{613558D5-9AB8-4908-B904-3B8EA86FFB96}.Deploy-Main|Any CPU.Build.0 = Debug|Any CPU
		{613558D5-9AB8-4908-B904-3B8EA86FFB96}.Deploy-Main-Debug|Any CPU.ActiveCfg = Debug|Any CPU
		{613558D5-9AB8-4908-B904-3B8EA86FFB96}.Deploy-Main-Debug|Any CPU.Build.0 = Debug|Any CPU
		{613558D5-9AB8-4908-B904-3B8EA86FFB96}.MONODROID|Any CPU.ActiveCfg = Release|Any CPU
		{613558D5-9AB8-4908-B904-3B8EA86FFB96}.MONODROID|Any CPU.Build.0 = Release|Any CPU
		{613558D5-9AB8-4908-B904-3B8EA86FFB96}.Release|Any CPU.ActiveCfg = Release|Any CPU
		{613558D5-9AB8-4908-B904-3B8EA86FFB96}.Release|Any CPU.Build.0 = Release|Any CPU
		{0B303848-98EF-4C13-B344-548B5DF5B1B5}.Debug|Any CPU.ActiveCfg = Debug|Any CPU
		{0B303848-98EF-4C13-B344-548B5DF5B1B5}.Debug|Any CPU.Build.0 = Debug|Any CPU
		{0B303848-98EF-4C13-B344-548B5DF5B1B5}.Deploy-dev|Any CPU.ActiveCfg = Debug|Any CPU
		{0B303848-98EF-4C13-B344-548B5DF5B1B5}.Deploy-dev|Any CPU.Build.0 = Debug|Any CPU
		{0B303848-98EF-4C13-B344-548B5DF5B1B5}.Deploy-devKh|Any CPU.ActiveCfg = Debug|Any CPU
		{0B303848-98EF-4C13-B344-548B5DF5B1B5}.Deploy-devKh|Any CPU.Build.0 = Debug|Any CPU
		{0B303848-98EF-4C13-B344-548B5DF5B1B5}.Deploy-Main|Any CPU.ActiveCfg = Debug|Any CPU
		{0B303848-98EF-4C13-B344-548B5DF5B1B5}.Deploy-Main|Any CPU.Build.0 = Debug|Any CPU
		{0B303848-98EF-4C13-B344-548B5DF5B1B5}.Deploy-Main-Debug|Any CPU.ActiveCfg = Debug|Any CPU
		{0B303848-98EF-4C13-B344-548B5DF5B1B5}.Deploy-Main-Debug|Any CPU.Build.0 = Debug|Any CPU
		{0B303848-98EF-4C13-B344-548B5DF5B1B5}.MONODROID|Any CPU.ActiveCfg = Release|Any CPU
		{0B303848-98EF-4C13-B344-548B5DF5B1B5}.MONODROID|Any CPU.Build.0 = Release|Any CPU
		{0B303848-98EF-4C13-B344-548B5DF5B1B5}.Release|Any CPU.ActiveCfg = Release|Any CPU
		{0B303848-98EF-4C13-B344-548B5DF5B1B5}.Release|Any CPU.Build.0 = Release|Any CPU
		{4ECE2C97-13A0-46D6-95D1-7BB50A48267B}.Debug|Any CPU.ActiveCfg = Debug|Any CPU
		{4ECE2C97-13A0-46D6-95D1-7BB50A48267B}.Debug|Any CPU.Build.0 = Debug|Any CPU
		{4ECE2C97-13A0-46D6-95D1-7BB50A48267B}.Deploy-dev|Any CPU.ActiveCfg = Debug|Any CPU
		{4ECE2C97-13A0-46D6-95D1-7BB50A48267B}.Deploy-dev|Any CPU.Build.0 = Debug|Any CPU
		{4ECE2C97-13A0-46D6-95D1-7BB50A48267B}.Deploy-devKh|Any CPU.ActiveCfg = Debug|Any CPU
		{4ECE2C97-13A0-46D6-95D1-7BB50A48267B}.Deploy-devKh|Any CPU.Build.0 = Debug|Any CPU
		{4ECE2C97-13A0-46D6-95D1-7BB50A48267B}.Deploy-Main|Any CPU.ActiveCfg = Debug|Any CPU
		{4ECE2C97-13A0-46D6-95D1-7BB50A48267B}.Deploy-Main|Any CPU.Build.0 = Debug|Any CPU
		{4ECE2C97-13A0-46D6-95D1-7BB50A48267B}.Deploy-Main-Debug|Any CPU.ActiveCfg = Debug|Any CPU
		{4ECE2C97-13A0-46D6-95D1-7BB50A48267B}.Deploy-Main-Debug|Any CPU.Build.0 = Debug|Any CPU
		{4ECE2C97-13A0-46D6-95D1-7BB50A48267B}.MONODROID|Any CPU.ActiveCfg = Release|Any CPU
		{4ECE2C97-13A0-46D6-95D1-7BB50A48267B}.MONODROID|Any CPU.Build.0 = Release|Any CPU
		{4ECE2C97-13A0-46D6-95D1-7BB50A48267B}.Release|Any CPU.ActiveCfg = Release|Any CPU
		{4ECE2C97-13A0-46D6-95D1-7BB50A48267B}.Release|Any CPU.Build.0 = Release|Any CPU
		{FC6CE152-DDAE-4F56-91EB-7389A79386F2}.Debug|Any CPU.ActiveCfg = Debug|Any CPU
		{FC6CE152-DDAE-4F56-91EB-7389A79386F2}.Debug|Any CPU.Build.0 = Debug|Any CPU
		{FC6CE152-DDAE-4F56-91EB-7389A79386F2}.Debug|Any CPU.Deploy.0 = Debug|Any CPU
		{FC6CE152-DDAE-4F56-91EB-7389A79386F2}.Deploy-dev|Any CPU.ActiveCfg = Debug|Any CPU
		{FC6CE152-DDAE-4F56-91EB-7389A79386F2}.Deploy-dev|Any CPU.Build.0 = Debug|Any CPU
		{FC6CE152-DDAE-4F56-91EB-7389A79386F2}.Deploy-dev|Any CPU.Deploy.0 = Debug|Any CPU
		{FC6CE152-DDAE-4F56-91EB-7389A79386F2}.Deploy-devKh|Any CPU.ActiveCfg = Debug|Any CPU
		{FC6CE152-DDAE-4F56-91EB-7389A79386F2}.Deploy-devKh|Any CPU.Build.0 = Debug|Any CPU
		{FC6CE152-DDAE-4F56-91EB-7389A79386F2}.Deploy-devKh|Any CPU.Deploy.0 = Debug|Any CPU
		{FC6CE152-DDAE-4F56-91EB-7389A79386F2}.Deploy-Main|Any CPU.ActiveCfg = Debug|Any CPU
		{FC6CE152-DDAE-4F56-91EB-7389A79386F2}.Deploy-Main|Any CPU.Build.0 = Debug|Any CPU
		{FC6CE152-DDAE-4F56-91EB-7389A79386F2}.Deploy-Main|Any CPU.Deploy.0 = Debug|Any CPU
		{FC6CE152-DDAE-4F56-91EB-7389A79386F2}.Deploy-Main-Debug|Any CPU.ActiveCfg = Debug|Any CPU
		{FC6CE152-DDAE-4F56-91EB-7389A79386F2}.Deploy-Main-Debug|Any CPU.Build.0 = Debug|Any CPU
		{FC6CE152-DDAE-4F56-91EB-7389A79386F2}.Deploy-Main-Debug|Any CPU.Deploy.0 = Debug|Any CPU
		{FC6CE152-DDAE-4F56-91EB-7389A79386F2}.MONODROID|Any CPU.ActiveCfg = MONODROID|Any CPU
		{FC6CE152-DDAE-4F56-91EB-7389A79386F2}.MONODROID|Any CPU.Build.0 = MONODROID|Any CPU
		{FC6CE152-DDAE-4F56-91EB-7389A79386F2}.MONODROID|Any CPU.Deploy.0 = MONODROID|Any CPU
		{FC6CE152-DDAE-4F56-91EB-7389A79386F2}.Release|Any CPU.ActiveCfg = Release|Any CPU
		{FC6CE152-DDAE-4F56-91EB-7389A79386F2}.Release|Any CPU.Build.0 = Release|Any CPU
		{FC6CE152-DDAE-4F56-91EB-7389A79386F2}.Release|Any CPU.Deploy.0 = Release|Any CPU
		{EA102E79-6CCF-49F7-9B12-C26320C91CA2}.Debug|Any CPU.ActiveCfg = Debug|Any CPU
		{EA102E79-6CCF-49F7-9B12-C26320C91CA2}.Debug|Any CPU.Build.0 = Debug|Any CPU
		{EA102E79-6CCF-49F7-9B12-C26320C91CA2}.Deploy-dev|Any CPU.ActiveCfg = Debug|Any CPU
		{EA102E79-6CCF-49F7-9B12-C26320C91CA2}.Deploy-dev|Any CPU.Build.0 = Debug|Any CPU
		{EA102E79-6CCF-49F7-9B12-C26320C91CA2}.Deploy-devKh|Any CPU.ActiveCfg = Debug|Any CPU
		{EA102E79-6CCF-49F7-9B12-C26320C91CA2}.Deploy-devKh|Any CPU.Build.0 = Debug|Any CPU
		{EA102E79-6CCF-49F7-9B12-C26320C91CA2}.Deploy-Main|Any CPU.ActiveCfg = Debug|Any CPU
		{EA102E79-6CCF-49F7-9B12-C26320C91CA2}.Deploy-Main|Any CPU.Build.0 = Debug|Any CPU
		{EA102E79-6CCF-49F7-9B12-C26320C91CA2}.Deploy-Main-Debug|Any CPU.ActiveCfg = Debug|Any CPU
		{EA102E79-6CCF-49F7-9B12-C26320C91CA2}.Deploy-Main-Debug|Any CPU.Build.0 = Debug|Any CPU
		{EA102E79-6CCF-49F7-9B12-C26320C91CA2}.MONODROID|Any CPU.ActiveCfg = Release|Any CPU
		{EA102E79-6CCF-49F7-9B12-C26320C91CA2}.MONODROID|Any CPU.Build.0 = Release|Any CPU
		{EA102E79-6CCF-49F7-9B12-C26320C91CA2}.Release|Any CPU.ActiveCfg = Release|Any CPU
		{EA102E79-6CCF-49F7-9B12-C26320C91CA2}.Release|Any CPU.Build.0 = Release|Any CPU
		{79488597-3210-4C72-A2E5-D4EEC269D3FE}.Debug|Any CPU.ActiveCfg = Debug|Any CPU
		{79488597-3210-4C72-A2E5-D4EEC269D3FE}.Debug|Any CPU.Build.0 = Debug|Any CPU
		{79488597-3210-4C72-A2E5-D4EEC269D3FE}.Deploy-dev|Any CPU.ActiveCfg = Debug|Any CPU
		{79488597-3210-4C72-A2E5-D4EEC269D3FE}.Deploy-dev|Any CPU.Build.0 = Debug|Any CPU
		{79488597-3210-4C72-A2E5-D4EEC269D3FE}.Deploy-devKh|Any CPU.ActiveCfg = Debug|Any CPU
		{79488597-3210-4C72-A2E5-D4EEC269D3FE}.Deploy-devKh|Any CPU.Build.0 = Debug|Any CPU
		{79488597-3210-4C72-A2E5-D4EEC269D3FE}.Deploy-Main|Any CPU.ActiveCfg = Debug|Any CPU
		{79488597-3210-4C72-A2E5-D4EEC269D3FE}.Deploy-Main|Any CPU.Build.0 = Debug|Any CPU
		{79488597-3210-4C72-A2E5-D4EEC269D3FE}.Deploy-Main-Debug|Any CPU.ActiveCfg = Debug|Any CPU
		{79488597-3210-4C72-A2E5-D4EEC269D3FE}.Deploy-Main-Debug|Any CPU.Build.0 = Debug|Any CPU
		{79488597-3210-4C72-A2E5-D4EEC269D3FE}.MONODROID|Any CPU.ActiveCfg = Release|Any CPU
		{79488597-3210-4C72-A2E5-D4EEC269D3FE}.MONODROID|Any CPU.Build.0 = Release|Any CPU
		{79488597-3210-4C72-A2E5-D4EEC269D3FE}.Release|Any CPU.ActiveCfg = Release|Any CPU
		{79488597-3210-4C72-A2E5-D4EEC269D3FE}.Release|Any CPU.Build.0 = Release|Any CPU
		{1B9537F5-8650-467A-A280-DF6EA396D6C5}.Debug|Any CPU.ActiveCfg = Debug|Any CPU
		{1B9537F5-8650-467A-A280-DF6EA396D6C5}.Debug|Any CPU.Build.0 = Debug|Any CPU
		{1B9537F5-8650-467A-A280-DF6EA396D6C5}.Deploy-dev|Any CPU.ActiveCfg = Debug|Any CPU
		{1B9537F5-8650-467A-A280-DF6EA396D6C5}.Deploy-dev|Any CPU.Build.0 = Debug|Any CPU
		{1B9537F5-8650-467A-A280-DF6EA396D6C5}.Deploy-devKh|Any CPU.ActiveCfg = Debug|Any CPU
		{1B9537F5-8650-467A-A280-DF6EA396D6C5}.Deploy-devKh|Any CPU.Build.0 = Debug|Any CPU
		{1B9537F5-8650-467A-A280-DF6EA396D6C5}.Deploy-Main|Any CPU.ActiveCfg = Debug|Any CPU
		{1B9537F5-8650-467A-A280-DF6EA396D6C5}.Deploy-Main|Any CPU.Build.0 = Debug|Any CPU
		{1B9537F5-8650-467A-A280-DF6EA396D6C5}.Deploy-Main-Debug|Any CPU.ActiveCfg = Debug|Any CPU
		{1B9537F5-8650-467A-A280-DF6EA396D6C5}.Deploy-Main-Debug|Any CPU.Build.0 = Debug|Any CPU
		{1B9537F5-8650-467A-A280-DF6EA396D6C5}.MONODROID|Any CPU.ActiveCfg = MONODROID|Any CPU
		{1B9537F5-8650-467A-A280-DF6EA396D6C5}.MONODROID|Any CPU.Build.0 = MONODROID|Any CPU
		{1B9537F5-8650-467A-A280-DF6EA396D6C5}.Release|Any CPU.ActiveCfg = Release|Any CPU
		{1B9537F5-8650-467A-A280-DF6EA396D6C5}.Release|Any CPU.Build.0 = Release|Any CPU
		{A6164AE1-61B3-453B-89A5-F813CC1F809B}.Debug|Any CPU.ActiveCfg = Debug|Any CPU
		{A6164AE1-61B3-453B-89A5-F813CC1F809B}.Debug|Any CPU.Build.0 = Debug|Any CPU
		{A6164AE1-61B3-453B-89A5-F813CC1F809B}.Deploy-dev|Any CPU.ActiveCfg = Debug|Any CPU
		{A6164AE1-61B3-453B-89A5-F813CC1F809B}.Deploy-dev|Any CPU.Build.0 = Debug|Any CPU
		{A6164AE1-61B3-453B-89A5-F813CC1F809B}.Deploy-devKh|Any CPU.ActiveCfg = Debug|Any CPU
		{A6164AE1-61B3-453B-89A5-F813CC1F809B}.Deploy-devKh|Any CPU.Build.0 = Debug|Any CPU
		{A6164AE1-61B3-453B-89A5-F813CC1F809B}.Deploy-Main|Any CPU.ActiveCfg = Debug|Any CPU
		{A6164AE1-61B3-453B-89A5-F813CC1F809B}.Deploy-Main|Any CPU.Build.0 = Debug|Any CPU
		{A6164AE1-61B3-453B-89A5-F813CC1F809B}.Deploy-Main-Debug|Any CPU.ActiveCfg = Debug|Any CPU
		{A6164AE1-61B3-453B-89A5-F813CC1F809B}.Deploy-Main-Debug|Any CPU.Build.0 = Debug|Any CPU
		{A6164AE1-61B3-453B-89A5-F813CC1F809B}.MONODROID|Any CPU.ActiveCfg = Release|Any CPU
		{A6164AE1-61B3-453B-89A5-F813CC1F809B}.MONODROID|Any CPU.Build.0 = Release|Any CPU
		{A6164AE1-61B3-453B-89A5-F813CC1F809B}.Release|Any CPU.ActiveCfg = Release|Any CPU
		{A6164AE1-61B3-453B-89A5-F813CC1F809B}.Release|Any CPU.Build.0 = Release|Any CPU
	EndGlobalSection
	GlobalSection(SolutionProperties) = preSolution
		HideSolutionNode = FALSE
	EndGlobalSection
	GlobalSection(NestedProjects) = preSolution
		{DC07E0FF-CCA1-49BE-AB98-C4AA9D164F6B} = {8A5C980E-E845-4EC9-A2B7-17539680186B}
		{F48BEA82-A834-40A1-A3E3-EE7E9969ACB7} = {8A5C980E-E845-4EC9-A2B7-17539680186B}
		{EA2F2634-F0F2-4F42-8D43-627BBAAA012C} = {8A5C980E-E845-4EC9-A2B7-17539680186B}
		{F0476C33-6F4F-4524-9CEA-37E87D55E67E} = {8A5C980E-E845-4EC9-A2B7-17539680186B}
		{C500A144-E8B6-41C1-8776-DC468E1D4889} = {8A5C980E-E845-4EC9-A2B7-17539680186B}
		{B1AA86AF-1FFA-4D20-B612-D7C119635438} = {8A5C980E-E845-4EC9-A2B7-17539680186B}
		{30BE60C9-980F-40E1-A8FD-C2A5959827D3} = {8A5C980E-E845-4EC9-A2B7-17539680186B}
		{6B9B6AB7-8858-49A3-A44A-4B56EE31C12C} = {8A5C980E-E845-4EC9-A2B7-17539680186B}
		{ED790AED-465E-4787-A9A3-8380229E0470} = {8A5C980E-E845-4EC9-A2B7-17539680186B}
		{18843DE6-BA3F-4964-BB63-99635C3CAEDA} = {8A5C980E-E845-4EC9-A2B7-17539680186B}
		{9268D360-154C-46C9-9B56-924DE80306A6} = {8A5C980E-E845-4EC9-A2B7-17539680186B}
		{15F83817-1405-42FE-B0B4-9A663851CC98} = {8A5C980E-E845-4EC9-A2B7-17539680186B}
		{9F3A0A7A-471A-43CC-8E12-F465B413623D} = {8A5C980E-E845-4EC9-A2B7-17539680186B}
		{7D58D343-D618-4FD2-A4C5-CFA90D533229} = {8A5C980E-E845-4EC9-A2B7-17539680186B}
		{F0DB4D2A-A47A-4268-A688-91D097A93237} = {8A5C980E-E845-4EC9-A2B7-17539680186B}
		{613558D5-9AB8-4908-B904-3B8EA86FFB96} = {8A5C980E-E845-4EC9-A2B7-17539680186B}
		{0B303848-98EF-4C13-B344-548B5DF5B1B5} = {8A5C980E-E845-4EC9-A2B7-17539680186B}
		{4ECE2C97-13A0-46D6-95D1-7BB50A48267B} = {8A5C980E-E845-4EC9-A2B7-17539680186B}
		{FC6CE152-DDAE-4F56-91EB-7389A79386F2} = {8A5C980E-E845-4EC9-A2B7-17539680186B}
		{EA102E79-6CCF-49F7-9B12-C26320C91CA2} = {8A5C980E-E845-4EC9-A2B7-17539680186B}
		{79488597-3210-4C72-A2E5-D4EEC269D3FE} = {8A5C980E-E845-4EC9-A2B7-17539680186B}
		{1B9537F5-8650-467A-A280-DF6EA396D6C5} = {8A5C980E-E845-4EC9-A2B7-17539680186B}
		{01F84441-80D3-49B4-AB18-96894ACB2F90} = {5E71E49B-22B9-403A-9429-C1EECAC64089}
		{AA90754B-CA47-429E-BDC8-2A83E94179B7} = {5E71E49B-22B9-403A-9429-C1EECAC64089}
		{50E98525-806C-41E3-9366-D36B1CD936D0} = {5E71E49B-22B9-403A-9429-C1EECAC64089}
		{C71E88E7-10A1-40FB-A789-E1FF2F0687D4} = {5E71E49B-22B9-403A-9429-C1EECAC64089}
		{FD52AF46-2A79-4CA1-BFC0-FA4BB95C1A87} = {5E71E49B-22B9-403A-9429-C1EECAC64089}
		{5F014003-50D8-49E0-8AFE-91D38DCCC97C} = {5E71E49B-22B9-403A-9429-C1EECAC64089}
		{F8E5E800-F842-4F84-A0C6-B3E1E5DB2BB4} = {5E71E49B-22B9-403A-9429-C1EECAC64089}
		{8332BCD2-DC58-466E-8D80-5BCB1FACCD6C} = {5E71E49B-22B9-403A-9429-C1EECAC64089}
		{ABD380D9-B4F3-410F-AF37-3635B6C5449C} = {5E71E49B-22B9-403A-9429-C1EECAC64089}
		{7598C70B-5772-4ED5-81DE-C0D7718BC164} = {5E71E49B-22B9-403A-9429-C1EECAC64089}
		{2719C23D-0A12-4E5B-B4DC-99CDBF413937} = {5E71E49B-22B9-403A-9429-C1EECAC64089}
		{EA93A91D-7BC9-4EC0-8A22-8A772AFD76C3} = {5E71E49B-22B9-403A-9429-C1EECAC64089}
		{51825D6C-4A28-4C33-8598-004462023A27} = {5E71E49B-22B9-403A-9429-C1EECAC64089}
		{F9662B78-1AFB-4DD2-B69B-3D153CB1C632} = {5E71E49B-22B9-403A-9429-C1EECAC64089}
		{CAFF029B-9FE0-4AE9-A475-C384D9022471} = {5E71E49B-22B9-403A-9429-C1EECAC64089}
		{E48338BD-D392-4606-B919-795DBBC469B8} = {5E71E49B-22B9-403A-9429-C1EECAC64089}
		{AD672732-3D12-48BC-8612-09547F0065D3} = {5E71E49B-22B9-403A-9429-C1EECAC64089}
		{A6164AE1-61B3-453B-89A5-F813CC1F809B} = {5E71E49B-22B9-403A-9429-C1EECAC64089}
		{26327C81-7655-443D-9E04-443AC07BD6CC} = {DC07E0FF-CCA1-49BE-AB98-C4AA9D164F6B}
		{7E10B3F0-F646-43E1-A301-04FB8FE7B81B} = {DC07E0FF-CCA1-49BE-AB98-C4AA9D164F6B}
		{2DA6C60D-CB06-40B4-91AF-A903451E3DB4} = {F48BEA82-A834-40A1-A3E3-EE7E9969ACB7}
		{8237C4D5-6F0E-4DE4-B145-F471D49EBAAC} = {F48BEA82-A834-40A1-A3E3-EE7E9969ACB7}
		{DC128FDF-0F94-4B63-B79E-DDD02E5E1F0F} = {F48BEA82-A834-40A1-A3E3-EE7E9969ACB7}
		{E21BC003-84B5-41BE-928C-75874418ACD2} = {F48BEA82-A834-40A1-A3E3-EE7E9969ACB7}
		{1A39EA94-3A3C-4C3C-8DC5-AF21268A3C1B} = {F48BEA82-A834-40A1-A3E3-EE7E9969ACB7}
		{B1606F2F-DA6A-400D-9313-F7822D326931} = {F48BEA82-A834-40A1-A3E3-EE7E9969ACB7}
		{C9FA7474-8407-4C32-A946-DF47591FCC89} = {F48BEA82-A834-40A1-A3E3-EE7E9969ACB7}
		{667B05AE-CF79-4A4B-B9F8-DCC0999A729B} = {F48BEA82-A834-40A1-A3E3-EE7E9969ACB7}
		{F9A0B560-A8BF-4914-88FB-7D98DF4242EF} = {EA2F2634-F0F2-4F42-8D43-627BBAAA012C}
		{5DEEE833-95C4-4D28-AAA7-E281FF1569D8} = {EA2F2634-F0F2-4F42-8D43-627BBAAA012C}
	EndGlobalSection
EndGlobal
