
Microsoft Visual Studio Solution File, Format Version 11.00
# Visual Studio 2010
Project("{FAE04EC0-301F-11D3-BF4B-00C04F79EFBC}") = "Ncqrs", "..\Externals\Framework\src\Ncqrs\Ncqrs.csproj", "{01F84441-80D3-49B4-AB18-96894ACB2F90}"
EndProject
Project("{FAE04EC0-301F-11D3-BF4B-00C04F79EFBC}") = "Ncqrs.Spec", "..\Externals\Framework\src\Ncqrs.Spec\Ncqrs.Spec.csproj", "{AA90754B-CA47-429E-BDC8-2A83E94179B7}"
EndProject
Project("{FAE04EC0-301F-11D3-BF4B-00C04F79EFBC}") = "Ncqrs.Tests", "..\Externals\Framework\src\Ncqrs.Tests\Ncqrs.Tests.csproj", "{50E98525-806C-41E3-9366-D36B1CD936D0}"
EndProject
Project("{FAE04EC0-301F-11D3-BF4B-00C04F79EFBC}") = "Core.CAPI", "..\RavenQuestionnaire.Web\Core.CAPI\Core.CAPI.csproj", "{C71E88E7-10A1-40FB-A789-E1FF2F0687D4}"
EndProject
Project("{FAE04EC0-301F-11D3-BF4B-00C04F79EFBC}") = "Core.CAPI.Tests", "..\RavenQuestionnaire.Web\Core.CAPI.Tests\Core.CAPI.Tests.csproj", "{FD52AF46-2A79-4CA1-BFC0-FA4BB95C1A87}"
EndProject
Project("{FAE04EC0-301F-11D3-BF4B-00C04F79EFBC}") = "NCalc", "..\ExpressionEvaluator\Evaluant.Calculator\NCalc.csproj", "{5F014003-50D8-49E0-8AFE-91D38DCCC97C}"
EndProject
Project("{FAE04EC0-301F-11D3-BF4B-00C04F79EFBC}") = "NCalc.Tests", "..\ExpressionEvaluator\Evaluant.Calculator.Tests\NCalc.Tests.csproj", "{F8E5E800-F842-4F84-A0C6-B3E1E5DB2BB4}"
EndProject
Project("{FAE04EC0-301F-11D3-BF4B-00C04F79EFBC}") = "Main.Core", "..\RavenQuestionnaire.Web\Main.Core\Main.Core.csproj", "{8332BCD2-DC58-466E-8D80-5BCB1FACCD6C}"
EndProject
Project("{FAE04EC0-301F-11D3-BF4B-00C04F79EFBC}") = "Main.Core.Tests", "..\RavenQuestionnaire.Web\Main.Core.Tests\Main.Core.Tests.csproj", "{ABD380D9-B4F3-410F-AF37-3635B6C5449C}"
EndProject
Project("{FAE04EC0-301F-11D3-BF4B-00C04F79EFBC}") = "AndroidApp", "AndroidApp\AndroidApp.csproj", "{FC6CE152-DDAE-4F56-91EB-7389A79386F2}"
EndProject
Project("{FAE04EC0-301F-11D3-BF4B-00C04F79EFBC}") = "Ncqrs.Restoring.EventStapshoot", "..\RavenQuestionnaire.Web\Ncqrs.Restoring.EventStapshoot\Ncqrs.Restoring.EventStapshoot.csproj", "{7598C70B-5772-4ED5-81DE-C0D7718BC164}"
EndProject
Project("{FAE04EC0-301F-11D3-BF4B-00C04F79EFBC}") = "Ncqrs.Restoring.EventStapshoot.test", "..\RavenQuestionnaire.Web\Ncqrs.Restoring.EventStapshoot.test\Ncqrs.Restoring.EventStapshoot.test.csproj", "{2719C23D-0A12-4E5B-B4DC-99CDBF413937}"
EndProject
Project("{FAE04EC0-301F-11D3-BF4B-00C04F79EFBC}") = "AndroidNCalc", "AndroidNCalc\AndroidNCalc.csproj", "{F0476C33-6F4F-4524-9CEA-37E87D55E67E}"
EndProject
Project("{2150E333-8FDC-42A3-9474-1A3956D46DE8}") = "AndroidFolders", "AndroidFolders", "{8A5C980E-E845-4EC9-A2B7-17539680186B}"
EndProject
Project("{2150E333-8FDC-42A3-9474-1A3956D46DE8}") = "OriginalSources", "OriginalSources", "{5E71E49B-22B9-403A-9429-C1EECAC64089}"
EndProject
Project("{FAE04EC0-301F-11D3-BF4B-00C04F79EFBC}") = "NUnitLite.MonoDroid", "NUnitLite.MonoDroid\NUnitLite.MonoDroid.csproj", "{26327C81-7655-443D-9E04-443AC07BD6CC}"
EndProject
Project("{FAE04EC0-301F-11D3-BF4B-00C04F79EFBC}") = "NUnitLite.MonoDroid.Runner", "NUnitLite.MonoDroid.Runner\NUnitLite.MonoDroid.Runner.csproj", "{7E10B3F0-F646-43E1-A301-04FB8FE7B81B}"
EndProject
Project("{2150E333-8FDC-42A3-9474-1A3956D46DE8}") = "NUnit", "NUnit", "{DC07E0FF-CCA1-49BE-AB98-C4AA9D164F6B}"
EndProject
Project("{FAE04EC0-301F-11D3-BF4B-00C04F79EFBC}") = "AndroidNcalc.Tests", "AndroidNcalc.Tests\AndroidNcalc.Tests.csproj", "{94FEE368-8408-43CC-97F4-874D5DF41EE1}"
EndProject
Project("{FAE04EC0-301F-11D3-BF4B-00C04F79EFBC}") = "AndroidAntlr3.Runtime", "AndroidAntlr3.Runtime\AndroidAntlr3.Runtime.csproj", "{8237C4D5-6F0E-4DE4-B145-F471D49EBAAC}"
EndProject
Project("{FAE04EC0-301F-11D3-BF4B-00C04F79EFBC}") = "AndroidNCQRS", "AndroidNCQRS\AndroidNCQRS.csproj", "{1B9537F5-8650-467A-A280-DF6EA396D6C5}"
EndProject
Project("{FAE04EC0-301F-11D3-BF4B-00C04F79EFBC}") = "Newtonsoft.Json.MonoDroid", "Newtonsoft.Json\Newtonsoft.Json.MonoDroid.csproj", "{E6C3413C-919B-486D-8B6C-225CBD921B98}"
EndProject
Project("{FAE04EC0-301F-11D3-BF4B-00C04F79EFBC}") = "AndroidFluentAssertions", "AndroidFluentAssertions\AndroidFluentAssertions.csproj", "{667B05AE-CF79-4A4B-B9F8-DCC0999A729B}"
EndProject
Project("{FAE04EC0-301F-11D3-BF4B-00C04F79EFBC}") = "AndroidNcqrs.Spec", "AndroidNcqrs.Spec\AndroidNcqrs.Spec.csproj", "{C500A144-E8B6-41C1-8776-DC468E1D4889}"
EndProject
Project("{FAE04EC0-301F-11D3-BF4B-00C04F79EFBC}") = "AndroidNcqrs.Tests", "AndroidNcqrs.Tests\AndroidNcqrs.Tests.csproj", "{B1AA86AF-1FFA-4D20-B612-D7C119635438}"
EndProject
Project("{2150E333-8FDC-42A3-9474-1A3956D46DE8}") = "Adds", "Adds", "{F48BEA82-A834-40A1-A3E3-EE7E9969ACB7}"
EndProject
Project("{FAE04EC0-301F-11D3-BF4B-00C04F79EFBC}") = "AndroidNcqrs.Restoring.EventStapshoot", "AndroidNcqrs.Restoring.EventStapshoot\AndroidNcqrs.Restoring.EventStapshoot.csproj", "{30BE60C9-980F-40E1-A8FD-C2A5959827D3}"
EndProject
Project("{FAE04EC0-301F-11D3-BF4B-00C04F79EFBC}") = "AndroidNcqrs.Restoring.EventStapshoot.test", "AndroidNcqrs.Restoring.EventStapshoot.test\AndroidNcqrs.Restoring.EventStapshoot.test.csproj", "{BE8EA87E-8A03-4449-9715-1C5FF5FBDCB5}"
EndProject
Project("{FAE04EC0-301F-11D3-BF4B-00C04F79EFBC}") = "AndroidMocks", "AndroidMocks\AndroidMocks.csproj", "{F031C01E-7159-4ABC-A77C-0CE3930BE187}"
EndProject
Project("{FAE04EC0-301F-11D3-BF4B-00C04F79EFBC}") = "AndroidNcqrs.Tests.Runner", "AndroidNcqrs.Tests.Runner\AndroidNcqrs.Tests.Runner.csproj", "{15F83817-1405-42FE-B0B4-9A663851CC98}"
EndProject
Project("{FAE04EC0-301F-11D3-BF4B-00C04F79EFBC}") = "AndroidMain.Core", "AndroidMain.Core\AndroidMain.Core.csproj", "{6B9B6AB7-8858-49A3-A44A-4B56EE31C12C}"
EndProject
Project("{FAE04EC0-301F-11D3-BF4B-00C04F79EFBC}") = "AndroidNinject", "AndroidNinject\AndroidNinject.csproj", "{DC128FDF-0F94-4B63-B79E-DDD02E5E1F0F}"
EndProject
Project("{FAE04EC0-301F-11D3-BF4B-00C04F79EFBC}") = "AndroidLogger", "AndroidLogger\AndroidLogger.csproj", "{2DA6C60D-CB06-40B4-91AF-A903451E3DB4}"
EndProject
Project("{2150E333-8FDC-42A3-9474-1A3956D46DE8}") = "Ninject", "Ninject", "{904EFC64-D88F-4776-A26A-E24A23E2C4A2}"
EndProject
Project("{FAE04EC0-301F-11D3-BF4B-00C04F79EFBC}") = "AndroidNinject.Extensions.Factory", "AndroidNinject.Extensions.Factory\AndroidNinject.Extensions.Factory.csproj", "{1A39EA94-3A3C-4C3C-8DC5-AF21268A3C1B}"
EndProject
Project("{FAE04EC0-301F-11D3-BF4B-00C04F79EFBC}") = "AndroidNinject.Extensions.Conventions", "AndroidNinject.Extensions.Conventions\AndroidNinject.Extensions.Conventions.csproj", "{E21BC003-84B5-41BE-928C-75874418ACD2}"
EndProject
Project("{FAE04EC0-301F-11D3-BF4B-00C04F79EFBC}") = "AndroidCore.Capi", "AndroidCore.Capi\AndroidCore.Capi.csproj", "{ED790AED-465E-4787-A9A3-8380229E0470}"
EndProject
Global
	GlobalSection(SolutionConfigurationPlatforms) = preSolution
		Debug|Any CPU = Debug|Any CPU
		Deploy-dev|Any CPU = Deploy-dev|Any CPU
		Deploy-devKh|Any CPU = Deploy-devKh|Any CPU
		Deploy-Main|Any CPU = Deploy-Main|Any CPU
		Release|Any CPU = Release|Any CPU
	EndGlobalSection
	GlobalSection(ProjectConfigurationPlatforms) = postSolution
		{01F84441-80D3-49B4-AB18-96894ACB2F90}.Debug|Any CPU.ActiveCfg = Debug|Any CPU
		{01F84441-80D3-49B4-AB18-96894ACB2F90}.Debug|Any CPU.Build.0 = Debug|Any CPU
		{01F84441-80D3-49B4-AB18-96894ACB2F90}.Deploy-dev|Any CPU.ActiveCfg = Debug|Any CPU
		{01F84441-80D3-49B4-AB18-96894ACB2F90}.Deploy-dev|Any CPU.Build.0 = Debug|Any CPU
		{01F84441-80D3-49B4-AB18-96894ACB2F90}.Deploy-devKh|Any CPU.ActiveCfg = Debug|Any CPU
		{01F84441-80D3-49B4-AB18-96894ACB2F90}.Deploy-devKh|Any CPU.Build.0 = Debug|Any CPU
		{01F84441-80D3-49B4-AB18-96894ACB2F90}.Deploy-Main|Any CPU.ActiveCfg = Debug|Any CPU
		{01F84441-80D3-49B4-AB18-96894ACB2F90}.Deploy-Main|Any CPU.Build.0 = Debug|Any CPU
		{01F84441-80D3-49B4-AB18-96894ACB2F90}.Release|Any CPU.ActiveCfg = Release|Any CPU
		{01F84441-80D3-49B4-AB18-96894ACB2F90}.Release|Any CPU.Build.0 = Release|Any CPU
		{AA90754B-CA47-429E-BDC8-2A83E94179B7}.Debug|Any CPU.ActiveCfg = Debug|Any CPU
		{AA90754B-CA47-429E-BDC8-2A83E94179B7}.Debug|Any CPU.Build.0 = Debug|Any CPU
		{AA90754B-CA47-429E-BDC8-2A83E94179B7}.Deploy-dev|Any CPU.ActiveCfg = Debug|Any CPU
		{AA90754B-CA47-429E-BDC8-2A83E94179B7}.Deploy-dev|Any CPU.Build.0 = Debug|Any CPU
		{AA90754B-CA47-429E-BDC8-2A83E94179B7}.Deploy-devKh|Any CPU.ActiveCfg = Debug|Any CPU
		{AA90754B-CA47-429E-BDC8-2A83E94179B7}.Deploy-devKh|Any CPU.Build.0 = Debug|Any CPU
		{AA90754B-CA47-429E-BDC8-2A83E94179B7}.Deploy-Main|Any CPU.ActiveCfg = Debug|Any CPU
		{AA90754B-CA47-429E-BDC8-2A83E94179B7}.Deploy-Main|Any CPU.Build.0 = Debug|Any CPU
		{AA90754B-CA47-429E-BDC8-2A83E94179B7}.Release|Any CPU.ActiveCfg = Release|Any CPU
		{AA90754B-CA47-429E-BDC8-2A83E94179B7}.Release|Any CPU.Build.0 = Release|Any CPU
		{50E98525-806C-41E3-9366-D36B1CD936D0}.Debug|Any CPU.ActiveCfg = Debug|Any CPU
		{50E98525-806C-41E3-9366-D36B1CD936D0}.Debug|Any CPU.Build.0 = Debug|Any CPU
		{50E98525-806C-41E3-9366-D36B1CD936D0}.Deploy-dev|Any CPU.ActiveCfg = Debug|Any CPU
		{50E98525-806C-41E3-9366-D36B1CD936D0}.Deploy-dev|Any CPU.Build.0 = Debug|Any CPU
		{50E98525-806C-41E3-9366-D36B1CD936D0}.Deploy-devKh|Any CPU.ActiveCfg = Debug|Any CPU
		{50E98525-806C-41E3-9366-D36B1CD936D0}.Deploy-devKh|Any CPU.Build.0 = Debug|Any CPU
		{50E98525-806C-41E3-9366-D36B1CD936D0}.Deploy-Main|Any CPU.ActiveCfg = Debug|Any CPU
		{50E98525-806C-41E3-9366-D36B1CD936D0}.Deploy-Main|Any CPU.Build.0 = Debug|Any CPU
		{50E98525-806C-41E3-9366-D36B1CD936D0}.Release|Any CPU.ActiveCfg = Release|Any CPU
		{50E98525-806C-41E3-9366-D36B1CD936D0}.Release|Any CPU.Build.0 = Release|Any CPU
		{C71E88E7-10A1-40FB-A789-E1FF2F0687D4}.Debug|Any CPU.ActiveCfg = Debug|Any CPU
		{C71E88E7-10A1-40FB-A789-E1FF2F0687D4}.Debug|Any CPU.Build.0 = Debug|Any CPU
		{C71E88E7-10A1-40FB-A789-E1FF2F0687D4}.Deploy-dev|Any CPU.ActiveCfg = Deploy-dev|Any CPU
		{C71E88E7-10A1-40FB-A789-E1FF2F0687D4}.Deploy-dev|Any CPU.Build.0 = Deploy-dev|Any CPU
		{C71E88E7-10A1-40FB-A789-E1FF2F0687D4}.Deploy-devKh|Any CPU.ActiveCfg = Deploy-dev|Any CPU
		{C71E88E7-10A1-40FB-A789-E1FF2F0687D4}.Deploy-devKh|Any CPU.Build.0 = Deploy-dev|Any CPU
		{C71E88E7-10A1-40FB-A789-E1FF2F0687D4}.Deploy-Main|Any CPU.ActiveCfg = Deploy-dev|Any CPU
		{C71E88E7-10A1-40FB-A789-E1FF2F0687D4}.Deploy-Main|Any CPU.Build.0 = Deploy-dev|Any CPU
		{C71E88E7-10A1-40FB-A789-E1FF2F0687D4}.Release|Any CPU.ActiveCfg = Release|Any CPU
		{C71E88E7-10A1-40FB-A789-E1FF2F0687D4}.Release|Any CPU.Build.0 = Release|Any CPU
		{FD52AF46-2A79-4CA1-BFC0-FA4BB95C1A87}.Debug|Any CPU.ActiveCfg = Debug|Any CPU
		{FD52AF46-2A79-4CA1-BFC0-FA4BB95C1A87}.Debug|Any CPU.Build.0 = Debug|Any CPU
		{FD52AF46-2A79-4CA1-BFC0-FA4BB95C1A87}.Deploy-dev|Any CPU.ActiveCfg = Debug|Any CPU
		{FD52AF46-2A79-4CA1-BFC0-FA4BB95C1A87}.Deploy-dev|Any CPU.Build.0 = Debug|Any CPU
		{FD52AF46-2A79-4CA1-BFC0-FA4BB95C1A87}.Deploy-devKh|Any CPU.ActiveCfg = Debug|Any CPU
		{FD52AF46-2A79-4CA1-BFC0-FA4BB95C1A87}.Deploy-devKh|Any CPU.Build.0 = Debug|Any CPU
		{FD52AF46-2A79-4CA1-BFC0-FA4BB95C1A87}.Deploy-Main|Any CPU.ActiveCfg = Debug|Any CPU
		{FD52AF46-2A79-4CA1-BFC0-FA4BB95C1A87}.Deploy-Main|Any CPU.Build.0 = Debug|Any CPU
		{FD52AF46-2A79-4CA1-BFC0-FA4BB95C1A87}.Release|Any CPU.ActiveCfg = Release|Any CPU
		{FD52AF46-2A79-4CA1-BFC0-FA4BB95C1A87}.Release|Any CPU.Build.0 = Release|Any CPU
		{5F014003-50D8-49E0-8AFE-91D38DCCC97C}.Debug|Any CPU.ActiveCfg = Debug|Any CPU
		{5F014003-50D8-49E0-8AFE-91D38DCCC97C}.Debug|Any CPU.Build.0 = Debug|Any CPU
		{5F014003-50D8-49E0-8AFE-91D38DCCC97C}.Deploy-dev|Any CPU.ActiveCfg = Deploy-dev|Any CPU
		{5F014003-50D8-49E0-8AFE-91D38DCCC97C}.Deploy-dev|Any CPU.Build.0 = Deploy-dev|Any CPU
		{5F014003-50D8-49E0-8AFE-91D38DCCC97C}.Deploy-devKh|Any CPU.ActiveCfg = Deploy-devKh|Any CPU
		{5F014003-50D8-49E0-8AFE-91D38DCCC97C}.Deploy-devKh|Any CPU.Build.0 = Deploy-devKh|Any CPU
		{5F014003-50D8-49E0-8AFE-91D38DCCC97C}.Deploy-Main|Any CPU.ActiveCfg = Deploy-Main|Any CPU
		{5F014003-50D8-49E0-8AFE-91D38DCCC97C}.Deploy-Main|Any CPU.Build.0 = Deploy-Main|Any CPU
		{5F014003-50D8-49E0-8AFE-91D38DCCC97C}.Release|Any CPU.ActiveCfg = Release|Any CPU
		{5F014003-50D8-49E0-8AFE-91D38DCCC97C}.Release|Any CPU.Build.0 = Release|Any CPU
		{F8E5E800-F842-4F84-A0C6-B3E1E5DB2BB4}.Debug|Any CPU.ActiveCfg = Debug|Any CPU
		{F8E5E800-F842-4F84-A0C6-B3E1E5DB2BB4}.Debug|Any CPU.Build.0 = Debug|Any CPU
		{F8E5E800-F842-4F84-A0C6-B3E1E5DB2BB4}.Deploy-dev|Any CPU.ActiveCfg = Deploy-dev|Any CPU
		{F8E5E800-F842-4F84-A0C6-B3E1E5DB2BB4}.Deploy-dev|Any CPU.Build.0 = Deploy-dev|Any CPU
		{F8E5E800-F842-4F84-A0C6-B3E1E5DB2BB4}.Deploy-devKh|Any CPU.ActiveCfg = Deploy-devKh|Any CPU
		{F8E5E800-F842-4F84-A0C6-B3E1E5DB2BB4}.Deploy-devKh|Any CPU.Build.0 = Deploy-devKh|Any CPU
		{F8E5E800-F842-4F84-A0C6-B3E1E5DB2BB4}.Deploy-Main|Any CPU.ActiveCfg = Deploy-Main|Any CPU
		{F8E5E800-F842-4F84-A0C6-B3E1E5DB2BB4}.Deploy-Main|Any CPU.Build.0 = Deploy-Main|Any CPU
		{F8E5E800-F842-4F84-A0C6-B3E1E5DB2BB4}.Release|Any CPU.ActiveCfg = Release|Any CPU
		{F8E5E800-F842-4F84-A0C6-B3E1E5DB2BB4}.Release|Any CPU.Build.0 = Release|Any CPU
		{8332BCD2-DC58-466E-8D80-5BCB1FACCD6C}.Debug|Any CPU.ActiveCfg = Debug|Any CPU
		{8332BCD2-DC58-466E-8D80-5BCB1FACCD6C}.Debug|Any CPU.Build.0 = Debug|Any CPU
		{8332BCD2-DC58-466E-8D80-5BCB1FACCD6C}.Deploy-dev|Any CPU.ActiveCfg = Deploy-dev|Any CPU
		{8332BCD2-DC58-466E-8D80-5BCB1FACCD6C}.Deploy-dev|Any CPU.Build.0 = Deploy-dev|Any CPU
		{8332BCD2-DC58-466E-8D80-5BCB1FACCD6C}.Deploy-devKh|Any CPU.ActiveCfg = Deploy-devKh|Any CPU
		{8332BCD2-DC58-466E-8D80-5BCB1FACCD6C}.Deploy-devKh|Any CPU.Build.0 = Deploy-devKh|Any CPU
		{8332BCD2-DC58-466E-8D80-5BCB1FACCD6C}.Deploy-Main|Any CPU.ActiveCfg = Deploy-devKh|Any CPU
		{8332BCD2-DC58-466E-8D80-5BCB1FACCD6C}.Deploy-Main|Any CPU.Build.0 = Deploy-devKh|Any CPU
		{8332BCD2-DC58-466E-8D80-5BCB1FACCD6C}.Release|Any CPU.ActiveCfg = Release|Any CPU
		{8332BCD2-DC58-466E-8D80-5BCB1FACCD6C}.Release|Any CPU.Build.0 = Release|Any CPU
		{ABD380D9-B4F3-410F-AF37-3635B6C5449C}.Debug|Any CPU.ActiveCfg = Debug|Any CPU
		{ABD380D9-B4F3-410F-AF37-3635B6C5449C}.Debug|Any CPU.Build.0 = Debug|Any CPU
		{ABD380D9-B4F3-410F-AF37-3635B6C5449C}.Deploy-dev|Any CPU.ActiveCfg = Deploy-dev|Any CPU
		{ABD380D9-B4F3-410F-AF37-3635B6C5449C}.Deploy-dev|Any CPU.Build.0 = Deploy-dev|Any CPU
		{ABD380D9-B4F3-410F-AF37-3635B6C5449C}.Deploy-devKh|Any CPU.ActiveCfg = Deploy-devKh|Any CPU
		{ABD380D9-B4F3-410F-AF37-3635B6C5449C}.Deploy-devKh|Any CPU.Build.0 = Deploy-devKh|Any CPU
		{ABD380D9-B4F3-410F-AF37-3635B6C5449C}.Deploy-Main|Any CPU.ActiveCfg = Deploy-devKh|Any CPU
		{ABD380D9-B4F3-410F-AF37-3635B6C5449C}.Deploy-Main|Any CPU.Build.0 = Deploy-devKh|Any CPU
		{ABD380D9-B4F3-410F-AF37-3635B6C5449C}.Release|Any CPU.ActiveCfg = Release|Any CPU
		{ABD380D9-B4F3-410F-AF37-3635B6C5449C}.Release|Any CPU.Build.0 = Release|Any CPU
		{FC6CE152-DDAE-4F56-91EB-7389A79386F2}.Debug|Any CPU.ActiveCfg = Debug|Any CPU
		{FC6CE152-DDAE-4F56-91EB-7389A79386F2}.Deploy-dev|Any CPU.ActiveCfg = Debug|Any CPU
		{FC6CE152-DDAE-4F56-91EB-7389A79386F2}.Deploy-dev|Any CPU.Build.0 = Debug|Any CPU
		{FC6CE152-DDAE-4F56-91EB-7389A79386F2}.Deploy-dev|Any CPU.Deploy.0 = Debug|Any CPU
		{FC6CE152-DDAE-4F56-91EB-7389A79386F2}.Deploy-devKh|Any CPU.ActiveCfg = Debug|Any CPU
		{FC6CE152-DDAE-4F56-91EB-7389A79386F2}.Deploy-devKh|Any CPU.Build.0 = Debug|Any CPU
		{FC6CE152-DDAE-4F56-91EB-7389A79386F2}.Deploy-devKh|Any CPU.Deploy.0 = Debug|Any CPU
		{FC6CE152-DDAE-4F56-91EB-7389A79386F2}.Deploy-Main|Any CPU.ActiveCfg = Debug|Any CPU
		{FC6CE152-DDAE-4F56-91EB-7389A79386F2}.Deploy-Main|Any CPU.Build.0 = Debug|Any CPU
		{FC6CE152-DDAE-4F56-91EB-7389A79386F2}.Deploy-Main|Any CPU.Deploy.0 = Debug|Any CPU
		{FC6CE152-DDAE-4F56-91EB-7389A79386F2}.Release|Any CPU.ActiveCfg = Release|Any CPU
		{FC6CE152-DDAE-4F56-91EB-7389A79386F2}.Release|Any CPU.Build.0 = Release|Any CPU
		{FC6CE152-DDAE-4F56-91EB-7389A79386F2}.Release|Any CPU.Deploy.0 = Release|Any CPU
		{7598C70B-5772-4ED5-81DE-C0D7718BC164}.Debug|Any CPU.ActiveCfg = Debug|Any CPU
		{7598C70B-5772-4ED5-81DE-C0D7718BC164}.Debug|Any CPU.Build.0 = Debug|Any CPU
		{7598C70B-5772-4ED5-81DE-C0D7718BC164}.Deploy-dev|Any CPU.ActiveCfg = Debug|Any CPU
		{7598C70B-5772-4ED5-81DE-C0D7718BC164}.Deploy-dev|Any CPU.Build.0 = Debug|Any CPU
		{7598C70B-5772-4ED5-81DE-C0D7718BC164}.Deploy-devKh|Any CPU.ActiveCfg = Debug|Any CPU
		{7598C70B-5772-4ED5-81DE-C0D7718BC164}.Deploy-devKh|Any CPU.Build.0 = Debug|Any CPU
		{7598C70B-5772-4ED5-81DE-C0D7718BC164}.Deploy-Main|Any CPU.ActiveCfg = Debug|Any CPU
		{7598C70B-5772-4ED5-81DE-C0D7718BC164}.Deploy-Main|Any CPU.Build.0 = Debug|Any CPU
		{7598C70B-5772-4ED5-81DE-C0D7718BC164}.Release|Any CPU.ActiveCfg = Release|Any CPU
		{7598C70B-5772-4ED5-81DE-C0D7718BC164}.Release|Any CPU.Build.0 = Release|Any CPU
		{2719C23D-0A12-4E5B-B4DC-99CDBF413937}.Debug|Any CPU.ActiveCfg = Debug|Any CPU
		{2719C23D-0A12-4E5B-B4DC-99CDBF413937}.Debug|Any CPU.Build.0 = Debug|Any CPU
		{2719C23D-0A12-4E5B-B4DC-99CDBF413937}.Deploy-dev|Any CPU.ActiveCfg = Debug|Any CPU
		{2719C23D-0A12-4E5B-B4DC-99CDBF413937}.Deploy-dev|Any CPU.Build.0 = Debug|Any CPU
		{2719C23D-0A12-4E5B-B4DC-99CDBF413937}.Deploy-devKh|Any CPU.ActiveCfg = Debug|Any CPU
		{2719C23D-0A12-4E5B-B4DC-99CDBF413937}.Deploy-devKh|Any CPU.Build.0 = Debug|Any CPU
		{2719C23D-0A12-4E5B-B4DC-99CDBF413937}.Deploy-Main|Any CPU.ActiveCfg = Debug|Any CPU
		{2719C23D-0A12-4E5B-B4DC-99CDBF413937}.Deploy-Main|Any CPU.Build.0 = Debug|Any CPU
		{2719C23D-0A12-4E5B-B4DC-99CDBF413937}.Release|Any CPU.ActiveCfg = Release|Any CPU
		{2719C23D-0A12-4E5B-B4DC-99CDBF413937}.Release|Any CPU.Build.0 = Release|Any CPU
		{F0476C33-6F4F-4524-9CEA-37E87D55E67E}.Debug|Any CPU.ActiveCfg = Debug|Any CPU
		{F0476C33-6F4F-4524-9CEA-37E87D55E67E}.Debug|Any CPU.Build.0 = Debug|Any CPU
		{F0476C33-6F4F-4524-9CEA-37E87D55E67E}.Deploy-dev|Any CPU.ActiveCfg = Debug|Any CPU
		{F0476C33-6F4F-4524-9CEA-37E87D55E67E}.Deploy-dev|Any CPU.Build.0 = Debug|Any CPU
		{F0476C33-6F4F-4524-9CEA-37E87D55E67E}.Deploy-devKh|Any CPU.ActiveCfg = Debug|Any CPU
		{F0476C33-6F4F-4524-9CEA-37E87D55E67E}.Deploy-devKh|Any CPU.Build.0 = Debug|Any CPU
		{F0476C33-6F4F-4524-9CEA-37E87D55E67E}.Deploy-Main|Any CPU.ActiveCfg = Debug|Any CPU
		{F0476C33-6F4F-4524-9CEA-37E87D55E67E}.Deploy-Main|Any CPU.Build.0 = Debug|Any CPU
		{F0476C33-6F4F-4524-9CEA-37E87D55E67E}.Release|Any CPU.ActiveCfg = Release|Any CPU
		{F0476C33-6F4F-4524-9CEA-37E87D55E67E}.Release|Any CPU.Build.0 = Release|Any CPU
		{26327C81-7655-443D-9E04-443AC07BD6CC}.Debug|Any CPU.ActiveCfg = Debug|Any CPU
		{26327C81-7655-443D-9E04-443AC07BD6CC}.Debug|Any CPU.Build.0 = Debug|Any CPU
		{26327C81-7655-443D-9E04-443AC07BD6CC}.Deploy-dev|Any CPU.ActiveCfg = Debug|Any CPU
		{26327C81-7655-443D-9E04-443AC07BD6CC}.Deploy-dev|Any CPU.Build.0 = Debug|Any CPU
		{26327C81-7655-443D-9E04-443AC07BD6CC}.Deploy-devKh|Any CPU.ActiveCfg = Debug|Any CPU
		{26327C81-7655-443D-9E04-443AC07BD6CC}.Deploy-devKh|Any CPU.Build.0 = Debug|Any CPU
		{26327C81-7655-443D-9E04-443AC07BD6CC}.Deploy-Main|Any CPU.ActiveCfg = Debug|Any CPU
		{26327C81-7655-443D-9E04-443AC07BD6CC}.Deploy-Main|Any CPU.Build.0 = Debug|Any CPU
		{26327C81-7655-443D-9E04-443AC07BD6CC}.Release|Any CPU.ActiveCfg = Release|Any CPU
		{26327C81-7655-443D-9E04-443AC07BD6CC}.Release|Any CPU.Build.0 = Release|Any CPU
		{7E10B3F0-F646-43E1-A301-04FB8FE7B81B}.Debug|Any CPU.ActiveCfg = Debug|Any CPU
		{7E10B3F0-F646-43E1-A301-04FB8FE7B81B}.Debug|Any CPU.Build.0 = Debug|Any CPU
		{7E10B3F0-F646-43E1-A301-04FB8FE7B81B}.Deploy-dev|Any CPU.ActiveCfg = Debug|Any CPU
		{7E10B3F0-F646-43E1-A301-04FB8FE7B81B}.Deploy-dev|Any CPU.Build.0 = Debug|Any CPU
		{7E10B3F0-F646-43E1-A301-04FB8FE7B81B}.Deploy-devKh|Any CPU.ActiveCfg = Debug|Any CPU
		{7E10B3F0-F646-43E1-A301-04FB8FE7B81B}.Deploy-devKh|Any CPU.Build.0 = Debug|Any CPU
		{7E10B3F0-F646-43E1-A301-04FB8FE7B81B}.Deploy-Main|Any CPU.ActiveCfg = Debug|Any CPU
		{7E10B3F0-F646-43E1-A301-04FB8FE7B81B}.Deploy-Main|Any CPU.Build.0 = Debug|Any CPU
		{7E10B3F0-F646-43E1-A301-04FB8FE7B81B}.Release|Any CPU.ActiveCfg = Release|Any CPU
		{7E10B3F0-F646-43E1-A301-04FB8FE7B81B}.Release|Any CPU.Build.0 = Release|Any CPU
		{94FEE368-8408-43CC-97F4-874D5DF41EE1}.Debug|Any CPU.ActiveCfg = Debug|Any CPU
		{94FEE368-8408-43CC-97F4-874D5DF41EE1}.Debug|Any CPU.Build.0 = Debug|Any CPU
		{94FEE368-8408-43CC-97F4-874D5DF41EE1}.Debug|Any CPU.Deploy.0 = Debug|Any CPU
		{94FEE368-8408-43CC-97F4-874D5DF41EE1}.Deploy-dev|Any CPU.ActiveCfg = Debug|Any CPU
		{94FEE368-8408-43CC-97F4-874D5DF41EE1}.Deploy-dev|Any CPU.Build.0 = Debug|Any CPU
		{94FEE368-8408-43CC-97F4-874D5DF41EE1}.Deploy-dev|Any CPU.Deploy.0 = Debug|Any CPU
		{94FEE368-8408-43CC-97F4-874D5DF41EE1}.Deploy-devKh|Any CPU.ActiveCfg = Debug|Any CPU
		{94FEE368-8408-43CC-97F4-874D5DF41EE1}.Deploy-devKh|Any CPU.Build.0 = Debug|Any CPU
		{94FEE368-8408-43CC-97F4-874D5DF41EE1}.Deploy-devKh|Any CPU.Deploy.0 = Debug|Any CPU
		{94FEE368-8408-43CC-97F4-874D5DF41EE1}.Deploy-Main|Any CPU.ActiveCfg = Debug|Any CPU
		{94FEE368-8408-43CC-97F4-874D5DF41EE1}.Deploy-Main|Any CPU.Build.0 = Debug|Any CPU
		{94FEE368-8408-43CC-97F4-874D5DF41EE1}.Deploy-Main|Any CPU.Deploy.0 = Debug|Any CPU
		{94FEE368-8408-43CC-97F4-874D5DF41EE1}.Release|Any CPU.ActiveCfg = Release|Any CPU
		{94FEE368-8408-43CC-97F4-874D5DF41EE1}.Release|Any CPU.Build.0 = Release|Any CPU
		{94FEE368-8408-43CC-97F4-874D5DF41EE1}.Release|Any CPU.Deploy.0 = Release|Any CPU
		{8237C4D5-6F0E-4DE4-B145-F471D49EBAAC}.Debug|Any CPU.ActiveCfg = Debug|Any CPU
		{8237C4D5-6F0E-4DE4-B145-F471D49EBAAC}.Debug|Any CPU.Build.0 = Debug|Any CPU
		{8237C4D5-6F0E-4DE4-B145-F471D49EBAAC}.Deploy-dev|Any CPU.ActiveCfg = Debug|Any CPU
		{8237C4D5-6F0E-4DE4-B145-F471D49EBAAC}.Deploy-dev|Any CPU.Build.0 = Debug|Any CPU
		{8237C4D5-6F0E-4DE4-B145-F471D49EBAAC}.Deploy-devKh|Any CPU.ActiveCfg = Debug|Any CPU
		{8237C4D5-6F0E-4DE4-B145-F471D49EBAAC}.Deploy-devKh|Any CPU.Build.0 = Debug|Any CPU
		{8237C4D5-6F0E-4DE4-B145-F471D49EBAAC}.Deploy-Main|Any CPU.ActiveCfg = Debug|Any CPU
		{8237C4D5-6F0E-4DE4-B145-F471D49EBAAC}.Deploy-Main|Any CPU.Build.0 = Debug|Any CPU
		{8237C4D5-6F0E-4DE4-B145-F471D49EBAAC}.Release|Any CPU.ActiveCfg = Release|Any CPU
		{8237C4D5-6F0E-4DE4-B145-F471D49EBAAC}.Release|Any CPU.Build.0 = Release|Any CPU
		{1B9537F5-8650-467A-A280-DF6EA396D6C5}.Debug|Any CPU.ActiveCfg = Debug|Any CPU
		{1B9537F5-8650-467A-A280-DF6EA396D6C5}.Debug|Any CPU.Build.0 = Debug|Any CPU
		{1B9537F5-8650-467A-A280-DF6EA396D6C5}.Deploy-dev|Any CPU.ActiveCfg = Debug|Any CPU
		{1B9537F5-8650-467A-A280-DF6EA396D6C5}.Deploy-dev|Any CPU.Build.0 = Debug|Any CPU
		{1B9537F5-8650-467A-A280-DF6EA396D6C5}.Deploy-devKh|Any CPU.ActiveCfg = Debug|Any CPU
		{1B9537F5-8650-467A-A280-DF6EA396D6C5}.Deploy-devKh|Any CPU.Build.0 = Debug|Any CPU
		{1B9537F5-8650-467A-A280-DF6EA396D6C5}.Deploy-Main|Any CPU.ActiveCfg = Debug|Any CPU
		{1B9537F5-8650-467A-A280-DF6EA396D6C5}.Deploy-Main|Any CPU.Build.0 = Debug|Any CPU
		{1B9537F5-8650-467A-A280-DF6EA396D6C5}.Release|Any CPU.ActiveCfg = Release|Any CPU
		{1B9537F5-8650-467A-A280-DF6EA396D6C5}.Release|Any CPU.Build.0 = Release|Any CPU
		{E6C3413C-919B-486D-8B6C-225CBD921B98}.Debug|Any CPU.ActiveCfg = Debug|Any CPU
		{E6C3413C-919B-486D-8B6C-225CBD921B98}.Debug|Any CPU.Build.0 = Debug|Any CPU
		{E6C3413C-919B-486D-8B6C-225CBD921B98}.Deploy-dev|Any CPU.ActiveCfg = Debug|Any CPU
		{E6C3413C-919B-486D-8B6C-225CBD921B98}.Deploy-dev|Any CPU.Build.0 = Debug|Any CPU
		{E6C3413C-919B-486D-8B6C-225CBD921B98}.Deploy-devKh|Any CPU.ActiveCfg = Debug|Any CPU
		{E6C3413C-919B-486D-8B6C-225CBD921B98}.Deploy-devKh|Any CPU.Build.0 = Debug|Any CPU
		{E6C3413C-919B-486D-8B6C-225CBD921B98}.Deploy-Main|Any CPU.ActiveCfg = Debug|Any CPU
		{E6C3413C-919B-486D-8B6C-225CBD921B98}.Deploy-Main|Any CPU.Build.0 = Debug|Any CPU
		{E6C3413C-919B-486D-8B6C-225CBD921B98}.Release|Any CPU.ActiveCfg = Release|Any CPU
		{E6C3413C-919B-486D-8B6C-225CBD921B98}.Release|Any CPU.Build.0 = Release|Any CPU
		{667B05AE-CF79-4A4B-B9F8-DCC0999A729B}.Debug|Any CPU.ActiveCfg = Debug|Any CPU
		{667B05AE-CF79-4A4B-B9F8-DCC0999A729B}.Debug|Any CPU.Build.0 = Debug|Any CPU
		{667B05AE-CF79-4A4B-B9F8-DCC0999A729B}.Deploy-dev|Any CPU.ActiveCfg = Debug|Any CPU
		{667B05AE-CF79-4A4B-B9F8-DCC0999A729B}.Deploy-dev|Any CPU.Build.0 = Debug|Any CPU
		{667B05AE-CF79-4A4B-B9F8-DCC0999A729B}.Deploy-devKh|Any CPU.ActiveCfg = Debug|Any CPU
		{667B05AE-CF79-4A4B-B9F8-DCC0999A729B}.Deploy-devKh|Any CPU.Build.0 = Debug|Any CPU
		{667B05AE-CF79-4A4B-B9F8-DCC0999A729B}.Deploy-Main|Any CPU.ActiveCfg = Debug|Any CPU
		{667B05AE-CF79-4A4B-B9F8-DCC0999A729B}.Deploy-Main|Any CPU.Build.0 = Debug|Any CPU
		{667B05AE-CF79-4A4B-B9F8-DCC0999A729B}.Release|Any CPU.ActiveCfg = Release|Any CPU
		{667B05AE-CF79-4A4B-B9F8-DCC0999A729B}.Release|Any CPU.Build.0 = Release|Any CPU
		{C500A144-E8B6-41C1-8776-DC468E1D4889}.Debug|Any CPU.ActiveCfg = Debug|Any CPU
		{C500A144-E8B6-41C1-8776-DC468E1D4889}.Debug|Any CPU.Build.0 = Debug|Any CPU
		{C500A144-E8B6-41C1-8776-DC468E1D4889}.Deploy-dev|Any CPU.ActiveCfg = Debug|Any CPU
		{C500A144-E8B6-41C1-8776-DC468E1D4889}.Deploy-dev|Any CPU.Build.0 = Debug|Any CPU
		{C500A144-E8B6-41C1-8776-DC468E1D4889}.Deploy-devKh|Any CPU.ActiveCfg = Debug|Any CPU
		{C500A144-E8B6-41C1-8776-DC468E1D4889}.Deploy-devKh|Any CPU.Build.0 = Debug|Any CPU
		{C500A144-E8B6-41C1-8776-DC468E1D4889}.Deploy-Main|Any CPU.ActiveCfg = Debug|Any CPU
		{C500A144-E8B6-41C1-8776-DC468E1D4889}.Deploy-Main|Any CPU.Build.0 = Debug|Any CPU
		{C500A144-E8B6-41C1-8776-DC468E1D4889}.Release|Any CPU.ActiveCfg = Release|Any CPU
		{C500A144-E8B6-41C1-8776-DC468E1D4889}.Release|Any CPU.Build.0 = Release|Any CPU
		{B1AA86AF-1FFA-4D20-B612-D7C119635438}.Debug|Any CPU.ActiveCfg = Debug|Any CPU
		{B1AA86AF-1FFA-4D20-B612-D7C119635438}.Debug|Any CPU.Build.0 = Debug|Any CPU
		{B1AA86AF-1FFA-4D20-B612-D7C119635438}.Deploy-dev|Any CPU.ActiveCfg = Debug|Any CPU
		{B1AA86AF-1FFA-4D20-B612-D7C119635438}.Deploy-dev|Any CPU.Build.0 = Debug|Any CPU
		{B1AA86AF-1FFA-4D20-B612-D7C119635438}.Deploy-devKh|Any CPU.ActiveCfg = Debug|Any CPU
		{B1AA86AF-1FFA-4D20-B612-D7C119635438}.Deploy-devKh|Any CPU.Build.0 = Debug|Any CPU
		{B1AA86AF-1FFA-4D20-B612-D7C119635438}.Deploy-Main|Any CPU.ActiveCfg = Debug|Any CPU
		{B1AA86AF-1FFA-4D20-B612-D7C119635438}.Deploy-Main|Any CPU.Build.0 = Debug|Any CPU
		{B1AA86AF-1FFA-4D20-B612-D7C119635438}.Release|Any CPU.ActiveCfg = Release|Any CPU
		{B1AA86AF-1FFA-4D20-B612-D7C119635438}.Release|Any CPU.Build.0 = Release|Any CPU
		{30BE60C9-980F-40E1-A8FD-C2A5959827D3}.Debug|Any CPU.ActiveCfg = Debug|Any CPU
		{30BE60C9-980F-40E1-A8FD-C2A5959827D3}.Debug|Any CPU.Build.0 = Debug|Any CPU
		{30BE60C9-980F-40E1-A8FD-C2A5959827D3}.Deploy-dev|Any CPU.ActiveCfg = Debug|Any CPU
		{30BE60C9-980F-40E1-A8FD-C2A5959827D3}.Deploy-dev|Any CPU.Build.0 = Debug|Any CPU
		{30BE60C9-980F-40E1-A8FD-C2A5959827D3}.Deploy-devKh|Any CPU.ActiveCfg = Debug|Any CPU
		{30BE60C9-980F-40E1-A8FD-C2A5959827D3}.Deploy-devKh|Any CPU.Build.0 = Debug|Any CPU
		{30BE60C9-980F-40E1-A8FD-C2A5959827D3}.Deploy-Main|Any CPU.ActiveCfg = Debug|Any CPU
		{30BE60C9-980F-40E1-A8FD-C2A5959827D3}.Deploy-Main|Any CPU.Build.0 = Debug|Any CPU
		{30BE60C9-980F-40E1-A8FD-C2A5959827D3}.Release|Any CPU.ActiveCfg = Release|Any CPU
		{30BE60C9-980F-40E1-A8FD-C2A5959827D3}.Release|Any CPU.Build.0 = Release|Any CPU
		{BE8EA87E-8A03-4449-9715-1C5FF5FBDCB5}.Debug|Any CPU.ActiveCfg = Debug|Any CPU
		{BE8EA87E-8A03-4449-9715-1C5FF5FBDCB5}.Debug|Any CPU.Build.0 = Debug|Any CPU
		{BE8EA87E-8A03-4449-9715-1C5FF5FBDCB5}.Debug|Any CPU.Deploy.0 = Debug|Any CPU
		{BE8EA87E-8A03-4449-9715-1C5FF5FBDCB5}.Deploy-dev|Any CPU.ActiveCfg = Debug|Any CPU
		{BE8EA87E-8A03-4449-9715-1C5FF5FBDCB5}.Deploy-dev|Any CPU.Build.0 = Debug|Any CPU
		{BE8EA87E-8A03-4449-9715-1C5FF5FBDCB5}.Deploy-dev|Any CPU.Deploy.0 = Debug|Any CPU
		{BE8EA87E-8A03-4449-9715-1C5FF5FBDCB5}.Deploy-devKh|Any CPU.ActiveCfg = Debug|Any CPU
		{BE8EA87E-8A03-4449-9715-1C5FF5FBDCB5}.Deploy-devKh|Any CPU.Build.0 = Debug|Any CPU
		{BE8EA87E-8A03-4449-9715-1C5FF5FBDCB5}.Deploy-devKh|Any CPU.Deploy.0 = Debug|Any CPU
		{BE8EA87E-8A03-4449-9715-1C5FF5FBDCB5}.Deploy-Main|Any CPU.ActiveCfg = Debug|Any CPU
		{BE8EA87E-8A03-4449-9715-1C5FF5FBDCB5}.Deploy-Main|Any CPU.Build.0 = Debug|Any CPU
		{BE8EA87E-8A03-4449-9715-1C5FF5FBDCB5}.Deploy-Main|Any CPU.Deploy.0 = Debug|Any CPU
		{BE8EA87E-8A03-4449-9715-1C5FF5FBDCB5}.Release|Any CPU.ActiveCfg = Release|Any CPU
		{BE8EA87E-8A03-4449-9715-1C5FF5FBDCB5}.Release|Any CPU.Build.0 = Release|Any CPU
		{BE8EA87E-8A03-4449-9715-1C5FF5FBDCB5}.Release|Any CPU.Deploy.0 = Release|Any CPU
		{F031C01E-7159-4ABC-A77C-0CE3930BE187}.Debug|Any CPU.ActiveCfg = Debug|Any CPU
		{F031C01E-7159-4ABC-A77C-0CE3930BE187}.Debug|Any CPU.Build.0 = Debug|Any CPU
		{F031C01E-7159-4ABC-A77C-0CE3930BE187}.Deploy-dev|Any CPU.ActiveCfg = Debug|Any CPU
		{F031C01E-7159-4ABC-A77C-0CE3930BE187}.Deploy-dev|Any CPU.Build.0 = Debug|Any CPU
		{F031C01E-7159-4ABC-A77C-0CE3930BE187}.Deploy-devKh|Any CPU.ActiveCfg = Debug|Any CPU
		{F031C01E-7159-4ABC-A77C-0CE3930BE187}.Deploy-devKh|Any CPU.Build.0 = Debug|Any CPU
		{F031C01E-7159-4ABC-A77C-0CE3930BE187}.Deploy-Main|Any CPU.ActiveCfg = Debug|Any CPU
		{F031C01E-7159-4ABC-A77C-0CE3930BE187}.Deploy-Main|Any CPU.Build.0 = Debug|Any CPU
		{F031C01E-7159-4ABC-A77C-0CE3930BE187}.Release|Any CPU.ActiveCfg = Release|Any CPU
		{F031C01E-7159-4ABC-A77C-0CE3930BE187}.Release|Any CPU.Build.0 = Release|Any CPU
		{15F83817-1405-42FE-B0B4-9A663851CC98}.Debug|Any CPU.ActiveCfg = Debug|Any CPU
		{15F83817-1405-42FE-B0B4-9A663851CC98}.Debug|Any CPU.Build.0 = Debug|Any CPU
		{15F83817-1405-42FE-B0B4-9A663851CC98}.Debug|Any CPU.Deploy.0 = Debug|Any CPU
		{15F83817-1405-42FE-B0B4-9A663851CC98}.Deploy-dev|Any CPU.ActiveCfg = Debug|Any CPU
		{15F83817-1405-42FE-B0B4-9A663851CC98}.Deploy-dev|Any CPU.Build.0 = Debug|Any CPU
		{15F83817-1405-42FE-B0B4-9A663851CC98}.Deploy-dev|Any CPU.Deploy.0 = Debug|Any CPU
		{15F83817-1405-42FE-B0B4-9A663851CC98}.Deploy-devKh|Any CPU.ActiveCfg = Debug|Any CPU
		{15F83817-1405-42FE-B0B4-9A663851CC98}.Deploy-devKh|Any CPU.Build.0 = Debug|Any CPU
		{15F83817-1405-42FE-B0B4-9A663851CC98}.Deploy-devKh|Any CPU.Deploy.0 = Debug|Any CPU
		{15F83817-1405-42FE-B0B4-9A663851CC98}.Deploy-Main|Any CPU.ActiveCfg = Debug|Any CPU
		{15F83817-1405-42FE-B0B4-9A663851CC98}.Deploy-Main|Any CPU.Build.0 = Debug|Any CPU
		{15F83817-1405-42FE-B0B4-9A663851CC98}.Deploy-Main|Any CPU.Deploy.0 = Debug|Any CPU
		{15F83817-1405-42FE-B0B4-9A663851CC98}.Release|Any CPU.ActiveCfg = Release|Any CPU
		{15F83817-1405-42FE-B0B4-9A663851CC98}.Release|Any CPU.Build.0 = Release|Any CPU
		{15F83817-1405-42FE-B0B4-9A663851CC98}.Release|Any CPU.Deploy.0 = Release|Any CPU
		{6B9B6AB7-8858-49A3-A44A-4B56EE31C12C}.Debug|Any CPU.ActiveCfg = Debug|Any CPU
		{6B9B6AB7-8858-49A3-A44A-4B56EE31C12C}.Debug|Any CPU.Build.0 = Debug|Any CPU
		{6B9B6AB7-8858-49A3-A44A-4B56EE31C12C}.Deploy-dev|Any CPU.ActiveCfg = Debug|Any CPU
		{6B9B6AB7-8858-49A3-A44A-4B56EE31C12C}.Deploy-dev|Any CPU.Build.0 = Debug|Any CPU
		{6B9B6AB7-8858-49A3-A44A-4B56EE31C12C}.Deploy-devKh|Any CPU.ActiveCfg = Debug|Any CPU
		{6B9B6AB7-8858-49A3-A44A-4B56EE31C12C}.Deploy-devKh|Any CPU.Build.0 = Debug|Any CPU
		{6B9B6AB7-8858-49A3-A44A-4B56EE31C12C}.Deploy-Main|Any CPU.ActiveCfg = Debug|Any CPU
		{6B9B6AB7-8858-49A3-A44A-4B56EE31C12C}.Deploy-Main|Any CPU.Build.0 = Debug|Any CPU
		{6B9B6AB7-8858-49A3-A44A-4B56EE31C12C}.Release|Any CPU.ActiveCfg = Release|Any CPU
		{6B9B6AB7-8858-49A3-A44A-4B56EE31C12C}.Release|Any CPU.Build.0 = Release|Any CPU
		{DC128FDF-0F94-4B63-B79E-DDD02E5E1F0F}.Debug|Any CPU.ActiveCfg = Debug|Any CPU
		{DC128FDF-0F94-4B63-B79E-DDD02E5E1F0F}.Debug|Any CPU.Build.0 = Debug|Any CPU
		{DC128FDF-0F94-4B63-B79E-DDD02E5E1F0F}.Deploy-dev|Any CPU.ActiveCfg = Debug|Any CPU
		{DC128FDF-0F94-4B63-B79E-DDD02E5E1F0F}.Deploy-dev|Any CPU.Build.0 = Debug|Any CPU
		{DC128FDF-0F94-4B63-B79E-DDD02E5E1F0F}.Deploy-devKh|Any CPU.ActiveCfg = Debug|Any CPU
		{DC128FDF-0F94-4B63-B79E-DDD02E5E1F0F}.Deploy-devKh|Any CPU.Build.0 = Debug|Any CPU
		{DC128FDF-0F94-4B63-B79E-DDD02E5E1F0F}.Deploy-Main|Any CPU.ActiveCfg = Debug|Any CPU
		{DC128FDF-0F94-4B63-B79E-DDD02E5E1F0F}.Deploy-Main|Any CPU.Build.0 = Debug|Any CPU
		{DC128FDF-0F94-4B63-B79E-DDD02E5E1F0F}.Release|Any CPU.ActiveCfg = Release|Any CPU
		{DC128FDF-0F94-4B63-B79E-DDD02E5E1F0F}.Release|Any CPU.Build.0 = Release|Any CPU
		{2DA6C60D-CB06-40B4-91AF-A903451E3DB4}.Debug|Any CPU.ActiveCfg = Debug|Any CPU
		{2DA6C60D-CB06-40B4-91AF-A903451E3DB4}.Debug|Any CPU.Build.0 = Debug|Any CPU
		{2DA6C60D-CB06-40B4-91AF-A903451E3DB4}.Deploy-dev|Any CPU.ActiveCfg = Debug|Any CPU
		{2DA6C60D-CB06-40B4-91AF-A903451E3DB4}.Deploy-dev|Any CPU.Build.0 = Debug|Any CPU
		{2DA6C60D-CB06-40B4-91AF-A903451E3DB4}.Deploy-devKh|Any CPU.ActiveCfg = Debug|Any CPU
		{2DA6C60D-CB06-40B4-91AF-A903451E3DB4}.Deploy-devKh|Any CPU.Build.0 = Debug|Any CPU
		{2DA6C60D-CB06-40B4-91AF-A903451E3DB4}.Deploy-Main|Any CPU.ActiveCfg = Debug|Any CPU
		{2DA6C60D-CB06-40B4-91AF-A903451E3DB4}.Deploy-Main|Any CPU.Build.0 = Debug|Any CPU
		{2DA6C60D-CB06-40B4-91AF-A903451E3DB4}.Release|Any CPU.ActiveCfg = Release|Any CPU
		{2DA6C60D-CB06-40B4-91AF-A903451E3DB4}.Release|Any CPU.Build.0 = Release|Any CPU
		{1A39EA94-3A3C-4C3C-8DC5-AF21268A3C1B}.Debug|Any CPU.ActiveCfg = Debug|Any CPU
		{1A39EA94-3A3C-4C3C-8DC5-AF21268A3C1B}.Debug|Any CPU.Build.0 = Debug|Any CPU
		{1A39EA94-3A3C-4C3C-8DC5-AF21268A3C1B}.Deploy-dev|Any CPU.ActiveCfg = Debug|Any CPU
		{1A39EA94-3A3C-4C3C-8DC5-AF21268A3C1B}.Deploy-dev|Any CPU.Build.0 = Debug|Any CPU
		{1A39EA94-3A3C-4C3C-8DC5-AF21268A3C1B}.Deploy-devKh|Any CPU.ActiveCfg = Debug|Any CPU
		{1A39EA94-3A3C-4C3C-8DC5-AF21268A3C1B}.Deploy-devKh|Any CPU.Build.0 = Debug|Any CPU
		{1A39EA94-3A3C-4C3C-8DC5-AF21268A3C1B}.Deploy-Main|Any CPU.ActiveCfg = Debug|Any CPU
		{1A39EA94-3A3C-4C3C-8DC5-AF21268A3C1B}.Deploy-Main|Any CPU.Build.0 = Debug|Any CPU
		{1A39EA94-3A3C-4C3C-8DC5-AF21268A3C1B}.Release|Any CPU.ActiveCfg = Release|Any CPU
		{1A39EA94-3A3C-4C3C-8DC5-AF21268A3C1B}.Release|Any CPU.Build.0 = Release|Any CPU
		{E21BC003-84B5-41BE-928C-75874418ACD2}.Debug|Any CPU.ActiveCfg = Debug|Any CPU
		{E21BC003-84B5-41BE-928C-75874418ACD2}.Debug|Any CPU.Build.0 = Debug|Any CPU
		{E21BC003-84B5-41BE-928C-75874418ACD2}.Deploy-dev|Any CPU.ActiveCfg = Debug|Any CPU
		{E21BC003-84B5-41BE-928C-75874418ACD2}.Deploy-dev|Any CPU.Build.0 = Debug|Any CPU
		{E21BC003-84B5-41BE-928C-75874418ACD2}.Deploy-devKh|Any CPU.ActiveCfg = Debug|Any CPU
		{E21BC003-84B5-41BE-928C-75874418ACD2}.Deploy-devKh|Any CPU.Build.0 = Debug|Any CPU
		{E21BC003-84B5-41BE-928C-75874418ACD2}.Deploy-Main|Any CPU.ActiveCfg = Debug|Any CPU
		{E21BC003-84B5-41BE-928C-75874418ACD2}.Deploy-Main|Any CPU.Build.0 = Debug|Any CPU
		{E21BC003-84B5-41BE-928C-75874418ACD2}.Release|Any CPU.ActiveCfg = Release|Any CPU
		{E21BC003-84B5-41BE-928C-75874418ACD2}.Release|Any CPU.Build.0 = Release|Any CPU
		{ED790AED-465E-4787-A9A3-8380229E0470}.Debug|Any CPU.ActiveCfg = Debug|Any CPU
		{ED790AED-465E-4787-A9A3-8380229E0470}.Debug|Any CPU.Build.0 = Debug|Any CPU
		{ED790AED-465E-4787-A9A3-8380229E0470}.Deploy-dev|Any CPU.ActiveCfg = Debug|Any CPU
		{ED790AED-465E-4787-A9A3-8380229E0470}.Deploy-dev|Any CPU.Build.0 = Debug|Any CPU
		{ED790AED-465E-4787-A9A3-8380229E0470}.Deploy-devKh|Any CPU.ActiveCfg = Debug|Any CPU
		{ED790AED-465E-4787-A9A3-8380229E0470}.Deploy-devKh|Any CPU.Build.0 = Debug|Any CPU
		{ED790AED-465E-4787-A9A3-8380229E0470}.Deploy-Main|Any CPU.ActiveCfg = Debug|Any CPU
		{ED790AED-465E-4787-A9A3-8380229E0470}.Deploy-Main|Any CPU.Build.0 = Debug|Any CPU
		{ED790AED-465E-4787-A9A3-8380229E0470}.Release|Any CPU.ActiveCfg = Release|Any CPU
		{ED790AED-465E-4787-A9A3-8380229E0470}.Release|Any CPU.Build.0 = Release|Any CPU
	EndGlobalSection
	GlobalSection(SolutionProperties) = preSolution
		HideSolutionNode = FALSE
	EndGlobalSection
	GlobalSection(NestedProjects) = preSolution
		{AA90754B-CA47-429E-BDC8-2A83E94179B7} = {5E71E49B-22B9-403A-9429-C1EECAC64089}
		{50E98525-806C-41E3-9366-D36B1CD936D0} = {5E71E49B-22B9-403A-9429-C1EECAC64089}
		{C71E88E7-10A1-40FB-A789-E1FF2F0687D4} = {5E71E49B-22B9-403A-9429-C1EECAC64089}
		{FD52AF46-2A79-4CA1-BFC0-FA4BB95C1A87} = {5E71E49B-22B9-403A-9429-C1EECAC64089}
		{5F014003-50D8-49E0-8AFE-91D38DCCC97C} = {5E71E49B-22B9-403A-9429-C1EECAC64089}
		{F8E5E800-F842-4F84-A0C6-B3E1E5DB2BB4} = {5E71E49B-22B9-403A-9429-C1EECAC64089}
		{8332BCD2-DC58-466E-8D80-5BCB1FACCD6C} = {5E71E49B-22B9-403A-9429-C1EECAC64089}
		{ABD380D9-B4F3-410F-AF37-3635B6C5449C} = {5E71E49B-22B9-403A-9429-C1EECAC64089}
		{7598C70B-5772-4ED5-81DE-C0D7718BC164} = {5E71E49B-22B9-403A-9429-C1EECAC64089}
		{2719C23D-0A12-4E5B-B4DC-99CDBF413937} = {5E71E49B-22B9-403A-9429-C1EECAC64089}
		{01F84441-80D3-49B4-AB18-96894ACB2F90} = {5E71E49B-22B9-403A-9429-C1EECAC64089}
		{F0476C33-6F4F-4524-9CEA-37E87D55E67E} = {8A5C980E-E845-4EC9-A2B7-17539680186B}
		{FC6CE152-DDAE-4F56-91EB-7389A79386F2} = {8A5C980E-E845-4EC9-A2B7-17539680186B}
		{DC07E0FF-CCA1-49BE-AB98-C4AA9D164F6B} = {8A5C980E-E845-4EC9-A2B7-17539680186B}
		{94FEE368-8408-43CC-97F4-874D5DF41EE1} = {8A5C980E-E845-4EC9-A2B7-17539680186B}
		{F48BEA82-A834-40A1-A3E3-EE7E9969ACB7} = {8A5C980E-E845-4EC9-A2B7-17539680186B}
		{1B9537F5-8650-467A-A280-DF6EA396D6C5} = {8A5C980E-E845-4EC9-A2B7-17539680186B}
		{C500A144-E8B6-41C1-8776-DC468E1D4889} = {8A5C980E-E845-4EC9-A2B7-17539680186B}
		{B1AA86AF-1FFA-4D20-B612-D7C119635438} = {8A5C980E-E845-4EC9-A2B7-17539680186B}
		{30BE60C9-980F-40E1-A8FD-C2A5959827D3} = {8A5C980E-E845-4EC9-A2B7-17539680186B}
		{BE8EA87E-8A03-4449-9715-1C5FF5FBDCB5} = {8A5C980E-E845-4EC9-A2B7-17539680186B}
		{15F83817-1405-42FE-B0B4-9A663851CC98} = {8A5C980E-E845-4EC9-A2B7-17539680186B}
		{6B9B6AB7-8858-49A3-A44A-4B56EE31C12C} = {8A5C980E-E845-4EC9-A2B7-17539680186B}
		{904EFC64-D88F-4776-A26A-E24A23E2C4A2} = {8A5C980E-E845-4EC9-A2B7-17539680186B}
		{ED790AED-465E-4787-A9A3-8380229E0470} = {8A5C980E-E845-4EC9-A2B7-17539680186B}
		{7E10B3F0-F646-43E1-A301-04FB8FE7B81B} = {DC07E0FF-CCA1-49BE-AB98-C4AA9D164F6B}
		{26327C81-7655-443D-9E04-443AC07BD6CC} = {DC07E0FF-CCA1-49BE-AB98-C4AA9D164F6B}
		{667B05AE-CF79-4A4B-B9F8-DCC0999A729B} = {DC07E0FF-CCA1-49BE-AB98-C4AA9D164F6B}
		{F031C01E-7159-4ABC-A77C-0CE3930BE187} = {DC07E0FF-CCA1-49BE-AB98-C4AA9D164F6B}
		{E6C3413C-919B-486D-8B6C-225CBD921B98} = {F48BEA82-A834-40A1-A3E3-EE7E9969ACB7}
		{8237C4D5-6F0E-4DE4-B145-F471D49EBAAC} = {F48BEA82-A834-40A1-A3E3-EE7E9969ACB7}
		{2DA6C60D-CB06-40B4-91AF-A903451E3DB4} = {F48BEA82-A834-40A1-A3E3-EE7E9969ACB7}
		{DC128FDF-0F94-4B63-B79E-DDD02E5E1F0F} = {904EFC64-D88F-4776-A26A-E24A23E2C4A2}
		{1A39EA94-3A3C-4C3C-8DC5-AF21268A3C1B} = {904EFC64-D88F-4776-A26A-E24A23E2C4A2}
		{E21BC003-84B5-41BE-928C-75874418ACD2} = {904EFC64-D88F-4776-A26A-E24A23E2C4A2}
	EndGlobalSection
EndGlobal
